// !$*UTF8*$!
{
	archiveVersion = 1;
	classes = {
	};
	objectVersion = 56;
	objects = {

/* Begin PBXBuildFile section */
		B50CD6102D838B6100A02643 /* BettingService.swift in Sources */ = {isa = PBXBuildFile; fileRef = B50CD60F2D838B5300A02643 /* BettingService.swift */; };
		B533F8462D307D1F00EC9B27 /* GoogleService-Info.plist in Resources */ = {isa = PBXBuildFile; fileRef = B533F8452D307D1F00EC9B27 /* GoogleService-Info.plist */; };
		B533F8482D307E6300EC9B27 /* FirebaseAnalytics in Frameworks */ = {isa = PBXBuildFile; productRef = B533F8472D307E6300EC9B27 /* FirebaseAnalytics */; };
		B533F84A2D307E6300EC9B27 /* FirebaseAnalyticsOnDeviceConversion in Frameworks */ = {isa = PBXBuildFile; productRef = B533F8492D307E6300EC9B27 /* FirebaseAnalyticsOnDeviceConversion */; };
		B533F84C2D307E6300EC9B27 /* FirebaseAnalyticsWithoutAdIdSupport in Frameworks */ = {isa = PBXBuildFile; productRef = B533F84B2D307E6300EC9B27 /* FirebaseAnalyticsWithoutAdIdSupport */; };
		B533F84E2D307E6300EC9B27 /* FirebaseAppCheck in Frameworks */ = {isa = PBXBuildFile; productRef = B533F84D2D307E6300EC9B27 /* FirebaseAppCheck */; };
		B533F8502D307E6300EC9B27 /* FirebaseAppDistribution-Beta in Frameworks */ = {isa = PBXBuildFile; productRef = B533F84F2D307E6300EC9B27 /* FirebaseAppDistribution-Beta */; };
		B533F8522D307E6300EC9B27 /* FirebaseAuth in Frameworks */ = {isa = PBXBuildFile; productRef = B533F8512D307E6300EC9B27 /* FirebaseAuth */; };
		B533F8542D307E6300EC9B27 /* FirebaseAuthCombine-Community in Frameworks */ = {isa = PBXBuildFile; productRef = B533F8532D307E6300EC9B27 /* FirebaseAuthCombine-Community */; };
		B533F8562D307E6300EC9B27 /* FirebaseCore in Frameworks */ = {isa = PBXBuildFile; productRef = B533F8552D307E6300EC9B27 /* FirebaseCore */; };
		B533F8582D307E6300EC9B27 /* FirebaseCrashlytics in Frameworks */ = {isa = PBXBuildFile; productRef = B533F8572D307E6300EC9B27 /* FirebaseCrashlytics */; };
		B533F85A2D307E6300EC9B27 /* FirebaseDatabase in Frameworks */ = {isa = PBXBuildFile; productRef = B533F8592D307E6300EC9B27 /* FirebaseDatabase */; };
		B533F85C2D307E6300EC9B27 /* FirebaseDynamicLinks in Frameworks */ = {isa = PBXBuildFile; productRef = B533F85B2D307E6300EC9B27 /* FirebaseDynamicLinks */; };
		B533F85E2D307E6300EC9B27 /* FirebaseFirestore in Frameworks */ = {isa = PBXBuildFile; productRef = B533F85D2D307E6300EC9B27 /* FirebaseFirestore */; };
		B533F8602D307E6300EC9B27 /* FirebaseFirestoreCombine-Community in Frameworks */ = {isa = PBXBuildFile; productRef = B533F85F2D307E6300EC9B27 /* FirebaseFirestoreCombine-Community */; };
		B533F8622D307E6300EC9B27 /* FirebaseFunctions in Frameworks */ = {isa = PBXBuildFile; productRef = B533F8612D307E6300EC9B27 /* FirebaseFunctions */; };
		B533F8642D307E6300EC9B27 /* FirebaseFunctionsCombine-Community in Frameworks */ = {isa = PBXBuildFile; productRef = B533F8632D307E6300EC9B27 /* FirebaseFunctionsCombine-Community */; };
		B533F8662D307E6300EC9B27 /* FirebaseInAppMessaging-Beta in Frameworks */ = {isa = PBXBuildFile; productRef = B533F8652D307E6300EC9B27 /* FirebaseInAppMessaging-Beta */; };
		B533F8682D307E6300EC9B27 /* FirebaseInstallations in Frameworks */ = {isa = PBXBuildFile; productRef = B533F8672D307E6300EC9B27 /* FirebaseInstallations */; };
		B533F86A2D307E6300EC9B27 /* FirebaseMLModelDownloader in Frameworks */ = {isa = PBXBuildFile; productRef = B533F8692D307E6300EC9B27 /* FirebaseMLModelDownloader */; };
		B533F86C2D307E6300EC9B27 /* FirebaseMessaging in Frameworks */ = {isa = PBXBuildFile; productRef = B533F86B2D307E6300EC9B27 /* FirebaseMessaging */; };
		B533F86E2D307E6300EC9B27 /* FirebasePerformance in Frameworks */ = {isa = PBXBuildFile; productRef = B533F86D2D307E6300EC9B27 /* FirebasePerformance */; };
		B533F8702D307E6300EC9B27 /* FirebaseRemoteConfig in Frameworks */ = {isa = PBXBuildFile; productRef = B533F86F2D307E6300EC9B27 /* FirebaseRemoteConfig */; };
		B533F8722D307E6300EC9B27 /* FirebaseStorage in Frameworks */ = {isa = PBXBuildFile; productRef = B533F8712D307E6300EC9B27 /* FirebaseStorage */; };
		B533F8742D307E6300EC9B27 /* FirebaseStorageCombine-Community in Frameworks */ = {isa = PBXBuildFile; productRef = B533F8732D307E6300EC9B27 /* FirebaseStorageCombine-Community */; };
		B533F8762D307E6300EC9B27 /* FirebaseVertexAI-Preview in Frameworks */ = {isa = PBXBuildFile; productRef = B533F8752D307E6300EC9B27 /* FirebaseVertexAI-Preview */; };
		B533F8792D309CD300EC9B27 /* FirebaseAnalytics in Frameworks */ = {isa = PBXBuildFile; productRef = B533F8782D309CD300EC9B27 /* FirebaseAnalytics */; };
		B533F87B2D309CD300EC9B27 /* FirebaseAnalyticsOnDeviceConversion in Frameworks */ = {isa = PBXBuildFile; productRef = B533F87A2D309CD300EC9B27 /* FirebaseAnalyticsOnDeviceConversion */; };
		B533F87D2D309CD300EC9B27 /* FirebaseAnalyticsWithoutAdIdSupport in Frameworks */ = {isa = PBXBuildFile; productRef = B533F87C2D309CD300EC9B27 /* FirebaseAnalyticsWithoutAdIdSupport */; };
		B533F87F2D309CD300EC9B27 /* FirebaseAppCheck in Frameworks */ = {isa = PBXBuildFile; productRef = B533F87E2D309CD300EC9B27 /* FirebaseAppCheck */; };
		B533F8812D309CD300EC9B27 /* FirebaseAppDistribution-Beta in Frameworks */ = {isa = PBXBuildFile; productRef = B533F8802D309CD300EC9B27 /* FirebaseAppDistribution-Beta */; };
		B533F8832D309CD300EC9B27 /* FirebaseAuth in Frameworks */ = {isa = PBXBuildFile; productRef = B533F8822D309CD300EC9B27 /* FirebaseAuth */; };
		B533F8852D309CD300EC9B27 /* FirebaseAuthCombine-Community in Frameworks */ = {isa = PBXBuildFile; productRef = B533F8842D309CD300EC9B27 /* FirebaseAuthCombine-Community */; };
		B533F8872D309CD300EC9B27 /* FirebaseCore in Frameworks */ = {isa = PBXBuildFile; productRef = B533F8862D309CD300EC9B27 /* FirebaseCore */; };
		B533F8892D309CD300EC9B27 /* FirebaseCrashlytics in Frameworks */ = {isa = PBXBuildFile; productRef = B533F8882D309CD300EC9B27 /* FirebaseCrashlytics */; };
		B533F88B2D309CD300EC9B27 /* FirebaseDatabase in Frameworks */ = {isa = PBXBuildFile; productRef = B533F88A2D309CD300EC9B27 /* FirebaseDatabase */; };
		B533F88D2D309CD300EC9B27 /* FirebaseDynamicLinks in Frameworks */ = {isa = PBXBuildFile; productRef = B533F88C2D309CD300EC9B27 /* FirebaseDynamicLinks */; };
		B533F88F2D309CD300EC9B27 /* FirebaseFirestore in Frameworks */ = {isa = PBXBuildFile; productRef = B533F88E2D309CD300EC9B27 /* FirebaseFirestore */; };
		B533F8912D309CD300EC9B27 /* FirebaseFirestoreCombine-Community in Frameworks */ = {isa = PBXBuildFile; productRef = B533F8902D309CD300EC9B27 /* FirebaseFirestoreCombine-Community */; };
		B533F8932D309CD300EC9B27 /* FirebaseFunctions in Frameworks */ = {isa = PBXBuildFile; productRef = B533F8922D309CD300EC9B27 /* FirebaseFunctions */; };
		B533F8952D309CD300EC9B27 /* FirebaseFunctionsCombine-Community in Frameworks */ = {isa = PBXBuildFile; productRef = B533F8942D309CD300EC9B27 /* FirebaseFunctionsCombine-Community */; };
		B533F8972D309CD300EC9B27 /* FirebaseInAppMessaging-Beta in Frameworks */ = {isa = PBXBuildFile; productRef = B533F8962D309CD300EC9B27 /* FirebaseInAppMessaging-Beta */; };
		B533F8992D309CD300EC9B27 /* FirebaseInstallations in Frameworks */ = {isa = PBXBuildFile; productRef = B533F8982D309CD300EC9B27 /* FirebaseInstallations */; };
		B533F89B2D309CD300EC9B27 /* FirebaseMLModelDownloader in Frameworks */ = {isa = PBXBuildFile; productRef = B533F89A2D309CD300EC9B27 /* FirebaseMLModelDownloader */; };
		B533F89D2D309CD300EC9B27 /* FirebaseMessaging in Frameworks */ = {isa = PBXBuildFile; productRef = B533F89C2D309CD300EC9B27 /* FirebaseMessaging */; };
		B533F89F2D309CD300EC9B27 /* FirebasePerformance in Frameworks */ = {isa = PBXBuildFile; productRef = B533F89E2D309CD300EC9B27 /* FirebasePerformance */; };
		B533F8A12D309CD300EC9B27 /* FirebaseRemoteConfig in Frameworks */ = {isa = PBXBuildFile; productRef = B533F8A02D309CD300EC9B27 /* FirebaseRemoteConfig */; };
		B533F8A32D309CD300EC9B27 /* FirebaseStorage in Frameworks */ = {isa = PBXBuildFile; productRef = B533F8A22D309CD300EC9B27 /* FirebaseStorage */; };
		B533F8A52D309CD300EC9B27 /* FirebaseStorageCombine-Community in Frameworks */ = {isa = PBXBuildFile; productRef = B533F8A42D309CD300EC9B27 /* FirebaseStorageCombine-Community */; };
		B533F8A72D309CD300EC9B27 /* FirebaseVertexAI-Preview in Frameworks */ = {isa = PBXBuildFile; productRef = B533F8A62D309CD300EC9B27 /* FirebaseVertexAI-Preview */; };
		B533F8A92D309F1600EC9B27 /* FirebaseAnalytics in Frameworks */ = {isa = PBXBuildFile; productRef = B533F8A82D309F1600EC9B27 /* FirebaseAnalytics */; };
		B533F8AB2D309F1600EC9B27 /* FirebaseAnalyticsOnDeviceConversion in Frameworks */ = {isa = PBXBuildFile; productRef = B533F8AA2D309F1600EC9B27 /* FirebaseAnalyticsOnDeviceConversion */; };
		B533F8AD2D309F1600EC9B27 /* FirebaseAnalyticsWithoutAdIdSupport in Frameworks */ = {isa = PBXBuildFile; productRef = B533F8AC2D309F1600EC9B27 /* FirebaseAnalyticsWithoutAdIdSupport */; };
		B533F8AF2D309F1600EC9B27 /* FirebaseAppCheck in Frameworks */ = {isa = PBXBuildFile; productRef = B533F8AE2D309F1600EC9B27 /* FirebaseAppCheck */; };
		B533F8B12D309F1600EC9B27 /* FirebaseAppDistribution-Beta in Frameworks */ = {isa = PBXBuildFile; productRef = B533F8B02D309F1600EC9B27 /* FirebaseAppDistribution-Beta */; };
		B533F8B32D309F1600EC9B27 /* FirebaseAuth in Frameworks */ = {isa = PBXBuildFile; productRef = B533F8B22D309F1600EC9B27 /* FirebaseAuth */; };
		B533F8B52D309F1600EC9B27 /* FirebaseAuthCombine-Community in Frameworks */ = {isa = PBXBuildFile; productRef = B533F8B42D309F1600EC9B27 /* FirebaseAuthCombine-Community */; };
		B533F8B72D309F1600EC9B27 /* FirebaseCore in Frameworks */ = {isa = PBXBuildFile; productRef = B533F8B62D309F1600EC9B27 /* FirebaseCore */; };
		B533F8B92D309F1600EC9B27 /* FirebaseCrashlytics in Frameworks */ = {isa = PBXBuildFile; productRef = B533F8B82D309F1600EC9B27 /* FirebaseCrashlytics */; };
		B533F8BB2D309F1600EC9B27 /* FirebaseDatabase in Frameworks */ = {isa = PBXBuildFile; productRef = B533F8BA2D309F1600EC9B27 /* FirebaseDatabase */; };
		B533F8BD2D309F1600EC9B27 /* FirebaseDynamicLinks in Frameworks */ = {isa = PBXBuildFile; productRef = B533F8BC2D309F1600EC9B27 /* FirebaseDynamicLinks */; };
		B533F8BF2D309F1600EC9B27 /* FirebaseFirestore in Frameworks */ = {isa = PBXBuildFile; productRef = B533F8BE2D309F1600EC9B27 /* FirebaseFirestore */; };
		B533F8C12D309F1600EC9B27 /* FirebaseFirestoreCombine-Community in Frameworks */ = {isa = PBXBuildFile; productRef = B533F8C02D309F1600EC9B27 /* FirebaseFirestoreCombine-Community */; };
		B533F8C32D309F1600EC9B27 /* FirebaseFunctions in Frameworks */ = {isa = PBXBuildFile; productRef = B533F8C22D309F1600EC9B27 /* FirebaseFunctions */; };
		B533F8C52D309F1600EC9B27 /* FirebaseFunctionsCombine-Community in Frameworks */ = {isa = PBXBuildFile; productRef = B533F8C42D309F1600EC9B27 /* FirebaseFunctionsCombine-Community */; };
		B533F8C72D309F1600EC9B27 /* FirebaseInAppMessaging-Beta in Frameworks */ = {isa = PBXBuildFile; productRef = B533F8C62D309F1600EC9B27 /* FirebaseInAppMessaging-Beta */; };
		B533F8C92D309F1600EC9B27 /* FirebaseInstallations in Frameworks */ = {isa = PBXBuildFile; productRef = B533F8C82D309F1600EC9B27 /* FirebaseInstallations */; };
		B533F8CB2D309F1600EC9B27 /* FirebaseMLModelDownloader in Frameworks */ = {isa = PBXBuildFile; productRef = B533F8CA2D309F1600EC9B27 /* FirebaseMLModelDownloader */; };
		B533F8CD2D309F1600EC9B27 /* FirebaseMessaging in Frameworks */ = {isa = PBXBuildFile; productRef = B533F8CC2D309F1600EC9B27 /* FirebaseMessaging */; };
		B533F8CF2D309F1600EC9B27 /* FirebasePerformance in Frameworks */ = {isa = PBXBuildFile; productRef = B533F8CE2D309F1600EC9B27 /* FirebasePerformance */; };
		B533F8D12D309F1600EC9B27 /* FirebaseRemoteConfig in Frameworks */ = {isa = PBXBuildFile; productRef = B533F8D02D309F1600EC9B27 /* FirebaseRemoteConfig */; };
		B533F8D32D309F1600EC9B27 /* FirebaseStorage in Frameworks */ = {isa = PBXBuildFile; productRef = B533F8D22D309F1600EC9B27 /* FirebaseStorage */; };
		B533F8D52D309F1600EC9B27 /* FirebaseStorageCombine-Community in Frameworks */ = {isa = PBXBuildFile; productRef = B533F8D42D309F1600EC9B27 /* FirebaseStorageCombine-Community */; };
		B533F8D72D309F1600EC9B27 /* FirebaseVertexAI-Preview in Frameworks */ = {isa = PBXBuildFile; productRef = B533F8D62D309F1600EC9B27 /* FirebaseVertexAI-Preview */; };
		B541F6872D53732B00A40B73 /* Banner.swift in Sources */ = {isa = PBXBuildFile; fileRef = B541F6862D53732000A40B73 /* Banner.swift */; };
		B575E8012D6E9A1A00D2140E /* TabSelection.swift in Sources */ = {isa = PBXBuildFile; fileRef = B575E8002D6E9A0D00D2140E /* TabSelection.swift */; };
		B575E8032D6E9E5E00D2140E /* AppErrors.swift in Sources */ = {isa = PBXBuildFile; fileRef = B575E8022D6E9E5B00D2140E /* AppErrors.swift */; };
		B575E8072D6EBA7700D2140E /* BetRepository.swift in Sources */ = {isa = PBXBuildFile; fileRef = B575E8062D6EBA5C00D2140E /* BetRepository.swift */; };
		B5A198612D52D1DF00619045 /* SlipNumberButton.swift in Sources */ = {isa = PBXBuildFile; fileRef = B5A198602D52D1DF00619045 /* SlipNumberButton.swift */; };
		B5B9BF992D97BCC00046955F /* LoggerService.swift in Sources */ = {isa = PBXBuildFile; fileRef = B5B9BF982D97BCBC0046955F /* LoggerService.swift */; };
		B5C044782D30C84200590CD9 /* ProfileRepository.swift in Sources */ = {isa = PBXBuildFile; fileRef = B5C044772D30C83700590CD9 /* ProfileRepository.swift */; };
		B5DA45522D82A1110016EBB1 /* BetSlip.swift in Sources */ = {isa = PBXBuildFile; fileRef = B5DA45512D82A1030016EBB1 /* BetSlip.swift */; };
		F008388C2CD2EEB10004D97B /* Sport.swift in Sources */ = {isa = PBXBuildFile; fileRef = F008388B2CD2EDF30004D97B /* Sport.swift */; };
		F00CB7052C9CF439003D70E3 /* HomeView.swift in Sources */ = {isa = PBXBuildFile; fileRef = F00CB7042C9CF430003D70E3 /* HomeView.swift */; };
		F00CB7072C9CF484003D70E3 /* BetView.swift in Sources */ = {isa = PBXBuildFile; fileRef = F00CB7062C9CF47F003D70E3 /* BetView.swift */; };
		F00CB7092C9CF4B4003D70E3 /* EventsView.swift in Sources */ = {isa = PBXBuildFile; fileRef = F00CB7082C9CF4AF003D70E3 /* EventsView.swift */; };
		F00CB70B2C9CF51E003D70E3 /* StatisticsView.swift in Sources */ = {isa = PBXBuildFile; fileRef = F00CB70A2C9CF51A003D70E3 /* StatisticsView.swift */; };
		F00CB70E2C9CF74E003D70E3 /* LoginView.swift in Sources */ = {isa = PBXBuildFile; fileRef = F00CB70D2C9CF747003D70E3 /* LoginView.swift */; };
		F00CB7102C9CF7BD003D70E3 /* RegisterView.swift in Sources */ = {isa = PBXBuildFile; fileRef = F00CB70F2C9CF7AB003D70E3 /* RegisterView.swift */; };
		F00CB7162C9E480D003D70E3 /* SplashView.swift in Sources */ = {isa = PBXBuildFile; fileRef = F00CB7152C9E47FC003D70E3 /* SplashView.swift */; };
		F01DD55C2CCDCECF001176A2 /* Bet.swift in Sources */ = {isa = PBXBuildFile; fileRef = F01DD55B2CCDCECB001176A2 /* Bet.swift */; };
		F01DD55E2CCDD485001176A2 /* BetSlipRow.swift in Sources */ = {isa = PBXBuildFile; fileRef = F01DD55D2CCDD479001176A2 /* BetSlipRow.swift */; };
		F04217992CD2702900BEA19B /* CustomTabBar.swift in Sources */ = {isa = PBXBuildFile; fileRef = F04217982CD2702100BEA19B /* CustomTabBar.swift */; };
		F04628792C88A757008FB346 /* Sports_AlmanachApp.swift in Sources */ = {isa = PBXBuildFile; fileRef = F04628782C88A757008FB346 /* Sports_AlmanachApp.swift */; };
		F046287B2C88A757008FB346 /* ContentView.swift in Sources */ = {isa = PBXBuildFile; fileRef = F046287A2C88A757008FB346 /* ContentView.swift */; };
		F046287D2C88A758008FB346 /* Assets.xcassets in Resources */ = {isa = PBXBuildFile; fileRef = F046287C2C88A758008FB346 /* Assets.xcassets */; };
		F04628802C88A759008FB346 /* Preview Assets.xcassets in Resources */ = {isa = PBXBuildFile; fileRef = F046287F2C88A759008FB346 /* Preview Assets.xcassets */; };
		F04A087A2CBD361300E493FF /* EventResponse.swift in Sources */ = {isa = PBXBuildFile; fileRef = F04A08792CBD360900E493FF /* EventResponse.swift */; };
		F04A087D2CBD508000E493FF /* EventRepository.swift in Sources */ = {isa = PBXBuildFile; fileRef = F04A087C2CBD507A00E493FF /* EventRepository.swift */; };
		F04EE0FE2CC8927E0095BD28 /* BetRow.swift in Sources */ = {isa = PBXBuildFile; fileRef = F04EE0FD2CC892700095BD28 /* BetRow.swift */; };
		F04EE1002CC895600095BD28 /* BetSlipView.swift in Sources */ = {isa = PBXBuildFile; fileRef = F04EE0FF2CC895540095BD28 /* BetSlipView.swift */; };
		F052E2F92CEA319600769631 /* LogoutButton.swift in Sources */ = {isa = PBXBuildFile; fileRef = F052E2F82CEA318000769631 /* LogoutButton.swift */; };
		F052E2FB2CEA31FD00769631 /* Title.swift in Sources */ = {isa = PBXBuildFile; fileRef = F052E2FA2CEA31E600769631 /* Title.swift */; };
		F052E2FD2CEA325100769631 /* DividerView.swift in Sources */ = {isa = PBXBuildFile; fileRef = F052E2FC2CEA324500769631 /* DividerView.swift */; };
		F052E2FF2CEA32BB00769631 /* SectionListView.swift in Sources */ = {isa = PBXBuildFile; fileRef = F052E2FE2CEA32A500769631 /* SectionListView.swift */; };
		F052E3012CEA336500769631 /* AnimatedText.swift in Sources */ = {isa = PBXBuildFile; fileRef = F052E3002CEA335300769631 /* AnimatedText.swift */; };
		F052E3032CEA33B400769631 /* AutoScrollingBannerView.swift in Sources */ = {isa = PBXBuildFile; fileRef = F052E3022CEA33AA00769631 /* AutoScrollingBannerView.swift */; };
		F05BC2C02CA6A79B00562C51 /* League.swift in Sources */ = {isa = PBXBuildFile; fileRef = F05BC2BF2CA6A79700562C51 /* League.swift */; };
		F05BC2C22CA6A85B00562C51 /* Season.swift in Sources */ = {isa = PBXBuildFile; fileRef = F05BC2C12CA6A85400562C51 /* Season.swift */; };
		F05BC2C52CA6AF9C00562C51 /* EventDetailView.swift in Sources */ = {isa = PBXBuildFile; fileRef = F05BC2C42CA6AF9500562C51 /* EventDetailView.swift */; };
		F05BC2C72CA6B3C200562C51 /* EventRow.swift in Sources */ = {isa = PBXBuildFile; fileRef = F05BC2C62CA6B3BB00562C51 /* EventRow.swift */; };
		F05BC2C92CA732ED00562C51 /* Outcome.swift in Sources */ = {isa = PBXBuildFile; fileRef = F05BC2C82CA732EA00562C51 /* Outcome.swift */; };
		F05BC2CB2CA7339F00562C51 /* BetViewModel.swift in Sources */ = {isa = PBXBuildFile; fileRef = F05BC2CA2CA7339500562C51 /* BetViewModel.swift */; };
		F05BC2D22CA7EA7D00562C51 /* splashintro.mp4 in Resources */ = {isa = PBXBuildFile; fileRef = F05BC2D12CA7EA7D00562C51 /* splashintro.mp4 */; };
		F05CA82B2CEBFA3E0080F2B7 /* SocialLoginButton.swift in Sources */ = {isa = PBXBuildFile; fileRef = F05CA82A2CEBFA340080F2B7 /* SocialLoginButton.swift */; };
		F05CA82D2CEBFA7E0080F2B7 /* PrimaryActionButton.swift in Sources */ = {isa = PBXBuildFile; fileRef = F05CA82C2CEBFA740080F2B7 /* PrimaryActionButton.swift */; };
		F05CA82F2CEBFAD40080F2B7 /* InputField.swift in Sources */ = {isa = PBXBuildFile; fileRef = F05CA82E2CEBFACA0080F2B7 /* InputField.swift */; };
		F05CA8312CECAB080080F2B7 /* BirthdayUtils.swift in Sources */ = {isa = PBXBuildFile; fileRef = F05CA8302CECAB040080F2B7 /* BirthdayUtils.swift */; };
		F05CA8332CECB4DF0080F2B7 /* ValidationUtils.swift in Sources */ = {isa = PBXBuildFile; fileRef = F05CA8322CECB4DC0080F2B7 /* ValidationUtils.swift */; };
		F063893B2CB7F34600746C98 /* FirebaseAnalytics in Frameworks */ = {isa = PBXBuildFile; productRef = F063893A2CB7F34600746C98 /* FirebaseAnalytics */; };
		F063893D2CB7F34600746C98 /* FirebaseAnalyticsOnDeviceConversion in Frameworks */ = {isa = PBXBuildFile; productRef = F063893C2CB7F34600746C98 /* FirebaseAnalyticsOnDeviceConversion */; };
		F063893F2CB7F34600746C98 /* FirebaseAnalyticsWithoutAdIdSupport in Frameworks */ = {isa = PBXBuildFile; productRef = F063893E2CB7F34600746C98 /* FirebaseAnalyticsWithoutAdIdSupport */; };
		F06389412CB7F34600746C98 /* FirebaseAppCheck in Frameworks */ = {isa = PBXBuildFile; productRef = F06389402CB7F34600746C98 /* FirebaseAppCheck */; };
		F06389432CB7F34600746C98 /* FirebaseAppDistribution-Beta in Frameworks */ = {isa = PBXBuildFile; productRef = F06389422CB7F34600746C98 /* FirebaseAppDistribution-Beta */; };
		F06389452CB7F34600746C98 /* FirebaseAuth in Frameworks */ = {isa = PBXBuildFile; productRef = F06389442CB7F34600746C98 /* FirebaseAuth */; };
		F06389472CB7F34600746C98 /* FirebaseAuthCombine-Community in Frameworks */ = {isa = PBXBuildFile; productRef = F06389462CB7F34600746C98 /* FirebaseAuthCombine-Community */; };
		F06389492CB7F34600746C98 /* FirebaseCore in Frameworks */ = {isa = PBXBuildFile; productRef = F06389482CB7F34600746C98 /* FirebaseCore */; };
		F063894B2CB7F34600746C98 /* FirebaseCrashlytics in Frameworks */ = {isa = PBXBuildFile; productRef = F063894A2CB7F34600746C98 /* FirebaseCrashlytics */; };
		F063894D2CB7F34600746C98 /* FirebaseDatabase in Frameworks */ = {isa = PBXBuildFile; productRef = F063894C2CB7F34600746C98 /* FirebaseDatabase */; };
		F063894F2CB7F34600746C98 /* FirebaseDynamicLinks in Frameworks */ = {isa = PBXBuildFile; productRef = F063894E2CB7F34600746C98 /* FirebaseDynamicLinks */; };
		F06389512CB7F34600746C98 /* FirebaseFirestore in Frameworks */ = {isa = PBXBuildFile; productRef = F06389502CB7F34600746C98 /* FirebaseFirestore */; };
		F06389532CB7F34600746C98 /* FirebaseFirestoreCombine-Community in Frameworks */ = {isa = PBXBuildFile; productRef = F06389522CB7F34600746C98 /* FirebaseFirestoreCombine-Community */; };
		F06389552CB7F34600746C98 /* FirebaseFunctions in Frameworks */ = {isa = PBXBuildFile; productRef = F06389542CB7F34600746C98 /* FirebaseFunctions */; };
		F06389572CB7F34600746C98 /* FirebaseFunctionsCombine-Community in Frameworks */ = {isa = PBXBuildFile; productRef = F06389562CB7F34600746C98 /* FirebaseFunctionsCombine-Community */; };
		F06389592CB7F34600746C98 /* FirebaseInAppMessaging-Beta in Frameworks */ = {isa = PBXBuildFile; productRef = F06389582CB7F34600746C98 /* FirebaseInAppMessaging-Beta */; };
		F063895B2CB7F34600746C98 /* FirebaseInstallations in Frameworks */ = {isa = PBXBuildFile; productRef = F063895A2CB7F34600746C98 /* FirebaseInstallations */; };
		F063895D2CB7F34600746C98 /* FirebaseMLModelDownloader in Frameworks */ = {isa = PBXBuildFile; productRef = F063895C2CB7F34600746C98 /* FirebaseMLModelDownloader */; };
		F063895F2CB7F34600746C98 /* FirebaseMessaging in Frameworks */ = {isa = PBXBuildFile; productRef = F063895E2CB7F34600746C98 /* FirebaseMessaging */; };
		F06389612CB7F34600746C98 /* FirebasePerformance in Frameworks */ = {isa = PBXBuildFile; productRef = F06389602CB7F34600746C98 /* FirebasePerformance */; };
		F06389632CB7F34600746C98 /* FirebaseRemoteConfig in Frameworks */ = {isa = PBXBuildFile; productRef = F06389622CB7F34600746C98 /* FirebaseRemoteConfig */; };
		F06389652CB7F34600746C98 /* FirebaseStorage in Frameworks */ = {isa = PBXBuildFile; productRef = F06389642CB7F34600746C98 /* FirebaseStorage */; };
		F06389672CB7F34600746C98 /* FirebaseStorageCombine-Community in Frameworks */ = {isa = PBXBuildFile; productRef = F06389662CB7F34600746C98 /* FirebaseStorageCombine-Community */; };
		F06389692CB7F34600746C98 /* FirebaseVertexAI-Preview in Frameworks */ = {isa = PBXBuildFile; productRef = F06389682CB7F34600746C98 /* FirebaseVertexAI-Preview */; };
		F081DC942CB54CDD00116E7B /* FirebaseAuthManager.swift in Sources */ = {isa = PBXBuildFile; fileRef = F081DC932CB54CC500116E7B /* FirebaseAuthManager.swift */; };
		F081DC972CB54D9200116E7B /* FirebaseAuth in Frameworks */ = {isa = PBXBuildFile; productRef = F081DC962CB54D9200116E7B /* FirebaseAuth */; };
		F081DC992CB54D9200116E7B /* FirebaseAuthCombine-Community in Frameworks */ = {isa = PBXBuildFile; productRef = F081DC982CB54D9200116E7B /* FirebaseAuthCombine-Community */; };
		F081DC9B2CB54D9200116E7B /* FirebaseCore in Frameworks */ = {isa = PBXBuildFile; productRef = F081DC9A2CB54D9200116E7B /* FirebaseCore */; };
		F081DC9D2CB54D9200116E7B /* FirebaseCrashlytics in Frameworks */ = {isa = PBXBuildFile; productRef = F081DC9C2CB54D9200116E7B /* FirebaseCrashlytics */; };
		F081DC9F2CB54D9200116E7B /* FirebaseFirestore in Frameworks */ = {isa = PBXBuildFile; productRef = F081DC9E2CB54D9200116E7B /* FirebaseFirestore */; };
		F081DCA12CB54D9200116E7B /* FirebaseFirestoreCombine-Community in Frameworks */ = {isa = PBXBuildFile; productRef = F081DCA02CB54D9200116E7B /* FirebaseFirestoreCombine-Community */; };
		F095C8F92C8FAE97002C94FD /* EventStatus.swift in Sources */ = {isa = PBXBuildFile; fileRef = F095C8F82C8FAE97002C94FD /* EventStatus.swift */; };
		F095C8FB2C8FAEBC002C94FD /* Event.swift in Sources */ = {isa = PBXBuildFile; fileRef = F095C8FA2C8FAEBC002C94FD /* Event.swift */; };
		F095C8FD2C8FAEE2002C94FD /* Profile.swift in Sources */ = {isa = PBXBuildFile; fileRef = F095C8FC2C8FAEE2002C94FD /* Profile.swift */; };
		F095C8FF2C8FAF01002C94FD /* Mocks.swift in Sources */ = {isa = PBXBuildFile; fileRef = F095C8FE2C8FAF01002C94FD /* Mocks.swift */; };
		F095C9092C8FB0DE002C94FD /* EventViewModel.swift in Sources */ = {isa = PBXBuildFile; fileRef = F095C9082C8FB0DE002C94FD /* EventViewModel.swift */; };
		F095C90B2C8FB0F7002C94FD /* UserViewModel.swift in Sources */ = {isa = PBXBuildFile; fileRef = F095C90A2C8FB0F7002C94FD /* UserViewModel.swift */; };
		F0A016912CA23A5200C749E3 /* SportEventUtils.swift in Sources */ = {isa = PBXBuildFile; fileRef = F0A016902CA23A4D00C749E3 /* SportEventUtils.swift */; };
		F0A80FC72CD194CB00379EB8 /* WebView.swift in Sources */ = {isa = PBXBuildFile; fileRef = F0A80FC62CD194C700379EB8 /* WebView.swift */; };
		F0BB2F8F2CB74BB00034DB67 /* .swiftlint.yml in Resources */ = {isa = PBXBuildFile; fileRef = F0BB2F8E2CB74B9E0034DB67 /* .swiftlint.yml */; };
/* End PBXBuildFile section */

/* Begin PBXFileReference section */
		B50CD60F2D838B5300A02643 /* BettingService.swift */ = {isa = PBXFileReference; lastKnownFileType = sourcecode.swift; path = BettingService.swift; sourceTree = "<group>"; };
		B533F8452D307D1F00EC9B27 /* GoogleService-Info.plist */ = {isa = PBXFileReference; lastKnownFileType = text.plist.xml; path = "GoogleService-Info.plist"; sourceTree = "<group>"; };
		B541F6862D53732000A40B73 /* Banner.swift */ = {isa = PBXFileReference; lastKnownFileType = sourcecode.swift; path = Banner.swift; sourceTree = "<group>"; };
		B575E8002D6E9A0D00D2140E /* TabSelection.swift */ = {isa = PBXFileReference; lastKnownFileType = sourcecode.swift; path = TabSelection.swift; sourceTree = "<group>"; };
		B575E8022D6E9E5B00D2140E /* AppErrors.swift */ = {isa = PBXFileReference; lastKnownFileType = sourcecode.swift; path = AppErrors.swift; sourceTree = "<group>"; };
		B575E8062D6EBA5C00D2140E /* BetRepository.swift */ = {isa = PBXFileReference; lastKnownFileType = sourcecode.swift; path = BetRepository.swift; sourceTree = "<group>"; };
		B5A0939A2D75A70A0075E9EC /* DateController.swift */ = {isa = PBXFileReference; lastKnownFileType = sourcecode.swift; path = DateController.swift; sourceTree = "<group>"; };
		B5A198602D52D1DF00619045 /* SlipNumberButton.swift */ = {isa = PBXFileReference; lastKnownFileType = sourcecode.swift; path = SlipNumberButton.swift; sourceTree = "<group>"; };
		B5B9BF982D97BCBC0046955F /* LoggerService.swift */ = {isa = PBXFileReference; lastKnownFileType = sourcecode.swift; path = LoggerService.swift; sourceTree = "<group>"; };
		B5C044772D30C83700590CD9 /* ProfileRepository.swift */ = {isa = PBXFileReference; lastKnownFileType = sourcecode.swift; path = ProfileRepository.swift; sourceTree = "<group>"; };
		B5DA45512D82A1030016EBB1 /* BetSlip.swift */ = {isa = PBXFileReference; lastKnownFileType = sourcecode.swift; path = BetSlip.swift; sourceTree = "<group>"; };
		F008388B2CD2EDF30004D97B /* Sport.swift */ = {isa = PBXFileReference; lastKnownFileType = sourcecode.swift; path = Sport.swift; sourceTree = "<group>"; };
		F00CB7042C9CF430003D70E3 /* HomeView.swift */ = {isa = PBXFileReference; lastKnownFileType = sourcecode.swift; path = HomeView.swift; sourceTree = "<group>"; };
		F00CB7062C9CF47F003D70E3 /* BetView.swift */ = {isa = PBXFileReference; lastKnownFileType = sourcecode.swift; path = BetView.swift; sourceTree = "<group>"; };
		F00CB7082C9CF4AF003D70E3 /* EventsView.swift */ = {isa = PBXFileReference; lastKnownFileType = sourcecode.swift; path = EventsView.swift; sourceTree = "<group>"; };
		F00CB70A2C9CF51A003D70E3 /* StatisticsView.swift */ = {isa = PBXFileReference; lastKnownFileType = sourcecode.swift; path = StatisticsView.swift; sourceTree = "<group>"; };
		F00CB70D2C9CF747003D70E3 /* LoginView.swift */ = {isa = PBXFileReference; lastKnownFileType = sourcecode.swift; path = LoginView.swift; sourceTree = "<group>"; };
		F00CB70F2C9CF7AB003D70E3 /* RegisterView.swift */ = {isa = PBXFileReference; lastKnownFileType = sourcecode.swift; path = RegisterView.swift; sourceTree = "<group>"; };
		F00CB7152C9E47FC003D70E3 /* SplashView.swift */ = {isa = PBXFileReference; lastKnownFileType = sourcecode.swift; path = SplashView.swift; sourceTree = "<group>"; };
		F01DD55B2CCDCECB001176A2 /* Bet.swift */ = {isa = PBXFileReference; lastKnownFileType = sourcecode.swift; path = Bet.swift; sourceTree = "<group>"; };
		F01DD55D2CCDD479001176A2 /* BetSlipRow.swift */ = {isa = PBXFileReference; lastKnownFileType = sourcecode.swift; path = BetSlipRow.swift; sourceTree = "<group>"; };
		F04217982CD2702100BEA19B /* CustomTabBar.swift */ = {isa = PBXFileReference; lastKnownFileType = sourcecode.swift; path = CustomTabBar.swift; sourceTree = "<group>"; };
		F04628752C88A757008FB346 /* Sports-Almanach.app */ = {isa = PBXFileReference; explicitFileType = wrapper.application; includeInIndex = 0; path = "Sports-Almanach.app"; sourceTree = BUILT_PRODUCTS_DIR; };
		F04628782C88A757008FB346 /* Sports_AlmanachApp.swift */ = {isa = PBXFileReference; lastKnownFileType = sourcecode.swift; path = Sports_AlmanachApp.swift; sourceTree = "<group>"; };
		F046287A2C88A757008FB346 /* ContentView.swift */ = {isa = PBXFileReference; lastKnownFileType = sourcecode.swift; path = ContentView.swift; sourceTree = "<group>"; };
		F046287C2C88A758008FB346 /* Assets.xcassets */ = {isa = PBXFileReference; lastKnownFileType = folder.assetcatalog; path = Assets.xcassets; sourceTree = "<group>"; };
		F046287F2C88A759008FB346 /* Preview Assets.xcassets */ = {isa = PBXFileReference; lastKnownFileType = folder.assetcatalog; path = "Preview Assets.xcassets"; sourceTree = "<group>"; };
		F04A08792CBD360900E493FF /* EventResponse.swift */ = {isa = PBXFileReference; lastKnownFileType = sourcecode.swift; path = EventResponse.swift; sourceTree = "<group>"; };
		F04A087C2CBD507A00E493FF /* EventRepository.swift */ = {isa = PBXFileReference; lastKnownFileType = sourcecode.swift; path = EventRepository.swift; sourceTree = "<group>"; };
		F04EE0FD2CC892700095BD28 /* BetRow.swift */ = {isa = PBXFileReference; lastKnownFileType = sourcecode.swift; path = BetRow.swift; sourceTree = "<group>"; };
		F04EE0FF2CC895540095BD28 /* BetSlipView.swift */ = {isa = PBXFileReference; lastKnownFileType = sourcecode.swift; path = BetSlipView.swift; sourceTree = "<group>"; };
		F052E2F82CEA318000769631 /* LogoutButton.swift */ = {isa = PBXFileReference; lastKnownFileType = sourcecode.swift; path = LogoutButton.swift; sourceTree = "<group>"; };
		F052E2FA2CEA31E600769631 /* Title.swift */ = {isa = PBXFileReference; lastKnownFileType = sourcecode.swift; path = Title.swift; sourceTree = "<group>"; };
		F052E2FC2CEA324500769631 /* DividerView.swift */ = {isa = PBXFileReference; lastKnownFileType = sourcecode.swift; path = DividerView.swift; sourceTree = "<group>"; };
		F052E2FE2CEA32A500769631 /* SectionListView.swift */ = {isa = PBXFileReference; lastKnownFileType = sourcecode.swift; path = SectionListView.swift; sourceTree = "<group>"; };
		F052E3002CEA335300769631 /* AnimatedText.swift */ = {isa = PBXFileReference; lastKnownFileType = sourcecode.swift; path = AnimatedText.swift; sourceTree = "<group>"; };
		F052E3022CEA33AA00769631 /* AutoScrollingBannerView.swift */ = {isa = PBXFileReference; lastKnownFileType = sourcecode.swift; path = AutoScrollingBannerView.swift; sourceTree = "<group>"; };
		F05BC2BF2CA6A79700562C51 /* League.swift */ = {isa = PBXFileReference; lastKnownFileType = sourcecode.swift; path = League.swift; sourceTree = "<group>"; };
		F05BC2C12CA6A85400562C51 /* Season.swift */ = {isa = PBXFileReference; lastKnownFileType = sourcecode.swift; path = Season.swift; sourceTree = "<group>"; };
		F05BC2C42CA6AF9500562C51 /* EventDetailView.swift */ = {isa = PBXFileReference; lastKnownFileType = sourcecode.swift; path = EventDetailView.swift; sourceTree = "<group>"; };
		F05BC2C62CA6B3BB00562C51 /* EventRow.swift */ = {isa = PBXFileReference; lastKnownFileType = sourcecode.swift; path = EventRow.swift; sourceTree = "<group>"; };
		F05BC2C82CA732EA00562C51 /* Outcome.swift */ = {isa = PBXFileReference; lastKnownFileType = sourcecode.swift; path = Outcome.swift; sourceTree = "<group>"; };
		F05BC2CA2CA7339500562C51 /* BetViewModel.swift */ = {isa = PBXFileReference; lastKnownFileType = sourcecode.swift; path = BetViewModel.swift; sourceTree = "<group>"; };
		F05BC2D12CA7EA7D00562C51 /* splashintro.mp4 */ = {isa = PBXFileReference; lastKnownFileType = text; path = splashintro.mp4; sourceTree = "<group>"; };
		F05CA82A2CEBFA340080F2B7 /* SocialLoginButton.swift */ = {isa = PBXFileReference; lastKnownFileType = sourcecode.swift; path = SocialLoginButton.swift; sourceTree = "<group>"; };
		F05CA82C2CEBFA740080F2B7 /* PrimaryActionButton.swift */ = {isa = PBXFileReference; lastKnownFileType = sourcecode.swift; path = PrimaryActionButton.swift; sourceTree = "<group>"; };
		F05CA82E2CEBFACA0080F2B7 /* InputField.swift */ = {isa = PBXFileReference; lastKnownFileType = sourcecode.swift; path = InputField.swift; sourceTree = "<group>"; };
		F05CA8302CECAB040080F2B7 /* BirthdayUtils.swift */ = {isa = PBXFileReference; lastKnownFileType = sourcecode.swift; path = BirthdayUtils.swift; sourceTree = "<group>"; };
		F05CA8322CECB4DC0080F2B7 /* ValidationUtils.swift */ = {isa = PBXFileReference; lastKnownFileType = sourcecode.swift; path = ValidationUtils.swift; sourceTree = "<group>"; };
		F081DC932CB54CC500116E7B /* FirebaseAuthManager.swift */ = {isa = PBXFileReference; lastKnownFileType = sourcecode.swift; path = FirebaseAuthManager.swift; sourceTree = "<group>"; };
		F095C8F82C8FAE97002C94FD /* EventStatus.swift */ = {isa = PBXFileReference; lastKnownFileType = sourcecode.swift; path = EventStatus.swift; sourceTree = "<group>"; };
		F095C8FA2C8FAEBC002C94FD /* Event.swift */ = {isa = PBXFileReference; lastKnownFileType = sourcecode.swift; path = Event.swift; sourceTree = "<group>"; };
		F095C8FC2C8FAEE2002C94FD /* Profile.swift */ = {isa = PBXFileReference; lastKnownFileType = sourcecode.swift; path = Profile.swift; sourceTree = "<group>"; };
		F095C8FE2C8FAF01002C94FD /* Mocks.swift */ = {isa = PBXFileReference; lastKnownFileType = sourcecode.swift; path = Mocks.swift; sourceTree = "<group>"; };
		F095C9082C8FB0DE002C94FD /* EventViewModel.swift */ = {isa = PBXFileReference; lastKnownFileType = sourcecode.swift; path = EventViewModel.swift; sourceTree = "<group>"; };
		F095C90A2C8FB0F7002C94FD /* UserViewModel.swift */ = {isa = PBXFileReference; lastKnownFileType = sourcecode.swift; path = UserViewModel.swift; sourceTree = "<group>"; };
		F0A016902CA23A4D00C749E3 /* SportEventUtils.swift */ = {isa = PBXFileReference; lastKnownFileType = sourcecode.swift; path = SportEventUtils.swift; sourceTree = "<group>"; };
		F0A80FC62CD194C700379EB8 /* WebView.swift */ = {isa = PBXFileReference; lastKnownFileType = sourcecode.swift; path = WebView.swift; sourceTree = "<group>"; };
		F0BB2F8E2CB74B9E0034DB67 /* .swiftlint.yml */ = {isa = PBXFileReference; lastKnownFileType = text.yaml; path = .swiftlint.yml; sourceTree = "<group>"; };
/* End PBXFileReference section */

/* Begin PBXFrameworksBuildPhase section */
		F04628722C88A757008FB346 /* Frameworks */ = {
			isa = PBXFrameworksBuildPhase;
			buildActionMask = 2147483647;
			files = (
				B533F8D12D309F1600EC9B27 /* FirebaseRemoteConfig in Frameworks */,
				B533F8812D309CD300EC9B27 /* FirebaseAppDistribution-Beta in Frameworks */,
				F06389692CB7F34600746C98 /* FirebaseVertexAI-Preview in Frameworks */,
				F06389532CB7F34600746C98 /* FirebaseFirestoreCombine-Community in Frameworks */,
				F063893B2CB7F34600746C98 /* FirebaseAnalytics in Frameworks */,
				B533F89F2D309CD300EC9B27 /* FirebasePerformance in Frameworks */,
				B533F8D72D309F1600EC9B27 /* FirebaseVertexAI-Preview in Frameworks */,
				B533F86A2D307E6300EC9B27 /* FirebaseMLModelDownloader in Frameworks */,
				B533F8D52D309F1600EC9B27 /* FirebaseStorageCombine-Community in Frameworks */,
				F081DC972CB54D9200116E7B /* FirebaseAuth in Frameworks */,
				B533F8AB2D309F1600EC9B27 /* FirebaseAnalyticsOnDeviceConversion in Frameworks */,
				B533F88B2D309CD300EC9B27 /* FirebaseDatabase in Frameworks */,
				B533F84C2D307E6300EC9B27 /* FirebaseAnalyticsWithoutAdIdSupport in Frameworks */,
				B533F8A32D309CD300EC9B27 /* FirebaseStorage in Frameworks */,
				B533F87F2D309CD300EC9B27 /* FirebaseAppCheck in Frameworks */,
				F063895D2CB7F34600746C98 /* FirebaseMLModelDownloader in Frameworks */,
				B533F8C12D309F1600EC9B27 /* FirebaseFirestoreCombine-Community in Frameworks */,
				F081DC9D2CB54D9200116E7B /* FirebaseCrashlytics in Frameworks */,
				B533F8502D307E6300EC9B27 /* FirebaseAppDistribution-Beta in Frameworks */,
				B533F8992D309CD300EC9B27 /* FirebaseInstallations in Frameworks */,
				F081DC9B2CB54D9200116E7B /* FirebaseCore in Frameworks */,
				B533F8582D307E6300EC9B27 /* FirebaseCrashlytics in Frameworks */,
				F063895B2CB7F34600746C98 /* FirebaseInstallations in Frameworks */,
				B533F8B32D309F1600EC9B27 /* FirebaseAuth in Frameworks */,
				B533F8682D307E6300EC9B27 /* FirebaseInstallations in Frameworks */,
				F063895F2CB7F34600746C98 /* FirebaseMessaging in Frameworks */,
				F06389492CB7F34600746C98 /* FirebaseCore in Frameworks */,
				B533F8BF2D309F1600EC9B27 /* FirebaseFirestore in Frameworks */,
				B533F8A92D309F1600EC9B27 /* FirebaseAnalytics in Frameworks */,
				F06389632CB7F34600746C98 /* FirebaseRemoteConfig in Frameworks */,
				B533F8A52D309CD300EC9B27 /* FirebaseStorageCombine-Community in Frameworks */,
				B533F8742D307E6300EC9B27 /* FirebaseStorageCombine-Community in Frameworks */,
				B533F8A72D309CD300EC9B27 /* FirebaseVertexAI-Preview in Frameworks */,
				B533F8482D307E6300EC9B27 /* FirebaseAnalytics in Frameworks */,
				F06389512CB7F34600746C98 /* FirebaseFirestore in Frameworks */,
				B533F8BD2D309F1600EC9B27 /* FirebaseDynamicLinks in Frameworks */,
				B533F8BB2D309F1600EC9B27 /* FirebaseDatabase in Frameworks */,
				F06389612CB7F34600746C98 /* FirebasePerformance in Frameworks */,
				F06389552CB7F34600746C98 /* FirebaseFunctions in Frameworks */,
				F063894F2CB7F34600746C98 /* FirebaseDynamicLinks in Frameworks */,
				B533F8892D309CD300EC9B27 /* FirebaseCrashlytics in Frameworks */,
				B533F8C52D309F1600EC9B27 /* FirebaseFunctionsCombine-Community in Frameworks */,
				B533F8722D307E6300EC9B27 /* FirebaseStorage in Frameworks */,
				B533F8AD2D309F1600EC9B27 /* FirebaseAnalyticsWithoutAdIdSupport in Frameworks */,
				B533F8702D307E6300EC9B27 /* FirebaseRemoteConfig in Frameworks */,
				B533F8CF2D309F1600EC9B27 /* FirebasePerformance in Frameworks */,
				B533F8912D309CD300EC9B27 /* FirebaseFirestoreCombine-Community in Frameworks */,
				B533F8972D309CD300EC9B27 /* FirebaseInAppMessaging-Beta in Frameworks */,
				B533F8952D309CD300EC9B27 /* FirebaseFunctionsCombine-Community in Frameworks */,
				F06389472CB7F34600746C98 /* FirebaseAuthCombine-Community in Frameworks */,
				B533F84E2D307E6300EC9B27 /* FirebaseAppCheck in Frameworks */,
				F063894D2CB7F34600746C98 /* FirebaseDatabase in Frameworks */,
				F081DCA12CB54D9200116E7B /* FirebaseFirestoreCombine-Community in Frameworks */,
				B533F8852D309CD300EC9B27 /* FirebaseAuthCombine-Community in Frameworks */,
				B533F89D2D309CD300EC9B27 /* FirebaseMessaging in Frameworks */,
				B533F8D32D309F1600EC9B27 /* FirebaseStorage in Frameworks */,
				B533F8CB2D309F1600EC9B27 /* FirebaseMLModelDownloader in Frameworks */,
				B533F8C72D309F1600EC9B27 /* FirebaseInAppMessaging-Beta in Frameworks */,
				B533F8792D309CD300EC9B27 /* FirebaseAnalytics in Frameworks */,
				B533F8832D309CD300EC9B27 /* FirebaseAuth in Frameworks */,
				F081DC9F2CB54D9200116E7B /* FirebaseFirestore in Frameworks */,
				F081DC992CB54D9200116E7B /* FirebaseAuthCombine-Community in Frameworks */,
				B533F87D2D309CD300EC9B27 /* FirebaseAnalyticsWithoutAdIdSupport in Frameworks */,
				B533F87B2D309CD300EC9B27 /* FirebaseAnalyticsOnDeviceConversion in Frameworks */,
				B533F8B12D309F1600EC9B27 /* FirebaseAppDistribution-Beta in Frameworks */,
				F06389572CB7F34600746C98 /* FirebaseFunctionsCombine-Community in Frameworks */,
				B533F8B92D309F1600EC9B27 /* FirebaseCrashlytics in Frameworks */,
				B533F8B52D309F1600EC9B27 /* FirebaseAuthCombine-Community in Frameworks */,
				F06389452CB7F34600746C98 /* FirebaseAuth in Frameworks */,
				B533F8562D307E6300EC9B27 /* FirebaseCore in Frameworks */,
				B533F8602D307E6300EC9B27 /* FirebaseFirestoreCombine-Community in Frameworks */,
				B533F8C32D309F1600EC9B27 /* FirebaseFunctions in Frameworks */,
				B533F84A2D307E6300EC9B27 /* FirebaseAnalyticsOnDeviceConversion in Frameworks */,
				F063893F2CB7F34600746C98 /* FirebaseAnalyticsWithoutAdIdSupport in Frameworks */,
				B533F8CD2D309F1600EC9B27 /* FirebaseMessaging in Frameworks */,
				B533F8762D307E6300EC9B27 /* FirebaseVertexAI-Preview in Frameworks */,
				B533F8622D307E6300EC9B27 /* FirebaseFunctions in Frameworks */,
				B533F89B2D309CD300EC9B27 /* FirebaseMLModelDownloader in Frameworks */,
				B533F85A2D307E6300EC9B27 /* FirebaseDatabase in Frameworks */,
				B533F8662D307E6300EC9B27 /* FirebaseInAppMessaging-Beta in Frameworks */,
				B533F8AF2D309F1600EC9B27 /* FirebaseAppCheck in Frameworks */,
				F06389592CB7F34600746C98 /* FirebaseInAppMessaging-Beta in Frameworks */,
				B533F8932D309CD300EC9B27 /* FirebaseFunctions in Frameworks */,
				B533F86C2D307E6300EC9B27 /* FirebaseMessaging in Frameworks */,
				F06389412CB7F34600746C98 /* FirebaseAppCheck in Frameworks */,
				F063894B2CB7F34600746C98 /* FirebaseCrashlytics in Frameworks */,
				B533F88F2D309CD300EC9B27 /* FirebaseFirestore in Frameworks */,
				B533F8522D307E6300EC9B27 /* FirebaseAuth in Frameworks */,
				B533F8872D309CD300EC9B27 /* FirebaseCore in Frameworks */,
				B533F85C2D307E6300EC9B27 /* FirebaseDynamicLinks in Frameworks */,
				B533F86E2D307E6300EC9B27 /* FirebasePerformance in Frameworks */,
				B533F8C92D309F1600EC9B27 /* FirebaseInstallations in Frameworks */,
				B533F8B72D309F1600EC9B27 /* FirebaseCore in Frameworks */,
				B533F8642D307E6300EC9B27 /* FirebaseFunctionsCombine-Community in Frameworks */,
				F06389652CB7F34600746C98 /* FirebaseStorage in Frameworks */,
				F06389432CB7F34600746C98 /* FirebaseAppDistribution-Beta in Frameworks */,
				B533F8A12D309CD300EC9B27 /* FirebaseRemoteConfig in Frameworks */,
				F06389672CB7F34600746C98 /* FirebaseStorageCombine-Community in Frameworks */,
				F063893D2CB7F34600746C98 /* FirebaseAnalyticsOnDeviceConversion in Frameworks */,
				B533F8542D307E6300EC9B27 /* FirebaseAuthCombine-Community in Frameworks */,
				B533F85E2D307E6300EC9B27 /* FirebaseFirestore in Frameworks */,
				B533F88D2D309CD300EC9B27 /* FirebaseDynamicLinks in Frameworks */,
			);
			runOnlyForDeploymentPostprocessing = 0;
		};
/* End PBXFrameworksBuildPhase section */

/* Begin PBXGroup section */
		B51C35192D57507A003119DF /* CoreData */ = {
			isa = PBXGroup;
			children = (
				B5A0939A2D75A70A0075E9EC /* DateController.swift */,
			);
			path = CoreData;
			sourceTree = "<group>";
		};
		B533F8772D3096DE00EC9B27 /* Frameworks */ = {
			isa = PBXGroup;
			children = (
			);
			name = Frameworks;
			sourceTree = "<group>";
		};
		B5D1E6642D904AAE004D382C /* StatisticsView */ = {
			isa = PBXGroup;
			children = (
			);
			path = StatisticsView;
			sourceTree = "<group>";
		};
		F046286C2C88A757008FB346 = {
			isa = PBXGroup;
			children = (
				F0BB2F8E2CB74B9E0034DB67 /* .swiftlint.yml */,
				F04628772C88A757008FB346 /* Sports-Almanach */,
				F04628762C88A757008FB346 /* Products */,
				F05BC2D12CA7EA7D00562C51 /* splashintro.mp4 */,
				B533F8772D3096DE00EC9B27 /* Frameworks */,
			);
			sourceTree = "<group>";
		};
		F04628762C88A757008FB346 /* Products */ = {
			isa = PBXGroup;
			children = (
				F04628752C88A757008FB346 /* Sports-Almanach.app */,
			);
			name = Products;
			sourceTree = "<group>";
		};
		F04628772C88A757008FB346 /* Sports-Almanach */ = {
			isa = PBXGroup;
			children = (
				F04628782C88A757008FB346 /* Sports_AlmanachApp.swift */,
				F095C8EC2C88AB1F002C94FD /* Views */,
				F095C8F32C89F71A002C94FD /* Enums */,
				F095C8F42C89F725002C94FD /* Data */,
				F095C9072C8FB0C2002C94FD /* ViewModels */,
				F095C90C2C8FD5B5002C94FD /* Utils */,
				F046287C2C88A758008FB346 /* Assets.xcassets */,
				F046287E2C88A759008FB346 /* Preview Content */,
				B533F8452D307D1F00EC9B27 /* GoogleService-Info.plist */,
			);
			path = "Sports-Almanach";
			sourceTree = "<group>";
		};
		F046287E2C88A759008FB346 /* Preview Content */ = {
			isa = PBXGroup;
			children = (
				F046287F2C88A759008FB346 /* Preview Assets.xcassets */,
			);
			path = "Preview Content";
			sourceTree = "<group>";
		};
		F04A087B2CBD506200E493FF /* Repositories */ = {
			isa = PBXGroup;
			children = (
				B575E8062D6EBA5C00D2140E /* BetRepository.swift */,
				B5C044772D30C83700590CD9 /* ProfileRepository.swift */,
				F04A087C2CBD507A00E493FF /* EventRepository.swift */,
			);
			path = Repositories;
			sourceTree = "<group>";
		};
		F052E3042CEA353500769631 /* HomeView */ = {
			isa = PBXGroup;
			children = (
				F052E3002CEA335300769631 /* AnimatedText.swift */,
				F052E3022CEA33AA00769631 /* AutoScrollingBannerView.swift */,
				F052E2FE2CEA32A500769631 /* SectionListView.swift */,
				F052E2FA2CEA31E600769631 /* Title.swift */,
			);
			path = HomeView;
			sourceTree = "<group>";
		};
		F052E3052CEA3AB500769631 /* EventView */ = {
			isa = PBXGroup;
			children = (
				F05BC2C42CA6AF9500562C51 /* EventDetailView.swift */,
				F0A80FC62CD194C700379EB8 /* WebView.swift */,
			);
			path = EventView;
			sourceTree = "<group>";
		};
		F052E3062CEA3B4D00769631 /* BetView */ = {
			isa = PBXGroup;
			children = (
				F04EE0FF2CC895540095BD28 /* BetSlipView.swift */,
			);
			path = BetView;
			sourceTree = "<group>";
		};
		F05BC2C32CA6AF2700562C51 /* Components */ = {
			isa = PBXGroup;
			children = (
				F052E3042CEA353500769631 /* HomeView */,
				F052E3052CEA3AB500769631 /* EventView */,
				F052E3062CEA3B4D00769631 /* BetView */,
				B5D1E6642D904AAE004D382C /* StatisticsView */,
				F0A016872CA089C400C749E3 /* Rows */,
				F089A72A2CD6E7A900A3C054 /* Buttons */,
			);
			path = Components;
			sourceTree = "<group>";
		};
		F05BC2CE2CA7E0C500562C51 /* Onboarding */ = {
			isa = PBXGroup;
			children = (
				F00CB7152C9E47FC003D70E3 /* SplashView.swift */,
				F00CB70D2C9CF747003D70E3 /* LoginView.swift */,
				F00CB70F2C9CF7AB003D70E3 /* RegisterView.swift */,
			);
			path = Onboarding;
			sourceTree = "<group>";
		};
		F081DC922CB54C9400116E7B /* Services */ = {
			isa = PBXGroup;
			children = (
				B5B9BF982D97BCBC0046955F /* LoggerService.swift */,
				B50CD60F2D838B5300A02643 /* BettingService.swift */,
				F081DC932CB54CC500116E7B /* FirebaseAuthManager.swift */,
			);
			path = Services;
			sourceTree = "<group>";
		};
		F089A72A2CD6E7A900A3C054 /* Buttons */ = {
			isa = PBXGroup;
			children = (
				F05CA82E2CEBFACA0080F2B7 /* InputField.swift */,
				F05CA82C2CEBFA740080F2B7 /* PrimaryActionButton.swift */,
				F05CA82A2CEBFA340080F2B7 /* SocialLoginButton.swift */,
				F052E2F82CEA318000769631 /* LogoutButton.swift */,
				B5A198602D52D1DF00619045 /* SlipNumberButton.swift */,
			);
			path = Buttons;
			sourceTree = "<group>";
		};
		F095C8EC2C88AB1F002C94FD /* Views */ = {
			isa = PBXGroup;
			children = (
				F046287A2C88A757008FB346 /* ContentView.swift */,
				F04217982CD2702100BEA19B /* CustomTabBar.swift */,
				F05BC2CE2CA7E0C500562C51 /* Onboarding */,
				F0A016852CA0893700C749E3 /* List */,
			);
			path = Views;
			sourceTree = "<group>";
		};
		F095C8F32C89F71A002C94FD /* Enums */ = {
			isa = PBXGroup;
			children = (
				B575E8022D6E9E5B00D2140E /* AppErrors.swift */,
				B575E8002D6E9A0D00D2140E /* TabSelection.swift */,
				F095C8F82C8FAE97002C94FD /* EventStatus.swift */,
				F008388B2CD2EDF30004D97B /* Sport.swift */,
				F05BC2BF2CA6A79700562C51 /* League.swift */,
				F05BC2C12CA6A85400562C51 /* Season.swift */,
				F05BC2C82CA732EA00562C51 /* Outcome.swift */,
			);
			path = Enums;
			sourceTree = "<group>";
		};
		F095C8F42C89F725002C94FD /* Data */ = {
			isa = PBXGroup;
			children = (
				B51C35192D57507A003119DF /* CoreData */,
				F04A087B2CBD506200E493FF /* Repositories */,
				F081DC922CB54C9400116E7B /* Services */,
				F095C8F72C8FAE74002C94FD /* Models */,
				F095C8F62C8FAE58002C94FD /* MockData */,
			);
			path = Data;
			sourceTree = "<group>";
		};
		F095C8F62C8FAE58002C94FD /* MockData */ = {
			isa = PBXGroup;
			children = (
				F095C8FE2C8FAF01002C94FD /* Mocks.swift */,
			);
			path = MockData;
			sourceTree = "<group>";
		};
		F095C8F72C8FAE74002C94FD /* Models */ = {
			isa = PBXGroup;
			children = (
				B5DA45512D82A1030016EBB1 /* BetSlip.swift */,
				B541F6862D53732000A40B73 /* Banner.swift */,
				F01DD55B2CCDCECB001176A2 /* Bet.swift */,
				F04A08792CBD360900E493FF /* EventResponse.swift */,
				F095C8FC2C8FAEE2002C94FD /* Profile.swift */,
				F095C8FA2C8FAEBC002C94FD /* Event.swift */,
			);
			path = Models;
			sourceTree = "<group>";
		};
		F095C9072C8FB0C2002C94FD /* ViewModels */ = {
			isa = PBXGroup;
			children = (
				F095C90A2C8FB0F7002C94FD /* UserViewModel.swift */,
				F095C9082C8FB0DE002C94FD /* EventViewModel.swift */,
				F05BC2CA2CA7339500562C51 /* BetViewModel.swift */,
			);
			path = ViewModels;
			sourceTree = "<group>";
		};
		F095C90C2C8FD5B5002C94FD /* Utils */ = {
			isa = PBXGroup;
			children = (
				F05CA8322CECB4DC0080F2B7 /* ValidationUtils.swift */,
				F05CA8302CECAB040080F2B7 /* BirthdayUtils.swift */,
				F0A016902CA23A4D00C749E3 /* SportEventUtils.swift */,
				F052E2FC2CEA324500769631 /* DividerView.swift */,
			);
			path = Utils;
			sourceTree = "<group>";
		};
		F0A016852CA0893700C749E3 /* List */ = {
			isa = PBXGroup;
			children = (
				F00CB7042C9CF430003D70E3 /* HomeView.swift */,
				F00CB7082C9CF4AF003D70E3 /* EventsView.swift */,
				F00CB7062C9CF47F003D70E3 /* BetView.swift */,
				F00CB70A2C9CF51A003D70E3 /* StatisticsView.swift */,
				F05BC2C32CA6AF2700562C51 /* Components */,
			);
			path = List;
			sourceTree = "<group>";
		};
		F0A016872CA089C400C749E3 /* Rows */ = {
			isa = PBXGroup;
			children = (
				F05BC2C62CA6B3BB00562C51 /* EventRow.swift */,
				F04EE0FD2CC892700095BD28 /* BetRow.swift */,
				F01DD55D2CCDD479001176A2 /* BetSlipRow.swift */,
			);
			path = Rows;
			sourceTree = "<group>";
		};
/* End PBXGroup section */

/* Begin PBXNativeTarget section */
		F04628742C88A757008FB346 /* Sports-Almanach */ = {
			isa = PBXNativeTarget;
			buildConfigurationList = F04628832C88A759008FB346 /* Build configuration list for PBXNativeTarget "Sports-Almanach" */;
			buildPhases = (
				F04628712C88A757008FB346 /* Sources */,
				F04628722C88A757008FB346 /* Frameworks */,
				F04628732C88A757008FB346 /* Resources */,
				F0BB2F8D2CB74A460034DB67 /* ShellScript */,
			);
			buildRules = (
			);
			dependencies = (
			);
			name = "Sports-Almanach";
			productName = "Sports-Almanach";
			productReference = F04628752C88A757008FB346 /* Sports-Almanach.app */;
			productType = "com.apple.product-type.application";
		};
/* End PBXNativeTarget section */

/* Begin PBXProject section */
		F046286D2C88A757008FB346 /* Project object */ = {
			isa = PBXProject;
			attributes = {
				BuildIndependentTargetsInParallel = 1;
				LastSwiftUpdateCheck = 1540;
				LastUpgradeCheck = 1540;
				TargetAttributes = {
					F04628742C88A757008FB346 = {
						CreatedOnToolsVersion = 15.4;
					};
				};
			};
			buildConfigurationList = F04628702C88A757008FB346 /* Build configuration list for PBXProject "Sports-Almanach" */;
			compatibilityVersion = "Xcode 14.0";
			developmentRegion = en;
			hasScannedForEncodings = 0;
			knownRegions = (
				en,
				Base,
			);
			mainGroup = F046286C2C88A757008FB346;
			packageReferences = (
				F081DC952CB54D9200116E7B /* XCRemoteSwiftPackageReference "firebase-ios-sdk" */,
			);
			productRefGroup = F04628762C88A757008FB346 /* Products */;
			projectDirPath = "";
			projectRoot = "";
			targets = (
				F04628742C88A757008FB346 /* Sports-Almanach */,
			);
		};
/* End PBXProject section */

/* Begin PBXResourcesBuildPhase section */
		F04628732C88A757008FB346 /* Resources */ = {
			isa = PBXResourcesBuildPhase;
			buildActionMask = 2147483647;
			files = (
				F0BB2F8F2CB74BB00034DB67 /* .swiftlint.yml in Resources */,
				F04628802C88A759008FB346 /* Preview Assets.xcassets in Resources */,
				B533F8462D307D1F00EC9B27 /* GoogleService-Info.plist in Resources */,
				F05BC2D22CA7EA7D00562C51 /* splashintro.mp4 in Resources */,
				F046287D2C88A758008FB346 /* Assets.xcassets in Resources */,
			);
			runOnlyForDeploymentPostprocessing = 0;
		};
/* End PBXResourcesBuildPhase section */

/* Begin PBXShellScriptBuildPhase section */
		F0BB2F8D2CB74A460034DB67 /* ShellScript */ = {
			isa = PBXShellScriptBuildPhase;
			alwaysOutOfDate = 1;
			buildActionMask = 2147483647;
			files = (
			);
			inputFileListPaths = (
			);
			inputPaths = (
			);
			outputFileListPaths = (
			);
			outputPaths = (
			);
			runOnlyForDeploymentPostprocessing = 0;
			shellPath = /bin/sh;
			shellScript = "if [[ \"$(uname -m)\" == arm64 ]]; then\n    export PATH=\"/opt/homebrew/bin:$PATH\"\nfi\n\nif command -v swiftlint >/dev/null 2>&1; then\n    swiftlint\nelse\n    echo \"warning: `swiftlint` command not found - See https://github.com/realm/SwiftLint#installation for installation instructions.\"\nfi\n\n";
		};
/* End PBXShellScriptBuildPhase section */

/* Begin PBXSourcesBuildPhase section */
		F04628712C88A757008FB346 /* Sources */ = {
			isa = PBXSourcesBuildPhase;
			buildActionMask = 2147483647;
			files = (
				F00CB70B2C9CF51E003D70E3 /* StatisticsView.swift in Sources */,
				F095C8FB2C8FAEBC002C94FD /* Event.swift in Sources */,
				F052E2FB2CEA31FD00769631 /* Title.swift in Sources */,
				F01DD55E2CCDD485001176A2 /* BetSlipRow.swift in Sources */,
				F081DC942CB54CDD00116E7B /* FirebaseAuthManager.swift in Sources */,
				F095C90B2C8FB0F7002C94FD /* UserViewModel.swift in Sources */,
				F008388C2CD2EEB10004D97B /* Sport.swift in Sources */,
				F04A087D2CBD508000E493FF /* EventRepository.swift in Sources */,
				F04A087A2CBD361300E493FF /* EventResponse.swift in Sources */,
				F05BC2C02CA6A79B00562C51 /* League.swift in Sources */,
				B5C044782D30C84200590CD9 /* ProfileRepository.swift in Sources */,
				F05BC2C72CA6B3C200562C51 /* EventRow.swift in Sources */,
				F05CA82F2CEBFAD40080F2B7 /* InputField.swift in Sources */,
				B5DA45522D82A1110016EBB1 /* BetSlip.swift in Sources */,
				F05CA82D2CEBFA7E0080F2B7 /* PrimaryActionButton.swift in Sources */,
				B5A198612D52D1DF00619045 /* SlipNumberButton.swift in Sources */,
				B50CD6102D838B6100A02643 /* BettingService.swift in Sources */,
				F00CB7052C9CF439003D70E3 /* HomeView.swift in Sources */,
				F052E3012CEA336500769631 /* AnimatedText.swift in Sources */,
				F052E3032CEA33B400769631 /* AutoScrollingBannerView.swift in Sources */,
				F04EE0FE2CC8927E0095BD28 /* BetRow.swift in Sources */,
				F046287B2C88A757008FB346 /* ContentView.swift in Sources */,
				B575E8012D6E9A1A00D2140E /* TabSelection.swift in Sources */,
				B5B9BF992D97BCC00046955F /* LoggerService.swift in Sources */,
				F00CB70E2C9CF74E003D70E3 /* LoginView.swift in Sources */,
				F05CA8332CECB4DF0080F2B7 /* ValidationUtils.swift in Sources */,
				F095C9092C8FB0DE002C94FD /* EventViewModel.swift in Sources */,
				F05CA82B2CEBFA3E0080F2B7 /* SocialLoginButton.swift in Sources */,
				F00CB7072C9CF484003D70E3 /* BetView.swift in Sources */,
				F00CB7102C9CF7BD003D70E3 /* RegisterView.swift in Sources */,
				F04628792C88A757008FB346 /* Sports_AlmanachApp.swift in Sources */,
				F095C8FD2C8FAEE2002C94FD /* Profile.swift in Sources */,
				F05BC2C92CA732ED00562C51 /* Outcome.swift in Sources */,
				F05BC2C22CA6A85B00562C51 /* Season.swift in Sources */,
				F04217992CD2702900BEA19B /* CustomTabBar.swift in Sources */,
				B575E8072D6EBA7700D2140E /* BetRepository.swift in Sources */,
				F05BC2C52CA6AF9C00562C51 /* EventDetailView.swift in Sources */,
				F00CB7092C9CF4B4003D70E3 /* EventsView.swift in Sources */,
				F095C8FF2C8FAF01002C94FD /* Mocks.swift in Sources */,
				F04EE1002CC895600095BD28 /* BetSlipView.swift in Sources */,
				B541F6872D53732B00A40B73 /* Banner.swift in Sources */,
				F052E2F92CEA319600769631 /* LogoutButton.swift in Sources */,
				F05CA8312CECAB080080F2B7 /* BirthdayUtils.swift in Sources */,
				F0A016912CA23A5200C749E3 /* SportEventUtils.swift in Sources */,
				F052E2FF2CEA32BB00769631 /* SectionListView.swift in Sources */,
				B575E8032D6E9E5E00D2140E /* AppErrors.swift in Sources */,
				F01DD55C2CCDCECF001176A2 /* Bet.swift in Sources */,
				F05BC2CB2CA7339F00562C51 /* BetViewModel.swift in Sources */,
				F052E2FD2CEA325100769631 /* DividerView.swift in Sources */,
				F0A80FC72CD194CB00379EB8 /* WebView.swift in Sources */,
				F00CB7162C9E480D003D70E3 /* SplashView.swift in Sources */,
				F095C8F92C8FAE97002C94FD /* EventStatus.swift in Sources */,
			);
			runOnlyForDeploymentPostprocessing = 0;
		};
/* End PBXSourcesBuildPhase section */

/* Begin XCBuildConfiguration section */
		F04628812C88A759008FB346 /* Debug */ = {
			isa = XCBuildConfiguration;
			buildSettings = {
				ALWAYS_SEARCH_USER_PATHS = NO;
				ASSETCATALOG_COMPILER_GENERATE_SWIFT_ASSET_SYMBOL_EXTENSIONS = YES;
				CLANG_ANALYZER_NONNULL = YES;
				CLANG_ANALYZER_NUMBER_OBJECT_CONVERSION = YES_AGGRESSIVE;
				CLANG_CXX_LANGUAGE_STANDARD = "gnu++20";
				CLANG_ENABLE_MODULES = YES;
				CLANG_ENABLE_OBJC_ARC = YES;
				CLANG_ENABLE_OBJC_WEAK = YES;
				CLANG_WARN_BLOCK_CAPTURE_AUTORELEASING = YES;
				CLANG_WARN_BOOL_CONVERSION = YES;
				CLANG_WARN_COMMA = YES;
				CLANG_WARN_CONSTANT_CONVERSION = YES;
				CLANG_WARN_DEPRECATED_OBJC_IMPLEMENTATIONS = YES;
				CLANG_WARN_DIRECT_OBJC_ISA_USAGE = YES_ERROR;
				CLANG_WARN_DOCUMENTATION_COMMENTS = YES;
				CLANG_WARN_EMPTY_BODY = YES;
				CLANG_WARN_ENUM_CONVERSION = YES;
				CLANG_WARN_INFINITE_RECURSION = YES;
				CLANG_WARN_INT_CONVERSION = YES;
				CLANG_WARN_NON_LITERAL_NULL_CONVERSION = YES;
				CLANG_WARN_OBJC_IMPLICIT_RETAIN_SELF = YES;
				CLANG_WARN_OBJC_LITERAL_CONVERSION = YES;
				CLANG_WARN_OBJC_ROOT_CLASS = YES_ERROR;
				CLANG_WARN_QUOTED_INCLUDE_IN_FRAMEWORK_HEADER = YES;
				CLANG_WARN_RANGE_LOOP_ANALYSIS = YES;
				CLANG_WARN_STRICT_PROTOTYPES = YES;
				CLANG_WARN_SUSPICIOUS_MOVE = YES;
				CLANG_WARN_UNGUARDED_AVAILABILITY = YES_AGGRESSIVE;
				CLANG_WARN_UNREACHABLE_CODE = YES;
				CLANG_WARN__DUPLICATE_METHOD_MATCH = YES;
				COPY_PHASE_STRIP = NO;
				DEBUG_INFORMATION_FORMAT = dwarf;
				ENABLE_STRICT_OBJC_MSGSEND = YES;
				ENABLE_TESTABILITY = YES;
				ENABLE_USER_SCRIPT_SANDBOXING = YES;
				GCC_C_LANGUAGE_STANDARD = gnu17;
				GCC_DYNAMIC_NO_PIC = NO;
				GCC_NO_COMMON_BLOCKS = YES;
				GCC_OPTIMIZATION_LEVEL = 0;
				GCC_PREPROCESSOR_DEFINITIONS = (
					"DEBUG=1",
					"$(inherited)",
				);
				GCC_WARN_64_TO_32_BIT_CONVERSION = YES;
				GCC_WARN_ABOUT_RETURN_TYPE = YES_ERROR;
				GCC_WARN_UNDECLARED_SELECTOR = YES;
				GCC_WARN_UNINITIALIZED_AUTOS = YES_AGGRESSIVE;
				GCC_WARN_UNUSED_FUNCTION = YES;
				GCC_WARN_UNUSED_VARIABLE = YES;
				IPHONEOS_DEPLOYMENT_TARGET = 17.5;
				LOCALIZATION_PREFERS_STRING_CATALOGS = YES;
				MTL_ENABLE_DEBUG_INFO = INCLUDE_SOURCE;
				MTL_FAST_MATH = YES;
				ONLY_ACTIVE_ARCH = YES;
				SDKROOT = iphoneos;
				SWIFT_ACTIVE_COMPILATION_CONDITIONS = "DEBUG $(inherited)";
				SWIFT_OPTIMIZATION_LEVEL = "-Onone";
			};
			name = Debug;
		};
		F04628822C88A759008FB346 /* Release */ = {
			isa = XCBuildConfiguration;
			buildSettings = {
				ALWAYS_SEARCH_USER_PATHS = NO;
				ASSETCATALOG_COMPILER_GENERATE_SWIFT_ASSET_SYMBOL_EXTENSIONS = YES;
				CLANG_ANALYZER_NONNULL = YES;
				CLANG_ANALYZER_NUMBER_OBJECT_CONVERSION = YES_AGGRESSIVE;
				CLANG_CXX_LANGUAGE_STANDARD = "gnu++20";
				CLANG_ENABLE_MODULES = YES;
				CLANG_ENABLE_OBJC_ARC = YES;
				CLANG_ENABLE_OBJC_WEAK = YES;
				CLANG_WARN_BLOCK_CAPTURE_AUTORELEASING = YES;
				CLANG_WARN_BOOL_CONVERSION = YES;
				CLANG_WARN_COMMA = YES;
				CLANG_WARN_CONSTANT_CONVERSION = YES;
				CLANG_WARN_DEPRECATED_OBJC_IMPLEMENTATIONS = YES;
				CLANG_WARN_DIRECT_OBJC_ISA_USAGE = YES_ERROR;
				CLANG_WARN_DOCUMENTATION_COMMENTS = YES;
				CLANG_WARN_EMPTY_BODY = YES;
				CLANG_WARN_ENUM_CONVERSION = YES;
				CLANG_WARN_INFINITE_RECURSION = YES;
				CLANG_WARN_INT_CONVERSION = YES;
				CLANG_WARN_NON_LITERAL_NULL_CONVERSION = YES;
				CLANG_WARN_OBJC_IMPLICIT_RETAIN_SELF = YES;
				CLANG_WARN_OBJC_LITERAL_CONVERSION = YES;
				CLANG_WARN_OBJC_ROOT_CLASS = YES_ERROR;
				CLANG_WARN_QUOTED_INCLUDE_IN_FRAMEWORK_HEADER = YES;
				CLANG_WARN_RANGE_LOOP_ANALYSIS = YES;
				CLANG_WARN_STRICT_PROTOTYPES = YES;
				CLANG_WARN_SUSPICIOUS_MOVE = YES;
				CLANG_WARN_UNGUARDED_AVAILABILITY = YES_AGGRESSIVE;
				CLANG_WARN_UNREACHABLE_CODE = YES;
				CLANG_WARN__DUPLICATE_METHOD_MATCH = YES;
				COPY_PHASE_STRIP = NO;
				DEBUG_INFORMATION_FORMAT = "dwarf-with-dsym";
				ENABLE_NS_ASSERTIONS = NO;
				ENABLE_STRICT_OBJC_MSGSEND = YES;
				ENABLE_USER_SCRIPT_SANDBOXING = YES;
				GCC_C_LANGUAGE_STANDARD = gnu17;
				GCC_NO_COMMON_BLOCKS = YES;
				GCC_WARN_64_TO_32_BIT_CONVERSION = YES;
				GCC_WARN_ABOUT_RETURN_TYPE = YES_ERROR;
				GCC_WARN_UNDECLARED_SELECTOR = YES;
				GCC_WARN_UNINITIALIZED_AUTOS = YES_AGGRESSIVE;
				GCC_WARN_UNUSED_FUNCTION = YES;
				GCC_WARN_UNUSED_VARIABLE = YES;
				IPHONEOS_DEPLOYMENT_TARGET = 17.5;
				LOCALIZATION_PREFERS_STRING_CATALOGS = YES;
				MTL_ENABLE_DEBUG_INFO = NO;
				MTL_FAST_MATH = YES;
				SDKROOT = iphoneos;
				SWIFT_COMPILATION_MODE = wholemodule;
				VALIDATE_PRODUCT = YES;
			};
			name = Release;
		};
		F04628842C88A759008FB346 /* Debug */ = {
			isa = XCBuildConfiguration;
			buildSettings = {
				ASSETCATALOG_COMPILER_APPICON_NAME = AppIcon;
				ASSETCATALOG_COMPILER_GLOBAL_ACCENT_COLOR_NAME = AccentColor;
				CODE_SIGN_STYLE = Automatic;
				CURRENT_PROJECT_VERSION = 1;
				DEVELOPMENT_ASSET_PATHS = "\"Sports-Almanach/Preview Content\"";
				DEVELOPMENT_TEAM = T8M3GABN4B;
				ENABLE_PREVIEWS = YES;
				ENABLE_USER_SCRIPT_SANDBOXING = NO;
				GENERATE_INFOPLIST_FILE = YES;
				INFOPLIST_KEY_UIApplicationSceneManifest_Generation = YES;
				INFOPLIST_KEY_UIApplicationSupportsIndirectInputEvents = YES;
				INFOPLIST_KEY_UILaunchScreen_Generation = YES;
				INFOPLIST_KEY_UISupportedInterfaceOrientations_iPad = "UIInterfaceOrientationPortrait UIInterfaceOrientationPortraitUpsideDown UIInterfaceOrientationLandscapeLeft UIInterfaceOrientationLandscapeRight";
				INFOPLIST_KEY_UISupportedInterfaceOrientations_iPhone = "UIInterfaceOrientationPortrait UIInterfaceOrientationLandscapeLeft UIInterfaceOrientationLandscapeRight";
				LD_RUNPATH_SEARCH_PATHS = (
					"$(inherited)",
					"@executable_path/Frameworks",
				);
				MARKETING_VERSION = 1.0;
				PRODUCT_BUNDLE_IDENTIFIER = "com.aidata.Sports-Almanach";
				PRODUCT_NAME = "$(TARGET_NAME)";
				SWIFT_EMIT_LOC_STRINGS = YES;
				SWIFT_VERSION = 5.0;
				TARGETED_DEVICE_FAMILY = "1,2";
			};
			name = Debug;
		};
		F04628852C88A759008FB346 /* Release */ = {
			isa = XCBuildConfiguration;
			buildSettings = {
				ASSETCATALOG_COMPILER_APPICON_NAME = AppIcon;
				ASSETCATALOG_COMPILER_GLOBAL_ACCENT_COLOR_NAME = AccentColor;
				CODE_SIGN_STYLE = Automatic;
				CURRENT_PROJECT_VERSION = 1;
				DEVELOPMENT_ASSET_PATHS = "\"Sports-Almanach/Preview Content\"";
				DEVELOPMENT_TEAM = T8M3GABN4B;
				ENABLE_PREVIEWS = YES;
				ENABLE_USER_SCRIPT_SANDBOXING = NO;
				GENERATE_INFOPLIST_FILE = YES;
				INFOPLIST_KEY_UIApplicationSceneManifest_Generation = YES;
				INFOPLIST_KEY_UIApplicationSupportsIndirectInputEvents = YES;
				INFOPLIST_KEY_UILaunchScreen_Generation = YES;
				INFOPLIST_KEY_UISupportedInterfaceOrientations_iPad = "UIInterfaceOrientationPortrait UIInterfaceOrientationPortraitUpsideDown UIInterfaceOrientationLandscapeLeft UIInterfaceOrientationLandscapeRight";
				INFOPLIST_KEY_UISupportedInterfaceOrientations_iPhone = "UIInterfaceOrientationPortrait UIInterfaceOrientationLandscapeLeft UIInterfaceOrientationLandscapeRight";
				LD_RUNPATH_SEARCH_PATHS = (
					"$(inherited)",
					"@executable_path/Frameworks",
				);
				MARKETING_VERSION = 1.0;
				PRODUCT_BUNDLE_IDENTIFIER = "com.aidata.Sports-Almanach";
				PRODUCT_NAME = "$(TARGET_NAME)";
				SWIFT_EMIT_LOC_STRINGS = YES;
				SWIFT_VERSION = 5.0;
				TARGETED_DEVICE_FAMILY = "1,2";
			};
			name = Release;
		};
/* End XCBuildConfiguration section */

/* Begin XCConfigurationList section */
		F04628702C88A757008FB346 /* Build configuration list for PBXProject "Sports-Almanach" */ = {
			isa = XCConfigurationList;
			buildConfigurations = (
				F04628812C88A759008FB346 /* Debug */,
				F04628822C88A759008FB346 /* Release */,
			);
			defaultConfigurationIsVisible = 0;
			defaultConfigurationName = Release;
		};
		F04628832C88A759008FB346 /* Build configuration list for PBXNativeTarget "Sports-Almanach" */ = {
			isa = XCConfigurationList;
			buildConfigurations = (
				F04628842C88A759008FB346 /* Debug */,
				F04628852C88A759008FB346 /* Release */,
			);
			defaultConfigurationIsVisible = 0;
			defaultConfigurationName = Release;
		};
/* End XCConfigurationList section */

/* Begin XCRemoteSwiftPackageReference section */
		F081DC952CB54D9200116E7B /* XCRemoteSwiftPackageReference "firebase-ios-sdk" */ = {
			isa = XCRemoteSwiftPackageReference;
			repositoryURL = "https://github.com/firebase/firebase-ios-sdk.git";
			requirement = {
				kind = upToNextMajorVersion;
				minimumVersion = 11.3.0;
			};
		};
/* End XCRemoteSwiftPackageReference section */

/* Begin XCSwiftPackageProductDependency section */
		B533F8472D307E6300EC9B27 /* FirebaseAnalytics */ = {
			isa = XCSwiftPackageProductDependency;
			productName = FirebaseAnalytics;
		};
		B533F8492D307E6300EC9B27 /* FirebaseAnalyticsOnDeviceConversion */ = {
			isa = XCSwiftPackageProductDependency;
			productName = FirebaseAnalyticsOnDeviceConversion;
		};
		B533F84B2D307E6300EC9B27 /* FirebaseAnalyticsWithoutAdIdSupport */ = {
			isa = XCSwiftPackageProductDependency;
			productName = FirebaseAnalyticsWithoutAdIdSupport;
		};
		B533F84D2D307E6300EC9B27 /* FirebaseAppCheck */ = {
			isa = XCSwiftPackageProductDependency;
			productName = FirebaseAppCheck;
		};
		B533F84F2D307E6300EC9B27 /* FirebaseAppDistribution-Beta */ = {
			isa = XCSwiftPackageProductDependency;
			productName = "FirebaseAppDistribution-Beta";
		};
		B533F8512D307E6300EC9B27 /* FirebaseAuth */ = {
			isa = XCSwiftPackageProductDependency;
			productName = FirebaseAuth;
		};
		B533F8532D307E6300EC9B27 /* FirebaseAuthCombine-Community */ = {
			isa = XCSwiftPackageProductDependency;
			productName = "FirebaseAuthCombine-Community";
		};
		B533F8552D307E6300EC9B27 /* FirebaseCore */ = {
			isa = XCSwiftPackageProductDependency;
			productName = FirebaseCore;
		};
		B533F8572D307E6300EC9B27 /* FirebaseCrashlytics */ = {
			isa = XCSwiftPackageProductDependency;
			productName = FirebaseCrashlytics;
		};
		B533F8592D307E6300EC9B27 /* FirebaseDatabase */ = {
			isa = XCSwiftPackageProductDependency;
			productName = FirebaseDatabase;
		};
		B533F85B2D307E6300EC9B27 /* FirebaseDynamicLinks */ = {
			isa = XCSwiftPackageProductDependency;
			productName = FirebaseDynamicLinks;
		};
		B533F85D2D307E6300EC9B27 /* FirebaseFirestore */ = {
			isa = XCSwiftPackageProductDependency;
			productName = FirebaseFirestore;
		};
		B533F85F2D307E6300EC9B27 /* FirebaseFirestoreCombine-Community */ = {
			isa = XCSwiftPackageProductDependency;
			productName = "FirebaseFirestoreCombine-Community";
		};
		B533F8612D307E6300EC9B27 /* FirebaseFunctions */ = {
			isa = XCSwiftPackageProductDependency;
			productName = FirebaseFunctions;
		};
		B533F8632D307E6300EC9B27 /* FirebaseFunctionsCombine-Community */ = {
			isa = XCSwiftPackageProductDependency;
			productName = "FirebaseFunctionsCombine-Community";
		};
		B533F8652D307E6300EC9B27 /* FirebaseInAppMessaging-Beta */ = {
			isa = XCSwiftPackageProductDependency;
			productName = "FirebaseInAppMessaging-Beta";
		};
		B533F8672D307E6300EC9B27 /* FirebaseInstallations */ = {
			isa = XCSwiftPackageProductDependency;
			productName = FirebaseInstallations;
		};
		B533F8692D307E6300EC9B27 /* FirebaseMLModelDownloader */ = {
			isa = XCSwiftPackageProductDependency;
			productName = FirebaseMLModelDownloader;
		};
		B533F86B2D307E6300EC9B27 /* FirebaseMessaging */ = {
			isa = XCSwiftPackageProductDependency;
			productName = FirebaseMessaging;
		};
		B533F86D2D307E6300EC9B27 /* FirebasePerformance */ = {
			isa = XCSwiftPackageProductDependency;
			productName = FirebasePerformance;
		};
		B533F86F2D307E6300EC9B27 /* FirebaseRemoteConfig */ = {
			isa = XCSwiftPackageProductDependency;
			productName = FirebaseRemoteConfig;
		};
		B533F8712D307E6300EC9B27 /* FirebaseStorage */ = {
			isa = XCSwiftPackageProductDependency;
			productName = FirebaseStorage;
		};
		B533F8732D307E6300EC9B27 /* FirebaseStorageCombine-Community */ = {
			isa = XCSwiftPackageProductDependency;
			productName = "FirebaseStorageCombine-Community";
		};
		B533F8752D307E6300EC9B27 /* FirebaseVertexAI-Preview */ = {
			isa = XCSwiftPackageProductDependency;
			productName = "FirebaseVertexAI-Preview";
		};
		B533F8782D309CD300EC9B27 /* FirebaseAnalytics */ = {
			isa = XCSwiftPackageProductDependency;
			package = F081DC952CB54D9200116E7B /* XCRemoteSwiftPackageReference "firebase-ios-sdk" */;
			productName = FirebaseAnalytics;
		};
		B533F87A2D309CD300EC9B27 /* FirebaseAnalyticsOnDeviceConversion */ = {
			isa = XCSwiftPackageProductDependency;
			package = F081DC952CB54D9200116E7B /* XCRemoteSwiftPackageReference "firebase-ios-sdk" */;
			productName = FirebaseAnalyticsOnDeviceConversion;
		};
		B533F87C2D309CD300EC9B27 /* FirebaseAnalyticsWithoutAdIdSupport */ = {
			isa = XCSwiftPackageProductDependency;
			package = F081DC952CB54D9200116E7B /* XCRemoteSwiftPackageReference "firebase-ios-sdk" */;
			productName = FirebaseAnalyticsWithoutAdIdSupport;
		};
		B533F87E2D309CD300EC9B27 /* FirebaseAppCheck */ = {
			isa = XCSwiftPackageProductDependency;
			package = F081DC952CB54D9200116E7B /* XCRemoteSwiftPackageReference "firebase-ios-sdk" */;
			productName = FirebaseAppCheck;
		};
		B533F8802D309CD300EC9B27 /* FirebaseAppDistribution-Beta */ = {
			isa = XCSwiftPackageProductDependency;
			package = F081DC952CB54D9200116E7B /* XCRemoteSwiftPackageReference "firebase-ios-sdk" */;
			productName = "FirebaseAppDistribution-Beta";
		};
		B533F8822D309CD300EC9B27 /* FirebaseAuth */ = {
			isa = XCSwiftPackageProductDependency;
			package = F081DC952CB54D9200116E7B /* XCRemoteSwiftPackageReference "firebase-ios-sdk" */;
			productName = FirebaseAuth;
		};
		B533F8842D309CD300EC9B27 /* FirebaseAuthCombine-Community */ = {
			isa = XCSwiftPackageProductDependency;
			package = F081DC952CB54D9200116E7B /* XCRemoteSwiftPackageReference "firebase-ios-sdk" */;
			productName = "FirebaseAuthCombine-Community";
		};
		B533F8862D309CD300EC9B27 /* FirebaseCore */ = {
			isa = XCSwiftPackageProductDependency;
			package = F081DC952CB54D9200116E7B /* XCRemoteSwiftPackageReference "firebase-ios-sdk" */;
			productName = FirebaseCore;
		};
		B533F8882D309CD300EC9B27 /* FirebaseCrashlytics */ = {
			isa = XCSwiftPackageProductDependency;
			package = F081DC952CB54D9200116E7B /* XCRemoteSwiftPackageReference "firebase-ios-sdk" */;
			productName = FirebaseCrashlytics;
		};
		B533F88A2D309CD300EC9B27 /* FirebaseDatabase */ = {
			isa = XCSwiftPackageProductDependency;
			package = F081DC952CB54D9200116E7B /* XCRemoteSwiftPackageReference "firebase-ios-sdk" */;
			productName = FirebaseDatabase;
		};
		B533F88C2D309CD300EC9B27 /* FirebaseDynamicLinks */ = {
			isa = XCSwiftPackageProductDependency;
			package = F081DC952CB54D9200116E7B /* XCRemoteSwiftPackageReference "firebase-ios-sdk" */;
			productName = FirebaseDynamicLinks;
		};
		B533F88E2D309CD300EC9B27 /* FirebaseFirestore */ = {
			isa = XCSwiftPackageProductDependency;
			package = F081DC952CB54D9200116E7B /* XCRemoteSwiftPackageReference "firebase-ios-sdk" */;
			productName = FirebaseFirestore;
		};
		B533F8902D309CD300EC9B27 /* FirebaseFirestoreCombine-Community */ = {
			isa = XCSwiftPackageProductDependency;
			package = F081DC952CB54D9200116E7B /* XCRemoteSwiftPackageReference "firebase-ios-sdk" */;
			productName = "FirebaseFirestoreCombine-Community";
		};
		B533F8922D309CD300EC9B27 /* FirebaseFunctions */ = {
			isa = XCSwiftPackageProductDependency;
			package = F081DC952CB54D9200116E7B /* XCRemoteSwiftPackageReference "firebase-ios-sdk" */;
			productName = FirebaseFunctions;
		};
		B533F8942D309CD300EC9B27 /* FirebaseFunctionsCombine-Community */ = {
			isa = XCSwiftPackageProductDependency;
			package = F081DC952CB54D9200116E7B /* XCRemoteSwiftPackageReference "firebase-ios-sdk" */;
			productName = "FirebaseFunctionsCombine-Community";
		};
		B533F8962D309CD300EC9B27 /* FirebaseInAppMessaging-Beta */ = {
			isa = XCSwiftPackageProductDependency;
			package = F081DC952CB54D9200116E7B /* XCRemoteSwiftPackageReference "firebase-ios-sdk" */;
			productName = "FirebaseInAppMessaging-Beta";
		};
		B533F8982D309CD300EC9B27 /* FirebaseInstallations */ = {
			isa = XCSwiftPackageProductDependency;
			package = F081DC952CB54D9200116E7B /* XCRemoteSwiftPackageReference "firebase-ios-sdk" */;
			productName = FirebaseInstallations;
		};
		B533F89A2D309CD300EC9B27 /* FirebaseMLModelDownloader */ = {
			isa = XCSwiftPackageProductDependency;
			package = F081DC952CB54D9200116E7B /* XCRemoteSwiftPackageReference "firebase-ios-sdk" */;
			productName = FirebaseMLModelDownloader;
		};
		B533F89C2D309CD300EC9B27 /* FirebaseMessaging */ = {
			isa = XCSwiftPackageProductDependency;
			package = F081DC952CB54D9200116E7B /* XCRemoteSwiftPackageReference "firebase-ios-sdk" */;
			productName = FirebaseMessaging;
		};
		B533F89E2D309CD300EC9B27 /* FirebasePerformance */ = {
			isa = XCSwiftPackageProductDependency;
			package = F081DC952CB54D9200116E7B /* XCRemoteSwiftPackageReference "firebase-ios-sdk" */;
			productName = FirebasePerformance;
		};
		B533F8A02D309CD300EC9B27 /* FirebaseRemoteConfig */ = {
			isa = XCSwiftPackageProductDependency;
			package = F081DC952CB54D9200116E7B /* XCRemoteSwiftPackageReference "firebase-ios-sdk" */;
			productName = FirebaseRemoteConfig;
		};
		B533F8A22D309CD300EC9B27 /* FirebaseStorage */ = {
			isa = XCSwiftPackageProductDependency;
			package = F081DC952CB54D9200116E7B /* XCRemoteSwiftPackageReference "firebase-ios-sdk" */;
			productName = FirebaseStorage;
		};
		B533F8A42D309CD300EC9B27 /* FirebaseStorageCombine-Community */ = {
			isa = XCSwiftPackageProductDependency;
			package = F081DC952CB54D9200116E7B /* XCRemoteSwiftPackageReference "firebase-ios-sdk" */;
			productName = "FirebaseStorageCombine-Community";
		};
		B533F8A62D309CD300EC9B27 /* FirebaseVertexAI-Preview */ = {
			isa = XCSwiftPackageProductDependency;
			package = F081DC952CB54D9200116E7B /* XCRemoteSwiftPackageReference "firebase-ios-sdk" */;
			productName = "FirebaseVertexAI-Preview";
		};
		B533F8A82D309F1600EC9B27 /* FirebaseAnalytics */ = {
			isa = XCSwiftPackageProductDependency;
			package = F081DC952CB54D9200116E7B /* XCRemoteSwiftPackageReference "firebase-ios-sdk" */;
			productName = FirebaseAnalytics;
		};
		B533F8AA2D309F1600EC9B27 /* FirebaseAnalyticsOnDeviceConversion */ = {
			isa = XCSwiftPackageProductDependency;
			package = F081DC952CB54D9200116E7B /* XCRemoteSwiftPackageReference "firebase-ios-sdk" */;
			productName = FirebaseAnalyticsOnDeviceConversion;
		};
		B533F8AC2D309F1600EC9B27 /* FirebaseAnalyticsWithoutAdIdSupport */ = {
			isa = XCSwiftPackageProductDependency;
			package = F081DC952CB54D9200116E7B /* XCRemoteSwiftPackageReference "firebase-ios-sdk" */;
			productName = FirebaseAnalyticsWithoutAdIdSupport;
		};
		B533F8AE2D309F1600EC9B27 /* FirebaseAppCheck */ = {
			isa = XCSwiftPackageProductDependency;
			package = F081DC952CB54D9200116E7B /* XCRemoteSwiftPackageReference "firebase-ios-sdk" */;
			productName = FirebaseAppCheck;
		};
		B533F8B02D309F1600EC9B27 /* FirebaseAppDistribution-Beta */ = {
			isa = XCSwiftPackageProductDependency;
			package = F081DC952CB54D9200116E7B /* XCRemoteSwiftPackageReference "firebase-ios-sdk" */;
			productName = "FirebaseAppDistribution-Beta";
		};
		B533F8B22D309F1600EC9B27 /* FirebaseAuth */ = {
			isa = XCSwiftPackageProductDependency;
			package = F081DC952CB54D9200116E7B /* XCRemoteSwiftPackageReference "firebase-ios-sdk" */;
			productName = FirebaseAuth;
		};
		B533F8B42D309F1600EC9B27 /* FirebaseAuthCombine-Community */ = {
			isa = XCSwiftPackageProductDependency;
			package = F081DC952CB54D9200116E7B /* XCRemoteSwiftPackageReference "firebase-ios-sdk" */;
			productName = "FirebaseAuthCombine-Community";
		};
		B533F8B62D309F1600EC9B27 /* FirebaseCore */ = {
			isa = XCSwiftPackageProductDependency;
			package = F081DC952CB54D9200116E7B /* XCRemoteSwiftPackageReference "firebase-ios-sdk" */;
			productName = FirebaseCore;
		};
		B533F8B82D309F1600EC9B27 /* FirebaseCrashlytics */ = {
			isa = XCSwiftPackageProductDependency;
			package = F081DC952CB54D9200116E7B /* XCRemoteSwiftPackageReference "firebase-ios-sdk" */;
			productName = FirebaseCrashlytics;
		};
		B533F8BA2D309F1600EC9B27 /* FirebaseDatabase */ = {
			isa = XCSwiftPackageProductDependency;
			package = F081DC952CB54D9200116E7B /* XCRemoteSwiftPackageReference "firebase-ios-sdk" */;
			productName = FirebaseDatabase;
		};
		B533F8BC2D309F1600EC9B27 /* FirebaseDynamicLinks */ = {
			isa = XCSwiftPackageProductDependency;
			package = F081DC952CB54D9200116E7B /* XCRemoteSwiftPackageReference "firebase-ios-sdk" */;
			productName = FirebaseDynamicLinks;
		};
		B533F8BE2D309F1600EC9B27 /* FirebaseFirestore */ = {
			isa = XCSwiftPackageProductDependency;
			package = F081DC952CB54D9200116E7B /* XCRemoteSwiftPackageReference "firebase-ios-sdk" */;
			productName = FirebaseFirestore;
		};
		B533F8C02D309F1600EC9B27 /* FirebaseFirestoreCombine-Community */ = {
			isa = XCSwiftPackageProductDependency;
			package = F081DC952CB54D9200116E7B /* XCRemoteSwiftPackageReference "firebase-ios-sdk" */;
			productName = "FirebaseFirestoreCombine-Community";
		};
		B533F8C22D309F1600EC9B27 /* FirebaseFunctions */ = {
			isa = XCSwiftPackageProductDependency;
			package = F081DC952CB54D9200116E7B /* XCRemoteSwiftPackageReference "firebase-ios-sdk" */;
			productName = FirebaseFunctions;
		};
		B533F8C42D309F1600EC9B27 /* FirebaseFunctionsCombine-Community */ = {
			isa = XCSwiftPackageProductDependency;
			package = F081DC952CB54D9200116E7B /* XCRemoteSwiftPackageReference "firebase-ios-sdk" */;
			productName = "FirebaseFunctionsCombine-Community";
		};
		B533F8C62D309F1600EC9B27 /* FirebaseInAppMessaging-Beta */ = {
			isa = XCSwiftPackageProductDependency;
			package = F081DC952CB54D9200116E7B /* XCRemoteSwiftPackageReference "firebase-ios-sdk" */;
			productName = "FirebaseInAppMessaging-Beta";
		};
		B533F8C82D309F1600EC9B27 /* FirebaseInstallations */ = {
			isa = XCSwiftPackageProductDependency;
			package = F081DC952CB54D9200116E7B /* XCRemoteSwiftPackageReference "firebase-ios-sdk" */;
			productName = FirebaseInstallations;
		};
		B533F8CA2D309F1600EC9B27 /* FirebaseMLModelDownloader */ = {
			isa = XCSwiftPackageProductDependency;
			package = F081DC952CB54D9200116E7B /* XCRemoteSwiftPackageReference "firebase-ios-sdk" */;
			productName = FirebaseMLModelDownloader;
		};
		B533F8CC2D309F1600EC9B27 /* FirebaseMessaging */ = {
			isa = XCSwiftPackageProductDependency;
			package = F081DC952CB54D9200116E7B /* XCRemoteSwiftPackageReference "firebase-ios-sdk" */;
			productName = FirebaseMessaging;
		};
		B533F8CE2D309F1600EC9B27 /* FirebasePerformance */ = {
			isa = XCSwiftPackageProductDependency;
			package = F081DC952CB54D9200116E7B /* XCRemoteSwiftPackageReference "firebase-ios-sdk" */;
			productName = FirebasePerformance;
		};
		B533F8D02D309F1600EC9B27 /* FirebaseRemoteConfig */ = {
			isa = XCSwiftPackageProductDependency;
			package = F081DC952CB54D9200116E7B /* XCRemoteSwiftPackageReference "firebase-ios-sdk" */;
			productName = FirebaseRemoteConfig;
		};
		B533F8D22D309F1600EC9B27 /* FirebaseStorage */ = {
			isa = XCSwiftPackageProductDependency;
			package = F081DC952CB54D9200116E7B /* XCRemoteSwiftPackageReference "firebase-ios-sdk" */;
			productName = FirebaseStorage;
		};
		B533F8D42D309F1600EC9B27 /* FirebaseStorageCombine-Community */ = {
			isa = XCSwiftPackageProductDependency;
			package = F081DC952CB54D9200116E7B /* XCRemoteSwiftPackageReference "firebase-ios-sdk" */;
			productName = "FirebaseStorageCombine-Community";
		};
		B533F8D62D309F1600EC9B27 /* FirebaseVertexAI-Preview */ = {
			isa = XCSwiftPackageProductDependency;
			package = F081DC952CB54D9200116E7B /* XCRemoteSwiftPackageReference "firebase-ios-sdk" */;
			productName = "FirebaseVertexAI-Preview";
		};
		F063893A2CB7F34600746C98 /* FirebaseAnalytics */ = {
			isa = XCSwiftPackageProductDependency;
			package = F081DC952CB54D9200116E7B /* XCRemoteSwiftPackageReference "firebase-ios-sdk" */;
			productName = FirebaseAnalytics;
		};
		F063893C2CB7F34600746C98 /* FirebaseAnalyticsOnDeviceConversion */ = {
			isa = XCSwiftPackageProductDependency;
			package = F081DC952CB54D9200116E7B /* XCRemoteSwiftPackageReference "firebase-ios-sdk" */;
			productName = FirebaseAnalyticsOnDeviceConversion;
		};
		F063893E2CB7F34600746C98 /* FirebaseAnalyticsWithoutAdIdSupport */ = {
			isa = XCSwiftPackageProductDependency;
			package = F081DC952CB54D9200116E7B /* XCRemoteSwiftPackageReference "firebase-ios-sdk" */;
			productName = FirebaseAnalyticsWithoutAdIdSupport;
		};
		F06389402CB7F34600746C98 /* FirebaseAppCheck */ = {
			isa = XCSwiftPackageProductDependency;
			package = F081DC952CB54D9200116E7B /* XCRemoteSwiftPackageReference "firebase-ios-sdk" */;
			productName = FirebaseAppCheck;
		};
		F06389422CB7F34600746C98 /* FirebaseAppDistribution-Beta */ = {
			isa = XCSwiftPackageProductDependency;
			package = F081DC952CB54D9200116E7B /* XCRemoteSwiftPackageReference "firebase-ios-sdk" */;
			productName = "FirebaseAppDistribution-Beta";
		};
		F06389442CB7F34600746C98 /* FirebaseAuth */ = {
			isa = XCSwiftPackageProductDependency;
			package = F081DC952CB54D9200116E7B /* XCRemoteSwiftPackageReference "firebase-ios-sdk" */;
			productName = FirebaseAuth;
		};
		F06389462CB7F34600746C98 /* FirebaseAuthCombine-Community */ = {
			isa = XCSwiftPackageProductDependency;
			package = F081DC952CB54D9200116E7B /* XCRemoteSwiftPackageReference "firebase-ios-sdk" */;
			productName = "FirebaseAuthCombine-Community";
		};
		F06389482CB7F34600746C98 /* FirebaseCore */ = {
			isa = XCSwiftPackageProductDependency;
			package = F081DC952CB54D9200116E7B /* XCRemoteSwiftPackageReference "firebase-ios-sdk" */;
			productName = FirebaseCore;
		};
		F063894A2CB7F34600746C98 /* FirebaseCrashlytics */ = {
			isa = XCSwiftPackageProductDependency;
			package = F081DC952CB54D9200116E7B /* XCRemoteSwiftPackageReference "firebase-ios-sdk" */;
			productName = FirebaseCrashlytics;
		};
		F063894C2CB7F34600746C98 /* FirebaseDatabase */ = {
			isa = XCSwiftPackageProductDependency;
			package = F081DC952CB54D9200116E7B /* XCRemoteSwiftPackageReference "firebase-ios-sdk" */;
			productName = FirebaseDatabase;
		};
		F063894E2CB7F34600746C98 /* FirebaseDynamicLinks */ = {
			isa = XCSwiftPackageProductDependency;
			package = F081DC952CB54D9200116E7B /* XCRemoteSwiftPackageReference "firebase-ios-sdk" */;
			productName = FirebaseDynamicLinks;
		};
		F06389502CB7F34600746C98 /* FirebaseFirestore */ = {
			isa = XCSwiftPackageProductDependency;
			package = F081DC952CB54D9200116E7B /* XCRemoteSwiftPackageReference "firebase-ios-sdk" */;
			productName = FirebaseFirestore;
		};
		F06389522CB7F34600746C98 /* FirebaseFirestoreCombine-Community */ = {
			isa = XCSwiftPackageProductDependency;
			package = F081DC952CB54D9200116E7B /* XCRemoteSwiftPackageReference "firebase-ios-sdk" */;
			productName = "FirebaseFirestoreCombine-Community";
		};
		F06389542CB7F34600746C98 /* FirebaseFunctions */ = {
			isa = XCSwiftPackageProductDependency;
			package = F081DC952CB54D9200116E7B /* XCRemoteSwiftPackageReference "firebase-ios-sdk" */;
			productName = FirebaseFunctions;
		};
		F06389562CB7F34600746C98 /* FirebaseFunctionsCombine-Community */ = {
			isa = XCSwiftPackageProductDependency;
			package = F081DC952CB54D9200116E7B /* XCRemoteSwiftPackageReference "firebase-ios-sdk" */;
			productName = "FirebaseFunctionsCombine-Community";
		};
		F06389582CB7F34600746C98 /* FirebaseInAppMessaging-Beta */ = {
			isa = XCSwiftPackageProductDependency;
			package = F081DC952CB54D9200116E7B /* XCRemoteSwiftPackageReference "firebase-ios-sdk" */;
			productName = "FirebaseInAppMessaging-Beta";
		};
		F063895A2CB7F34600746C98 /* FirebaseInstallations */ = {
			isa = XCSwiftPackageProductDependency;
			package = F081DC952CB54D9200116E7B /* XCRemoteSwiftPackageReference "firebase-ios-sdk" */;
			productName = FirebaseInstallations;
		};
		F063895C2CB7F34600746C98 /* FirebaseMLModelDownloader */ = {
			isa = XCSwiftPackageProductDependency;
			package = F081DC952CB54D9200116E7B /* XCRemoteSwiftPackageReference "firebase-ios-sdk" */;
			productName = FirebaseMLModelDownloader;
		};
		F063895E2CB7F34600746C98 /* FirebaseMessaging */ = {
			isa = XCSwiftPackageProductDependency;
			package = F081DC952CB54D9200116E7B /* XCRemoteSwiftPackageReference "firebase-ios-sdk" */;
			productName = FirebaseMessaging;
		};
		F06389602CB7F34600746C98 /* FirebasePerformance */ = {
			isa = XCSwiftPackageProductDependency;
			package = F081DC952CB54D9200116E7B /* XCRemoteSwiftPackageReference "firebase-ios-sdk" */;
			productName = FirebasePerformance;
		};
		F06389622CB7F34600746C98 /* FirebaseRemoteConfig */ = {
			isa = XCSwiftPackageProductDependency;
			package = F081DC952CB54D9200116E7B /* XCRemoteSwiftPackageReference "firebase-ios-sdk" */;
			productName = FirebaseRemoteConfig;
		};
		F06389642CB7F34600746C98 /* FirebaseStorage */ = {
			isa = XCSwiftPackageProductDependency;
			package = F081DC952CB54D9200116E7B /* XCRemoteSwiftPackageReference "firebase-ios-sdk" */;
			productName = FirebaseStorage;
		};
		F06389662CB7F34600746C98 /* FirebaseStorageCombine-Community */ = {
			isa = XCSwiftPackageProductDependency;
			package = F081DC952CB54D9200116E7B /* XCRemoteSwiftPackageReference "firebase-ios-sdk" */;
			productName = "FirebaseStorageCombine-Community";
		};
		F06389682CB7F34600746C98 /* FirebaseVertexAI-Preview */ = {
			isa = XCSwiftPackageProductDependency;
			package = F081DC952CB54D9200116E7B /* XCRemoteSwiftPackageReference "firebase-ios-sdk" */;
			productName = "FirebaseVertexAI-Preview";
		};
		F081DC962CB54D9200116E7B /* FirebaseAuth */ = {
			isa = XCSwiftPackageProductDependency;
			package = F081DC952CB54D9200116E7B /* XCRemoteSwiftPackageReference "firebase-ios-sdk" */;
			productName = FirebaseAuth;
		};
		F081DC982CB54D9200116E7B /* FirebaseAuthCombine-Community */ = {
			isa = XCSwiftPackageProductDependency;
			package = F081DC952CB54D9200116E7B /* XCRemoteSwiftPackageReference "firebase-ios-sdk" */;
			productName = "FirebaseAuthCombine-Community";
		};
		F081DC9A2CB54D9200116E7B /* FirebaseCore */ = {
			isa = XCSwiftPackageProductDependency;
			package = F081DC952CB54D9200116E7B /* XCRemoteSwiftPackageReference "firebase-ios-sdk" */;
			productName = FirebaseCore;
		};
		F081DC9C2CB54D9200116E7B /* FirebaseCrashlytics */ = {
			isa = XCSwiftPackageProductDependency;
			package = F081DC952CB54D9200116E7B /* XCRemoteSwiftPackageReference "firebase-ios-sdk" */;
			productName = FirebaseCrashlytics;
		};
		F081DC9E2CB54D9200116E7B /* FirebaseFirestore */ = {
			isa = XCSwiftPackageProductDependency;
			package = F081DC952CB54D9200116E7B /* XCRemoteSwiftPackageReference "firebase-ios-sdk" */;
			productName = FirebaseFirestore;
		};
		F081DCA02CB54D9200116E7B /* FirebaseFirestoreCombine-Community */ = {
			isa = XCSwiftPackageProductDependency;
			package = F081DC952CB54D9200116E7B /* XCRemoteSwiftPackageReference "firebase-ios-sdk" */;
			productName = "FirebaseFirestoreCombine-Community";
		};
/* End XCSwiftPackageProductDependency section */
	};
	rootObject = F046286D2C88A757008FB346 /* Project object */;
}
