// !$*UTF8*$!
{
	archiveVersion = 1;
	classes = {
	};
	objectVersion = 56;
	objects = {

/* Begin PBXBuildFile section */
		F008388C2CD2EEB10004D97B /* Sport.swift in Sources */ = {isa = PBXBuildFile; fileRef = F008388B2CD2EDF30004D97B /* Sport.swift */; };
		F00CB7032C9CEF11003D70E3 /* ApiError.swift in Sources */ = {isa = PBXBuildFile; fileRef = F00CB7022C9CEEF9003D70E3 /* ApiError.swift */; };
		F00CB7052C9CF439003D70E3 /* HomeView.swift in Sources */ = {isa = PBXBuildFile; fileRef = F00CB7042C9CF430003D70E3 /* HomeView.swift */; };
		F00CB7072C9CF484003D70E3 /* BetView.swift in Sources */ = {isa = PBXBuildFile; fileRef = F00CB7062C9CF47F003D70E3 /* BetView.swift */; };
		F00CB7092C9CF4B4003D70E3 /* EventsView.swift in Sources */ = {isa = PBXBuildFile; fileRef = F00CB7082C9CF4AF003D70E3 /* EventsView.swift */; };
		F00CB70B2C9CF51E003D70E3 /* StatisticsView.swift in Sources */ = {isa = PBXBuildFile; fileRef = F00CB70A2C9CF51A003D70E3 /* StatisticsView.swift */; };
		F00CB70E2C9CF74E003D70E3 /* LoginView.swift in Sources */ = {isa = PBXBuildFile; fileRef = F00CB70D2C9CF747003D70E3 /* LoginView.swift */; };
		F00CB7102C9CF7BD003D70E3 /* RegisterView.swift in Sources */ = {isa = PBXBuildFile; fileRef = F00CB70F2C9CF7AB003D70E3 /* RegisterView.swift */; };
		F00CB7162C9E480D003D70E3 /* SplashView.swift in Sources */ = {isa = PBXBuildFile; fileRef = F00CB7152C9E47FC003D70E3 /* SplashView.swift */; };
		F01DD55C2CCDCECF001176A2 /* Bet.swift in Sources */ = {isa = PBXBuildFile; fileRef = F01DD55B2CCDCECB001176A2 /* Bet.swift */; };
		F01DD55E2CCDD485001176A2 /* BetSlipRow.swift in Sources */ = {isa = PBXBuildFile; fileRef = F01DD55D2CCDD479001176A2 /* BetSlipRow.swift */; };
		F026938A2CBD298D009596CD /* AuthError.swift in Sources */ = {isa = PBXBuildFile; fileRef = F02693892CBD2987009596CD /* AuthError.swift */; };
		F04217992CD2702900BEA19B /* CustomTabBar.swift in Sources */ = {isa = PBXBuildFile; fileRef = F04217982CD2702100BEA19B /* CustomTabBar.swift */; };
		F04628792C88A757008FB346 /* Sports_AlmanachApp.swift in Sources */ = {isa = PBXBuildFile; fileRef = F04628782C88A757008FB346 /* Sports_AlmanachApp.swift */; };
		F046287B2C88A757008FB346 /* ContentView.swift in Sources */ = {isa = PBXBuildFile; fileRef = F046287A2C88A757008FB346 /* ContentView.swift */; };
		F046287D2C88A758008FB346 /* Assets.xcassets in Resources */ = {isa = PBXBuildFile; fileRef = F046287C2C88A758008FB346 /* Assets.xcassets */; };
		F04628802C88A759008FB346 /* Preview Assets.xcassets in Resources */ = {isa = PBXBuildFile; fileRef = F046287F2C88A759008FB346 /* Preview Assets.xcassets */; };
		F04A087A2CBD361300E493FF /* EventResponse.swift in Sources */ = {isa = PBXBuildFile; fileRef = F04A08792CBD360900E493FF /* EventResponse.swift */; };
		F04A087D2CBD508000E493FF /* EventRepository.swift in Sources */ = {isa = PBXBuildFile; fileRef = F04A087C2CBD507A00E493FF /* EventRepository.swift */; };
		F04EE0FE2CC8927E0095BD28 /* BetRow.swift in Sources */ = {isa = PBXBuildFile; fileRef = F04EE0FD2CC892700095BD28 /* BetRow.swift */; };
		F04EE1002CC895600095BD28 /* BetSlipView.swift in Sources */ = {isa = PBXBuildFile; fileRef = F04EE0FF2CC895540095BD28 /* BetSlipView.swift */; };
		F05BC2C02CA6A79B00562C51 /* League.swift in Sources */ = {isa = PBXBuildFile; fileRef = F05BC2BF2CA6A79700562C51 /* League.swift */; };
		F05BC2C22CA6A85B00562C51 /* Season.swift in Sources */ = {isa = PBXBuildFile; fileRef = F05BC2C12CA6A85400562C51 /* Season.swift */; };
		F05BC2C52CA6AF9C00562C51 /* EventDetailView.swift in Sources */ = {isa = PBXBuildFile; fileRef = F05BC2C42CA6AF9500562C51 /* EventDetailView.swift */; };
		F05BC2C72CA6B3C200562C51 /* EventRow.swift in Sources */ = {isa = PBXBuildFile; fileRef = F05BC2C62CA6B3BB00562C51 /* EventRow.swift */; };
		F05BC2C92CA732ED00562C51 /* BetOutcome.swift in Sources */ = {isa = PBXBuildFile; fileRef = F05BC2C82CA732EA00562C51 /* BetOutcome.swift */; };
		F05BC2CB2CA7339F00562C51 /* BetViewModel.swift in Sources */ = {isa = PBXBuildFile; fileRef = F05BC2CA2CA7339500562C51 /* BetViewModel.swift */; };
		F05BC2CD2CA7B1AB00562C51 /* OddsRow.swift in Sources */ = {isa = PBXBuildFile; fileRef = F05BC2CC2CA7B1A300562C51 /* OddsRow.swift */; };
		F05BC2D22CA7EA7D00562C51 /* splashintro.mp4 in Resources */ = {isa = PBXBuildFile; fileRef = F05BC2D12CA7EA7D00562C51 /* splashintro.mp4 */; };
		F063893B2CB7F34600746C98 /* FirebaseAnalytics in Frameworks */ = {isa = PBXBuildFile; productRef = F063893A2CB7F34600746C98 /* FirebaseAnalytics */; };
		F063893D2CB7F34600746C98 /* FirebaseAnalyticsOnDeviceConversion in Frameworks */ = {isa = PBXBuildFile; productRef = F063893C2CB7F34600746C98 /* FirebaseAnalyticsOnDeviceConversion */; };
		F063893F2CB7F34600746C98 /* FirebaseAnalyticsWithoutAdIdSupport in Frameworks */ = {isa = PBXBuildFile; productRef = F063893E2CB7F34600746C98 /* FirebaseAnalyticsWithoutAdIdSupport */; };
		F06389412CB7F34600746C98 /* FirebaseAppCheck in Frameworks */ = {isa = PBXBuildFile; productRef = F06389402CB7F34600746C98 /* FirebaseAppCheck */; };
		F06389432CB7F34600746C98 /* FirebaseAppDistribution-Beta in Frameworks */ = {isa = PBXBuildFile; productRef = F06389422CB7F34600746C98 /* FirebaseAppDistribution-Beta */; };
		F06389452CB7F34600746C98 /* FirebaseAuth in Frameworks */ = {isa = PBXBuildFile; productRef = F06389442CB7F34600746C98 /* FirebaseAuth */; };
		F06389472CB7F34600746C98 /* FirebaseAuthCombine-Community in Frameworks */ = {isa = PBXBuildFile; productRef = F06389462CB7F34600746C98 /* FirebaseAuthCombine-Community */; };
		F06389492CB7F34600746C98 /* FirebaseCore in Frameworks */ = {isa = PBXBuildFile; productRef = F06389482CB7F34600746C98 /* FirebaseCore */; };
		F063894B2CB7F34600746C98 /* FirebaseCrashlytics in Frameworks */ = {isa = PBXBuildFile; productRef = F063894A2CB7F34600746C98 /* FirebaseCrashlytics */; };
		F063894D2CB7F34600746C98 /* FirebaseDatabase in Frameworks */ = {isa = PBXBuildFile; productRef = F063894C2CB7F34600746C98 /* FirebaseDatabase */; };
		F063894F2CB7F34600746C98 /* FirebaseDynamicLinks in Frameworks */ = {isa = PBXBuildFile; productRef = F063894E2CB7F34600746C98 /* FirebaseDynamicLinks */; };
		F06389512CB7F34600746C98 /* FirebaseFirestore in Frameworks */ = {isa = PBXBuildFile; productRef = F06389502CB7F34600746C98 /* FirebaseFirestore */; };
		F06389532CB7F34600746C98 /* FirebaseFirestoreCombine-Community in Frameworks */ = {isa = PBXBuildFile; productRef = F06389522CB7F34600746C98 /* FirebaseFirestoreCombine-Community */; };
		F06389552CB7F34600746C98 /* FirebaseFunctions in Frameworks */ = {isa = PBXBuildFile; productRef = F06389542CB7F34600746C98 /* FirebaseFunctions */; };
		F06389572CB7F34600746C98 /* FirebaseFunctionsCombine-Community in Frameworks */ = {isa = PBXBuildFile; productRef = F06389562CB7F34600746C98 /* FirebaseFunctionsCombine-Community */; };
		F06389592CB7F34600746C98 /* FirebaseInAppMessaging-Beta in Frameworks */ = {isa = PBXBuildFile; productRef = F06389582CB7F34600746C98 /* FirebaseInAppMessaging-Beta */; };
		F063895B2CB7F34600746C98 /* FirebaseInstallations in Frameworks */ = {isa = PBXBuildFile; productRef = F063895A2CB7F34600746C98 /* FirebaseInstallations */; };
		F063895D2CB7F34600746C98 /* FirebaseMLModelDownloader in Frameworks */ = {isa = PBXBuildFile; productRef = F063895C2CB7F34600746C98 /* FirebaseMLModelDownloader */; };
		F063895F2CB7F34600746C98 /* FirebaseMessaging in Frameworks */ = {isa = PBXBuildFile; productRef = F063895E2CB7F34600746C98 /* FirebaseMessaging */; };
		F06389612CB7F34600746C98 /* FirebasePerformance in Frameworks */ = {isa = PBXBuildFile; productRef = F06389602CB7F34600746C98 /* FirebasePerformance */; };
		F06389632CB7F34600746C98 /* FirebaseRemoteConfig in Frameworks */ = {isa = PBXBuildFile; productRef = F06389622CB7F34600746C98 /* FirebaseRemoteConfig */; };
		F06389652CB7F34600746C98 /* FirebaseStorage in Frameworks */ = {isa = PBXBuildFile; productRef = F06389642CB7F34600746C98 /* FirebaseStorage */; };
		F06389672CB7F34600746C98 /* FirebaseStorageCombine-Community in Frameworks */ = {isa = PBXBuildFile; productRef = F06389662CB7F34600746C98 /* FirebaseStorageCombine-Community */; };
		F06389692CB7F34600746C98 /* FirebaseVertexAI-Preview in Frameworks */ = {isa = PBXBuildFile; productRef = F06389682CB7F34600746C98 /* FirebaseVertexAI-Preview */; };
		F0677E6E2CCAC1B100498A0B /* SelectedBetButton.swift in Sources */ = {isa = PBXBuildFile; fileRef = F0677E6D2CCAC1A200498A0B /* SelectedBetButton.swift */; };
		F081DC912CB549F500116E7B /* GoogleService-Info.plist in Resources */ = {isa = PBXBuildFile; fileRef = F081DC902CB549F500116E7B /* GoogleService-Info.plist */; };
		F081DC942CB54CDD00116E7B /* FirebaseAuthManager.swift in Sources */ = {isa = PBXBuildFile; fileRef = F081DC932CB54CC500116E7B /* FirebaseAuthManager.swift */; };
		F081DC972CB54D9200116E7B /* FirebaseAuth in Frameworks */ = {isa = PBXBuildFile; productRef = F081DC962CB54D9200116E7B /* FirebaseAuth */; };
		F081DC992CB54D9200116E7B /* FirebaseAuthCombine-Community in Frameworks */ = {isa = PBXBuildFile; productRef = F081DC982CB54D9200116E7B /* FirebaseAuthCombine-Community */; };
		F081DC9B2CB54D9200116E7B /* FirebaseCore in Frameworks */ = {isa = PBXBuildFile; productRef = F081DC9A2CB54D9200116E7B /* FirebaseCore */; };
		F081DC9D2CB54D9200116E7B /* FirebaseCrashlytics in Frameworks */ = {isa = PBXBuildFile; productRef = F081DC9C2CB54D9200116E7B /* FirebaseCrashlytics */; };
		F081DC9F2CB54D9200116E7B /* FirebaseFirestore in Frameworks */ = {isa = PBXBuildFile; productRef = F081DC9E2CB54D9200116E7B /* FirebaseFirestore */; };
		F081DCA12CB54D9200116E7B /* FirebaseFirestoreCombine-Community in Frameworks */ = {isa = PBXBuildFile; productRef = F081DCA02CB54D9200116E7B /* FirebaseFirestoreCombine-Community */; };
		F095C8F92C8FAE97002C94FD /* EventStatus.swift in Sources */ = {isa = PBXBuildFile; fileRef = F095C8F82C8FAE97002C94FD /* EventStatus.swift */; };
		F095C8FB2C8FAEBC002C94FD /* Event.swift in Sources */ = {isa = PBXBuildFile; fileRef = F095C8FA2C8FAEBC002C94FD /* Event.swift */; };
		F095C8FD2C8FAEE2002C94FD /* Profile.swift in Sources */ = {isa = PBXBuildFile; fileRef = F095C8FC2C8FAEE2002C94FD /* Profile.swift */; };
		F095C8FF2C8FAF01002C94FD /* MockEvents.swift in Sources */ = {isa = PBXBuildFile; fileRef = F095C8FE2C8FAF01002C94FD /* MockEvents.swift */; };
		F095C9092C8FB0DE002C94FD /* EventViewModel.swift in Sources */ = {isa = PBXBuildFile; fileRef = F095C9082C8FB0DE002C94FD /* EventViewModel.swift */; };
		F095C90B2C8FB0F7002C94FD /* UserViewModel.swift in Sources */ = {isa = PBXBuildFile; fileRef = F095C90A2C8FB0F7002C94FD /* UserViewModel.swift */; };
		F0A0168C2CA09B4400C749E3 /* UserError.swift in Sources */ = {isa = PBXBuildFile; fileRef = F0A0168B2CA09B3900C749E3 /* UserError.swift */; };
		F0A016912CA23A5200C749E3 /* OddsCalculator.swift in Sources */ = {isa = PBXBuildFile; fileRef = F0A016902CA23A4D00C749E3 /* OddsCalculator.swift */; };
		F0A80FC72CD194CB00379EB8 /* WebView.swift in Sources */ = {isa = PBXBuildFile; fileRef = F0A80FC62CD194C700379EB8 /* WebView.swift */; };
		F0BB2F8F2CB74BB00034DB67 /* .swiftlint.yml in Resources */ = {isa = PBXBuildFile; fileRef = F0BB2F8E2CB74B9E0034DB67 /* .swiftlint.yml */; };
		F0DFB6CD2CC005E400819342 /* BirthdayChecker.swift in Sources */ = {isa = PBXBuildFile; fileRef = F0DFB6CC2CC005DF00819342 /* BirthdayChecker.swift */; };
/* End PBXBuildFile section */

/* Begin PBXFileReference section */
		F008388B2CD2EDF30004D97B /* Sport.swift */ = {isa = PBXFileReference; lastKnownFileType = sourcecode.swift; path = Sport.swift; sourceTree = "<group>"; };
		F00CB7022C9CEEF9003D70E3 /* ApiError.swift */ = {isa = PBXFileReference; lastKnownFileType = sourcecode.swift; path = ApiError.swift; sourceTree = "<group>"; };
		F00CB7042C9CF430003D70E3 /* HomeView.swift */ = {isa = PBXFileReference; lastKnownFileType = sourcecode.swift; path = HomeView.swift; sourceTree = "<group>"; };
		F00CB7062C9CF47F003D70E3 /* BetView.swift */ = {isa = PBXFileReference; lastKnownFileType = sourcecode.swift; path = BetView.swift; sourceTree = "<group>"; };
		F00CB7082C9CF4AF003D70E3 /* EventsView.swift */ = {isa = PBXFileReference; lastKnownFileType = sourcecode.swift; path = EventsView.swift; sourceTree = "<group>"; };
		F00CB70A2C9CF51A003D70E3 /* StatisticsView.swift */ = {isa = PBXFileReference; lastKnownFileType = sourcecode.swift; path = StatisticsView.swift; sourceTree = "<group>"; };
		F00CB70D2C9CF747003D70E3 /* LoginView.swift */ = {isa = PBXFileReference; lastKnownFileType = sourcecode.swift; path = LoginView.swift; sourceTree = "<group>"; };
		F00CB70F2C9CF7AB003D70E3 /* RegisterView.swift */ = {isa = PBXFileReference; lastKnownFileType = sourcecode.swift; path = RegisterView.swift; sourceTree = "<group>"; };
		F00CB7152C9E47FC003D70E3 /* SplashView.swift */ = {isa = PBXFileReference; lastKnownFileType = sourcecode.swift; path = SplashView.swift; sourceTree = "<group>"; };
		F01DD55B2CCDCECB001176A2 /* Bet.swift */ = {isa = PBXFileReference; lastKnownFileType = sourcecode.swift; path = Bet.swift; sourceTree = "<group>"; };
		F01DD55D2CCDD479001176A2 /* BetSlipRow.swift */ = {isa = PBXFileReference; lastKnownFileType = sourcecode.swift; path = BetSlipRow.swift; sourceTree = "<group>"; };
		F02693892CBD2987009596CD /* AuthError.swift */ = {isa = PBXFileReference; lastKnownFileType = sourcecode.swift; path = AuthError.swift; sourceTree = "<group>"; };
		F04217982CD2702100BEA19B /* CustomTabBar.swift */ = {isa = PBXFileReference; lastKnownFileType = sourcecode.swift; path = CustomTabBar.swift; sourceTree = "<group>"; };
		F04628752C88A757008FB346 /* Sports-Almanach.app */ = {isa = PBXFileReference; explicitFileType = wrapper.application; includeInIndex = 0; path = "Sports-Almanach.app"; sourceTree = BUILT_PRODUCTS_DIR; };
		F04628782C88A757008FB346 /* Sports_AlmanachApp.swift */ = {isa = PBXFileReference; lastKnownFileType = sourcecode.swift; path = Sports_AlmanachApp.swift; sourceTree = "<group>"; };
		F046287A2C88A757008FB346 /* ContentView.swift */ = {isa = PBXFileReference; lastKnownFileType = sourcecode.swift; path = ContentView.swift; sourceTree = "<group>"; };
		F046287C2C88A758008FB346 /* Assets.xcassets */ = {isa = PBXFileReference; lastKnownFileType = folder.assetcatalog; path = Assets.xcassets; sourceTree = "<group>"; };
		F046287F2C88A759008FB346 /* Preview Assets.xcassets */ = {isa = PBXFileReference; lastKnownFileType = folder.assetcatalog; path = "Preview Assets.xcassets"; sourceTree = "<group>"; };
		F04A08792CBD360900E493FF /* EventResponse.swift */ = {isa = PBXFileReference; lastKnownFileType = sourcecode.swift; path = EventResponse.swift; sourceTree = "<group>"; };
		F04A087C2CBD507A00E493FF /* EventRepository.swift */ = {isa = PBXFileReference; lastKnownFileType = sourcecode.swift; path = EventRepository.swift; sourceTree = "<group>"; };
		F04EE0FD2CC892700095BD28 /* BetRow.swift */ = {isa = PBXFileReference; lastKnownFileType = sourcecode.swift; path = BetRow.swift; sourceTree = "<group>"; };
		F04EE0FF2CC895540095BD28 /* BetSlipView.swift */ = {isa = PBXFileReference; lastKnownFileType = sourcecode.swift; path = BetSlipView.swift; sourceTree = "<group>"; };
		F05BC2BF2CA6A79700562C51 /* League.swift */ = {isa = PBXFileReference; lastKnownFileType = sourcecode.swift; path = League.swift; sourceTree = "<group>"; };
		F05BC2C12CA6A85400562C51 /* Season.swift */ = {isa = PBXFileReference; lastKnownFileType = sourcecode.swift; path = Season.swift; sourceTree = "<group>"; };
		F05BC2C42CA6AF9500562C51 /* EventDetailView.swift */ = {isa = PBXFileReference; lastKnownFileType = sourcecode.swift; path = EventDetailView.swift; sourceTree = "<group>"; };
		F05BC2C62CA6B3BB00562C51 /* EventRow.swift */ = {isa = PBXFileReference; lastKnownFileType = sourcecode.swift; path = EventRow.swift; sourceTree = "<group>"; };
		F05BC2C82CA732EA00562C51 /* BetOutcome.swift */ = {isa = PBXFileReference; lastKnownFileType = sourcecode.swift; path = BetOutcome.swift; sourceTree = "<group>"; };
		F05BC2CA2CA7339500562C51 /* BetViewModel.swift */ = {isa = PBXFileReference; lastKnownFileType = sourcecode.swift; path = BetViewModel.swift; sourceTree = "<group>"; };
		F05BC2CC2CA7B1A300562C51 /* OddsRow.swift */ = {isa = PBXFileReference; lastKnownFileType = sourcecode.swift; path = OddsRow.swift; sourceTree = "<group>"; };
		F05BC2D12CA7EA7D00562C51 /* splashintro.mp4 */ = {isa = PBXFileReference; lastKnownFileType = text; path = splashintro.mp4; sourceTree = "<group>"; };
		F0677E6D2CCAC1A200498A0B /* SelectedBetButton.swift */ = {isa = PBXFileReference; lastKnownFileType = sourcecode.swift; path = SelectedBetButton.swift; sourceTree = "<group>"; };
		F081DC902CB549F500116E7B /* GoogleService-Info.plist */ = {isa = PBXFileReference; lastKnownFileType = text.plist.xml; path = "GoogleService-Info.plist"; sourceTree = "<group>"; };
		F081DC932CB54CC500116E7B /* FirebaseAuthManager.swift */ = {isa = PBXFileReference; lastKnownFileType = sourcecode.swift; path = FirebaseAuthManager.swift; sourceTree = "<group>"; };
		F095C8F82C8FAE97002C94FD /* EventStatus.swift */ = {isa = PBXFileReference; lastKnownFileType = sourcecode.swift; path = EventStatus.swift; sourceTree = "<group>"; };
		F095C8FA2C8FAEBC002C94FD /* Event.swift */ = {isa = PBXFileReference; lastKnownFileType = sourcecode.swift; path = Event.swift; sourceTree = "<group>"; };
		F095C8FC2C8FAEE2002C94FD /* Profile.swift */ = {isa = PBXFileReference; lastKnownFileType = sourcecode.swift; path = Profile.swift; sourceTree = "<group>"; };
		F095C8FE2C8FAF01002C94FD /* MockEvents.swift */ = {isa = PBXFileReference; lastKnownFileType = sourcecode.swift; path = MockEvents.swift; sourceTree = "<group>"; };
		F095C9082C8FB0DE002C94FD /* EventViewModel.swift */ = {isa = PBXFileReference; lastKnownFileType = sourcecode.swift; path = EventViewModel.swift; sourceTree = "<group>"; };
		F095C90A2C8FB0F7002C94FD /* UserViewModel.swift */ = {isa = PBXFileReference; lastKnownFileType = sourcecode.swift; path = UserViewModel.swift; sourceTree = "<group>"; };
		F0A0168B2CA09B3900C749E3 /* UserError.swift */ = {isa = PBXFileReference; lastKnownFileType = sourcecode.swift; path = UserError.swift; sourceTree = "<group>"; };
		F0A016902CA23A4D00C749E3 /* OddsCalculator.swift */ = {isa = PBXFileReference; lastKnownFileType = sourcecode.swift; path = OddsCalculator.swift; sourceTree = "<group>"; };
		F0A80FC62CD194C700379EB8 /* WebView.swift */ = {isa = PBXFileReference; lastKnownFileType = sourcecode.swift; path = WebView.swift; sourceTree = "<group>"; };
		F0BB2F8E2CB74B9E0034DB67 /* .swiftlint.yml */ = {isa = PBXFileReference; lastKnownFileType = text.yaml; path = .swiftlint.yml; sourceTree = "<group>"; };
		F0DFB6CC2CC005DF00819342 /* BirthdayChecker.swift */ = {isa = PBXFileReference; lastKnownFileType = sourcecode.swift; path = BirthdayChecker.swift; sourceTree = "<group>"; };
/* End PBXFileReference section */

/* Begin PBXFrameworksBuildPhase section */
		F04628722C88A757008FB346 /* Frameworks */ = {
			isa = PBXFrameworksBuildPhase;
			buildActionMask = 2147483647;
			files = (
				F06389692CB7F34600746C98 /* FirebaseVertexAI-Preview in Frameworks */,
				F06389532CB7F34600746C98 /* FirebaseFirestoreCombine-Community in Frameworks */,
				F063893B2CB7F34600746C98 /* FirebaseAnalytics in Frameworks */,
				F081DC972CB54D9200116E7B /* FirebaseAuth in Frameworks */,
				F063895D2CB7F34600746C98 /* FirebaseMLModelDownloader in Frameworks */,
				F081DC9D2CB54D9200116E7B /* FirebaseCrashlytics in Frameworks */,
				F081DC9B2CB54D9200116E7B /* FirebaseCore in Frameworks */,
				F063895B2CB7F34600746C98 /* FirebaseInstallations in Frameworks */,
				F063895F2CB7F34600746C98 /* FirebaseMessaging in Frameworks */,
				F06389492CB7F34600746C98 /* FirebaseCore in Frameworks */,
				F06389632CB7F34600746C98 /* FirebaseRemoteConfig in Frameworks */,
				F06389512CB7F34600746C98 /* FirebaseFirestore in Frameworks */,
				F06389612CB7F34600746C98 /* FirebasePerformance in Frameworks */,
				F06389552CB7F34600746C98 /* FirebaseFunctions in Frameworks */,
				F063894F2CB7F34600746C98 /* FirebaseDynamicLinks in Frameworks */,
				F06389472CB7F34600746C98 /* FirebaseAuthCombine-Community in Frameworks */,
				F063894D2CB7F34600746C98 /* FirebaseDatabase in Frameworks */,
				F081DCA12CB54D9200116E7B /* FirebaseFirestoreCombine-Community in Frameworks */,
				F081DC9F2CB54D9200116E7B /* FirebaseFirestore in Frameworks */,
				F081DC992CB54D9200116E7B /* FirebaseAuthCombine-Community in Frameworks */,
				F06389572CB7F34600746C98 /* FirebaseFunctionsCombine-Community in Frameworks */,
				F06389452CB7F34600746C98 /* FirebaseAuth in Frameworks */,
				F063893F2CB7F34600746C98 /* FirebaseAnalyticsWithoutAdIdSupport in Frameworks */,
				F06389592CB7F34600746C98 /* FirebaseInAppMessaging-Beta in Frameworks */,
				F06389412CB7F34600746C98 /* FirebaseAppCheck in Frameworks */,
				F063894B2CB7F34600746C98 /* FirebaseCrashlytics in Frameworks */,
				F06389652CB7F34600746C98 /* FirebaseStorage in Frameworks */,
				F06389432CB7F34600746C98 /* FirebaseAppDistribution-Beta in Frameworks */,
				F06389672CB7F34600746C98 /* FirebaseStorageCombine-Community in Frameworks */,
				F063893D2CB7F34600746C98 /* FirebaseAnalyticsOnDeviceConversion in Frameworks */,
			);
			runOnlyForDeploymentPostprocessing = 0;
		};
/* End PBXFrameworksBuildPhase section */

/* Begin PBXGroup section */
		F046286C2C88A757008FB346 = {
			isa = PBXGroup;
			children = (
				F0BB2F8E2CB74B9E0034DB67 /* .swiftlint.yml */,
				F04628772C88A757008FB346 /* Sports-Almanach */,
				F04628762C88A757008FB346 /* Products */,
				F05BC2D12CA7EA7D00562C51 /* splashintro.mp4 */,
			);
			sourceTree = "<group>";
		};
		F04628762C88A757008FB346 /* Products */ = {
			isa = PBXGroup;
			children = (
				F04628752C88A757008FB346 /* Sports-Almanach.app */,
			);
			name = Products;
			sourceTree = "<group>";
		};
		F04628772C88A757008FB346 /* Sports-Almanach */ = {
			isa = PBXGroup;
			children = (
				F04628782C88A757008FB346 /* Sports_AlmanachApp.swift */,
				F095C90C2C8FD5B5002C94FD /* Utils */,
				F095C8F32C89F71A002C94FD /* Enums */,
				F095C8F42C89F725002C94FD /* Data */,
				F095C9072C8FB0C2002C94FD /* ViewModels */,
				F095C8EC2C88AB1F002C94FD /* Views */,
				F046287C2C88A758008FB346 /* Assets.xcassets */,
				F046287E2C88A759008FB346 /* Preview Content */,
				F081DC902CB549F500116E7B /* GoogleService-Info.plist */,
			);
			path = "Sports-Almanach";
			sourceTree = "<group>";
		};
		F046287E2C88A759008FB346 /* Preview Content */ = {
			isa = PBXGroup;
			children = (
				F046287F2C88A759008FB346 /* Preview Assets.xcassets */,
			);
			path = "Preview Content";
			sourceTree = "<group>";
		};
		F04A087B2CBD506200E493FF /* Repositories */ = {
			isa = PBXGroup;
			children = (
				F04A087C2CBD507A00E493FF /* EventRepository.swift */,
			);
			path = Repositories;
			sourceTree = "<group>";
		};
		F05BC2C32CA6AF2700562C51 /* Components */ = {
			isa = PBXGroup;
			children = (
				F05BC2C42CA6AF9500562C51 /* EventDetailView.swift */,
				F0A80FC62CD194C700379EB8 /* WebView.swift */,
				F04EE0FF2CC895540095BD28 /* BetSlipView.swift */,
			);
			path = Components;
			sourceTree = "<group>";
		};
		F05BC2CE2CA7E0C500562C51 /* Onboarding */ = {
			isa = PBXGroup;
			children = (
				F00CB7152C9E47FC003D70E3 /* SplashView.swift */,
				F00CB70D2C9CF747003D70E3 /* LoginView.swift */,
				F00CB70F2C9CF7AB003D70E3 /* RegisterView.swift */,
			);
			path = Onboarding;
			sourceTree = "<group>";
		};
		F081DC922CB54C9400116E7B /* Services */ = {
			isa = PBXGroup;
			children = (
				F081DC932CB54CC500116E7B /* FirebaseAuthManager.swift */,
			);
			path = Services;
			sourceTree = "<group>";
		};
		F089A72A2CD6E7A900A3C054 /* Buttons */ = {
			isa = PBXGroup;
			children = (
				F0677E6D2CCAC1A200498A0B /* SelectedBetButton.swift */,
			);
			path = Buttons;
			sourceTree = "<group>";
		};
		F095C8EC2C88AB1F002C94FD /* Views */ = {
			isa = PBXGroup;
			children = (
				F046287A2C88A757008FB346 /* ContentView.swift */,
				F04217982CD2702100BEA19B /* CustomTabBar.swift */,
				F05BC2CE2CA7E0C500562C51 /* Onboarding */,
				F0A016852CA0893700C749E3 /* List */,
			);
			path = Views;
			sourceTree = "<group>";
		};
		F095C8F32C89F71A002C94FD /* Enums */ = {
			isa = PBXGroup;
			children = (
				F0A0168B2CA09B3900C749E3 /* UserError.swift */,
				F02693892CBD2987009596CD /* AuthError.swift */,
				F00CB7022C9CEEF9003D70E3 /* ApiError.swift */,
				F095C8F82C8FAE97002C94FD /* EventStatus.swift */,
				F008388B2CD2EDF30004D97B /* Sport.swift */,
				F05BC2BF2CA6A79700562C51 /* League.swift */,
				F05BC2C12CA6A85400562C51 /* Season.swift */,
				F05BC2C82CA732EA00562C51 /* BetOutcome.swift */,
			);
			path = Enums;
			sourceTree = "<group>";
		};
		F095C8F42C89F725002C94FD /* Data */ = {
			isa = PBXGroup;
			children = (
				F04A087B2CBD506200E493FF /* Repositories */,
				F081DC922CB54C9400116E7B /* Services */,
				F095C8F72C8FAE74002C94FD /* Models */,
				F095C8F62C8FAE58002C94FD /* MockData */,
			);
			path = Data;
			sourceTree = "<group>";
		};
		F095C8F62C8FAE58002C94FD /* MockData */ = {
			isa = PBXGroup;
			children = (
				F095C8FE2C8FAF01002C94FD /* MockEvents.swift */,
			);
			path = MockData;
			sourceTree = "<group>";
		};
		F095C8F72C8FAE74002C94FD /* Models */ = {
			isa = PBXGroup;
			children = (
				F01DD55B2CCDCECB001176A2 /* Bet.swift */,
				F04A08792CBD360900E493FF /* EventResponse.swift */,
				F095C8FC2C8FAEE2002C94FD /* Profile.swift */,
				F095C8FA2C8FAEBC002C94FD /* Event.swift */,
			);
			path = Models;
			sourceTree = "<group>";
		};
		F095C9072C8FB0C2002C94FD /* ViewModels */ = {
			isa = PBXGroup;
			children = (
				F095C90A2C8FB0F7002C94FD /* UserViewModel.swift */,
				F095C9082C8FB0DE002C94FD /* EventViewModel.swift */,
				F05BC2CA2CA7339500562C51 /* BetViewModel.swift */,
			);
			path = ViewModels;
			sourceTree = "<group>";
		};
		F095C90C2C8FD5B5002C94FD /* Utils */ = {
			isa = PBXGroup;
			children = (
				F0DFB6CC2CC005DF00819342 /* BirthdayChecker.swift */,
				F0A016902CA23A4D00C749E3 /* OddsCalculator.swift */,
			);
			path = Utils;
			sourceTree = "<group>";
		};
		F0A016852CA0893700C749E3 /* List */ = {
			isa = PBXGroup;
			children = (
				F00CB7042C9CF430003D70E3 /* HomeView.swift */,
				F00CB7082C9CF4AF003D70E3 /* EventsView.swift */,
				F00CB7062C9CF47F003D70E3 /* BetView.swift */,
				F00CB70A2C9CF51A003D70E3 /* StatisticsView.swift */,
				F05BC2C32CA6AF2700562C51 /* Components */,
				F0A016872CA089C400C749E3 /* Rows */,
				F089A72A2CD6E7A900A3C054 /* Buttons */,
			);
			path = List;
			sourceTree = "<group>";
		};
		F0A016872CA089C400C749E3 /* Rows */ = {
			isa = PBXGroup;
			children = (
				F05BC2C62CA6B3BB00562C51 /* EventRow.swift */,
				F04EE0FD2CC892700095BD28 /* BetRow.swift */,
				F05BC2CC2CA7B1A300562C51 /* OddsRow.swift */,
				F01DD55D2CCDD479001176A2 /* BetSlipRow.swift */,
			);
			path = Rows;
			sourceTree = "<group>";
		};
/* End PBXGroup section */

/* Begin PBXNativeTarget section */
		F04628742C88A757008FB346 /* Sports-Almanach */ = {
			isa = PBXNativeTarget;
			buildConfigurationList = F04628832C88A759008FB346 /* Build configuration list for PBXNativeTarget "Sports-Almanach" */;
			buildPhases = (
				F04628712C88A757008FB346 /* Sources */,
				F04628722C88A757008FB346 /* Frameworks */,
				F04628732C88A757008FB346 /* Resources */,
				F0BB2F8D2CB74A460034DB67 /* ShellScript */,
			);
			buildRules = (
			);
			dependencies = (
			);
			name = "Sports-Almanach";
			productName = "Sports-Almanach";
			productReference = F04628752C88A757008FB346 /* Sports-Almanach.app */;
			productType = "com.apple.product-type.application";
		};
/* End PBXNativeTarget section */

/* Begin PBXProject section */
		F046286D2C88A757008FB346 /* Project object */ = {
			isa = PBXProject;
			attributes = {
				BuildIndependentTargetsInParallel = 1;
				LastSwiftUpdateCheck = 1540;
				LastUpgradeCheck = 1540;
				TargetAttributes = {
					F04628742C88A757008FB346 = {
						CreatedOnToolsVersion = 15.4;
					};
				};
			};
			buildConfigurationList = F04628702C88A757008FB346 /* Build configuration list for PBXProject "Sports-Almanach" */;
			compatibilityVersion = "Xcode 14.0";
			developmentRegion = en;
			hasScannedForEncodings = 0;
			knownRegions = (
				en,
				Base,
			);
			mainGroup = F046286C2C88A757008FB346;
			packageReferences = (
				F081DC952CB54D9200116E7B /* XCRemoteSwiftPackageReference "firebase-ios-sdk" */,
			);
			productRefGroup = F04628762C88A757008FB346 /* Products */;
			projectDirPath = "";
			projectRoot = "";
			targets = (
				F04628742C88A757008FB346 /* Sports-Almanach */,
			);
		};
/* End PBXProject section */

/* Begin PBXResourcesBuildPhase section */
		F04628732C88A757008FB346 /* Resources */ = {
			isa = PBXResourcesBuildPhase;
			buildActionMask = 2147483647;
			files = (
				F0BB2F8F2CB74BB00034DB67 /* .swiftlint.yml in Resources */,
				F04628802C88A759008FB346 /* Preview Assets.xcassets in Resources */,
				F081DC912CB549F500116E7B /* GoogleService-Info.plist in Resources */,
				F05BC2D22CA7EA7D00562C51 /* splashintro.mp4 in Resources */,
				F046287D2C88A758008FB346 /* Assets.xcassets in Resources */,
			);
			runOnlyForDeploymentPostprocessing = 0;
		};
/* End PBXResourcesBuildPhase section */

/* Begin PBXShellScriptBuildPhase section */
		F0BB2F8D2CB74A460034DB67 /* ShellScript */ = {
			isa = PBXShellScriptBuildPhase;
			alwaysOutOfDate = 1;
			buildActionMask = 2147483647;
			files = (
			);
			inputFileListPaths = (
			);
			inputPaths = (
			);
			outputFileListPaths = (
			);
			outputPaths = (
			);
			runOnlyForDeploymentPostprocessing = 0;
			shellPath = /bin/sh;
			shellScript = "if [[ \"$(uname -m)\" == arm64 ]]; then\n    export PATH=\"/opt/homebrew/bin:$PATH\"\nfi\n\nif command -v swiftlint >/dev/null 2>&1; then\n    swiftlint\nelse\n    echo \"warning: `swiftlint` command not found - See https://github.com/realm/SwiftLint#installation for installation instructions.\"\nfi\n\n";
		};
/* End PBXShellScriptBuildPhase section */

/* Begin PBXSourcesBuildPhase section */
		F04628712C88A757008FB346 /* Sources */ = {
			isa = PBXSourcesBuildPhase;
			buildActionMask = 2147483647;
			files = (
				F00CB70B2C9CF51E003D70E3 /* StatisticsView.swift in Sources */,
				F095C8FB2C8FAEBC002C94FD /* Event.swift in Sources */,
				F01DD55E2CCDD485001176A2 /* BetSlipRow.swift in Sources */,
				F081DC942CB54CDD00116E7B /* FirebaseAuthManager.swift in Sources */,
				F095C90B2C8FB0F7002C94FD /* UserViewModel.swift in Sources */,
				F0677E6E2CCAC1B100498A0B /* SelectedBetButton.swift in Sources */,
				F008388C2CD2EEB10004D97B /* Sport.swift in Sources */,
				F04A087D2CBD508000E493FF /* EventRepository.swift in Sources */,
				F04A087A2CBD361300E493FF /* EventResponse.swift in Sources */,
				F0A0168C2CA09B4400C749E3 /* UserError.swift in Sources */,
				F05BC2C02CA6A79B00562C51 /* League.swift in Sources */,
				F026938A2CBD298D009596CD /* AuthError.swift in Sources */,
				F05BC2C72CA6B3C200562C51 /* EventRow.swift in Sources */,
				F00CB7052C9CF439003D70E3 /* HomeView.swift in Sources */,
				F04EE0FE2CC8927E0095BD28 /* BetRow.swift in Sources */,
				F046287B2C88A757008FB346 /* ContentView.swift in Sources */,
				F05BC2CD2CA7B1AB00562C51 /* OddsRow.swift in Sources */,
				F00CB70E2C9CF74E003D70E3 /* LoginView.swift in Sources */,
				F095C9092C8FB0DE002C94FD /* EventViewModel.swift in Sources */,
				F00CB7072C9CF484003D70E3 /* BetView.swift in Sources */,
				F00CB7102C9CF7BD003D70E3 /* RegisterView.swift in Sources */,
				F00CB7032C9CEF11003D70E3 /* ApiError.swift in Sources */,
				F04628792C88A757008FB346 /* Sports_AlmanachApp.swift in Sources */,
				F095C8FD2C8FAEE2002C94FD /* Profile.swift in Sources */,
				F05BC2C92CA732ED00562C51 /* BetOutcome.swift in Sources */,
				F05BC2C22CA6A85B00562C51 /* Season.swift in Sources */,
				F04217992CD2702900BEA19B /* CustomTabBar.swift in Sources */,
				F05BC2C52CA6AF9C00562C51 /* EventDetailView.swift in Sources */,
				F00CB7092C9CF4B4003D70E3 /* EventsView.swift in Sources */,
				F095C8FF2C8FAF01002C94FD /* MockEvents.swift in Sources */,
				F04EE1002CC895600095BD28 /* BetSlipView.swift in Sources */,
				F0A016912CA23A5200C749E3 /* OddsCalculator.swift in Sources */,
				F01DD55C2CCDCECF001176A2 /* Bet.swift in Sources */,
				F0DFB6CD2CC005E400819342 /* BirthdayChecker.swift in Sources */,
				F05BC2CB2CA7339F00562C51 /* BetViewModel.swift in Sources */,
				F0A80FC72CD194CB00379EB8 /* WebView.swift in Sources */,
				F00CB7162C9E480D003D70E3 /* SplashView.swift in Sources */,
				F095C8F92C8FAE97002C94FD /* EventStatus.swift in Sources */,
			);
			runOnlyForDeploymentPostprocessing = 0;
		};
/* End PBXSourcesBuildPhase section */

/* Begin XCBuildConfiguration section */
		F04628812C88A759008FB346 /* Debug */ = {
			isa = XCBuildConfiguration;
			buildSettings = {
				ALWAYS_SEARCH_USER_PATHS = NO;
				ASSETCATALOG_COMPILER_GENERATE_SWIFT_ASSET_SYMBOL_EXTENSIONS = YES;
				CLANG_ANALYZER_NONNULL = YES;
				CLANG_ANALYZER_NUMBER_OBJECT_CONVERSION = YES_AGGRESSIVE;
				CLANG_CXX_LANGUAGE_STANDARD = "gnu++20";
				CLANG_ENABLE_MODULES = YES;
				CLANG_ENABLE_OBJC_ARC = YES;
				CLANG_ENABLE_OBJC_WEAK = YES;
				CLANG_WARN_BLOCK_CAPTURE_AUTORELEASING = YES;
				CLANG_WARN_BOOL_CONVERSION = YES;
				CLANG_WARN_COMMA = YES;
				CLANG_WARN_CONSTANT_CONVERSION = YES;
				CLANG_WARN_DEPRECATED_OBJC_IMPLEMENTATIONS = YES;
				CLANG_WARN_DIRECT_OBJC_ISA_USAGE = YES_ERROR;
				CLANG_WARN_DOCUMENTATION_COMMENTS = YES;
				CLANG_WARN_EMPTY_BODY = YES;
				CLANG_WARN_ENUM_CONVERSION = YES;
				CLANG_WARN_INFINITE_RECURSION = YES;
				CLANG_WARN_INT_CONVERSION = YES;
				CLANG_WARN_NON_LITERAL_NULL_CONVERSION = YES;
				CLANG_WARN_OBJC_IMPLICIT_RETAIN_SELF = YES;
				CLANG_WARN_OBJC_LITERAL_CONVERSION = YES;
				CLANG_WARN_OBJC_ROOT_CLASS = YES_ERROR;
				CLANG_WARN_QUOTED_INCLUDE_IN_FRAMEWORK_HEADER = YES;
				CLANG_WARN_RANGE_LOOP_ANALYSIS = YES;
				CLANG_WARN_STRICT_PROTOTYPES = YES;
				CLANG_WARN_SUSPICIOUS_MOVE = YES;
				CLANG_WARN_UNGUARDED_AVAILABILITY = YES_AGGRESSIVE;
				CLANG_WARN_UNREACHABLE_CODE = YES;
				CLANG_WARN__DUPLICATE_METHOD_MATCH = YES;
				COPY_PHASE_STRIP = NO;
				DEBUG_INFORMATION_FORMAT = dwarf;
				ENABLE_STRICT_OBJC_MSGSEND = YES;
				ENABLE_TESTABILITY = YES;
				ENABLE_USER_SCRIPT_SANDBOXING = YES;
				GCC_C_LANGUAGE_STANDARD = gnu17;
				GCC_DYNAMIC_NO_PIC = NO;
				GCC_NO_COMMON_BLOCKS = YES;
				GCC_OPTIMIZATION_LEVEL = 0;
				GCC_PREPROCESSOR_DEFINITIONS = (
					"DEBUG=1",
					"$(inherited)",
				);
				GCC_WARN_64_TO_32_BIT_CONVERSION = YES;
				GCC_WARN_ABOUT_RETURN_TYPE = YES_ERROR;
				GCC_WARN_UNDECLARED_SELECTOR = YES;
				GCC_WARN_UNINITIALIZED_AUTOS = YES_AGGRESSIVE;
				GCC_WARN_UNUSED_FUNCTION = YES;
				GCC_WARN_UNUSED_VARIABLE = YES;
				IPHONEOS_DEPLOYMENT_TARGET = 17.5;
				LOCALIZATION_PREFERS_STRING_CATALOGS = YES;
				MTL_ENABLE_DEBUG_INFO = INCLUDE_SOURCE;
				MTL_FAST_MATH = YES;
				ONLY_ACTIVE_ARCH = YES;
				SDKROOT = iphoneos;
				SWIFT_ACTIVE_COMPILATION_CONDITIONS = "DEBUG $(inherited)";
				SWIFT_OPTIMIZATION_LEVEL = "-Onone";
			};
			name = Debug;
		};
		F04628822C88A759008FB346 /* Release */ = {
			isa = XCBuildConfiguration;
			buildSettings = {
				ALWAYS_SEARCH_USER_PATHS = NO;
				ASSETCATALOG_COMPILER_GENERATE_SWIFT_ASSET_SYMBOL_EXTENSIONS = YES;
				CLANG_ANALYZER_NONNULL = YES;
				CLANG_ANALYZER_NUMBER_OBJECT_CONVERSION = YES_AGGRESSIVE;
				CLANG_CXX_LANGUAGE_STANDARD = "gnu++20";
				CLANG_ENABLE_MODULES = YES;
				CLANG_ENABLE_OBJC_ARC = YES;
				CLANG_ENABLE_OBJC_WEAK = YES;
				CLANG_WARN_BLOCK_CAPTURE_AUTORELEASING = YES;
				CLANG_WARN_BOOL_CONVERSION = YES;
				CLANG_WARN_COMMA = YES;
				CLANG_WARN_CONSTANT_CONVERSION = YES;
				CLANG_WARN_DEPRECATED_OBJC_IMPLEMENTATIONS = YES;
				CLANG_WARN_DIRECT_OBJC_ISA_USAGE = YES_ERROR;
				CLANG_WARN_DOCUMENTATION_COMMENTS = YES;
				CLANG_WARN_EMPTY_BODY = YES;
				CLANG_WARN_ENUM_CONVERSION = YES;
				CLANG_WARN_INFINITE_RECURSION = YES;
				CLANG_WARN_INT_CONVERSION = YES;
				CLANG_WARN_NON_LITERAL_NULL_CONVERSION = YES;
				CLANG_WARN_OBJC_IMPLICIT_RETAIN_SELF = YES;
				CLANG_WARN_OBJC_LITERAL_CONVERSION = YES;
				CLANG_WARN_OBJC_ROOT_CLASS = YES_ERROR;
				CLANG_WARN_QUOTED_INCLUDE_IN_FRAMEWORK_HEADER = YES;
				CLANG_WARN_RANGE_LOOP_ANALYSIS = YES;
				CLANG_WARN_STRICT_PROTOTYPES = YES;
				CLANG_WARN_SUSPICIOUS_MOVE = YES;
				CLANG_WARN_UNGUARDED_AVAILABILITY = YES_AGGRESSIVE;
				CLANG_WARN_UNREACHABLE_CODE = YES;
				CLANG_WARN__DUPLICATE_METHOD_MATCH = YES;
				COPY_PHASE_STRIP = NO;
				DEBUG_INFORMATION_FORMAT = "dwarf-with-dsym";
				ENABLE_NS_ASSERTIONS = NO;
				ENABLE_STRICT_OBJC_MSGSEND = YES;
				ENABLE_USER_SCRIPT_SANDBOXING = YES;
				GCC_C_LANGUAGE_STANDARD = gnu17;
				GCC_NO_COMMON_BLOCKS = YES;
				GCC_WARN_64_TO_32_BIT_CONVERSION = YES;
				GCC_WARN_ABOUT_RETURN_TYPE = YES_ERROR;
				GCC_WARN_UNDECLARED_SELECTOR = YES;
				GCC_WARN_UNINITIALIZED_AUTOS = YES_AGGRESSIVE;
				GCC_WARN_UNUSED_FUNCTION = YES;
				GCC_WARN_UNUSED_VARIABLE = YES;
				IPHONEOS_DEPLOYMENT_TARGET = 17.5;
				LOCALIZATION_PREFERS_STRING_CATALOGS = YES;
				MTL_ENABLE_DEBUG_INFO = NO;
				MTL_FAST_MATH = YES;
				SDKROOT = iphoneos;
				SWIFT_COMPILATION_MODE = wholemodule;
				VALIDATE_PRODUCT = YES;
			};
			name = Release;
		};
		F04628842C88A759008FB346 /* Debug */ = {
			isa = XCBuildConfiguration;
			buildSettings = {
				ASSETCATALOG_COMPILER_APPICON_NAME = AppIcon;
				ASSETCATALOG_COMPILER_GLOBAL_ACCENT_COLOR_NAME = AccentColor;
				CODE_SIGN_STYLE = Automatic;
				CURRENT_PROJECT_VERSION = 1;
				DEVELOPMENT_ASSET_PATHS = "\"Sports-Almanach/Preview Content\"";
				ENABLE_PREVIEWS = YES;
				ENABLE_USER_SCRIPT_SANDBOXING = NO;
				GENERATE_INFOPLIST_FILE = YES;
				INFOPLIST_KEY_UIApplicationSceneManifest_Generation = YES;
				INFOPLIST_KEY_UIApplicationSupportsIndirectInputEvents = YES;
				INFOPLIST_KEY_UILaunchScreen_Generation = YES;
				INFOPLIST_KEY_UISupportedInterfaceOrientations_iPad = "UIInterfaceOrientationPortrait UIInterfaceOrientationPortraitUpsideDown UIInterfaceOrientationLandscapeLeft UIInterfaceOrientationLandscapeRight";
				INFOPLIST_KEY_UISupportedInterfaceOrientations_iPhone = "UIInterfaceOrientationPortrait UIInterfaceOrientationLandscapeLeft UIInterfaceOrientationLandscapeRight";
				LD_RUNPATH_SEARCH_PATHS = (
					"$(inherited)",
					"@executable_path/Frameworks",
				);
				MARKETING_VERSION = 1.0;
				PRODUCT_BUNDLE_IDENTIFIER = "com.aidata.Sports-Almanach";
				PRODUCT_NAME = "$(TARGET_NAME)";
				SWIFT_EMIT_LOC_STRINGS = YES;
				SWIFT_VERSION = 5.0;
				TARGETED_DEVICE_FAMILY = "1,2";
			};
			name = Debug;
		};
		F04628852C88A759008FB346 /* Release */ = {
			isa = XCBuildConfiguration;
			buildSettings = {
				ASSETCATALOG_COMPILER_APPICON_NAME = AppIcon;
				ASSETCATALOG_COMPILER_GLOBAL_ACCENT_COLOR_NAME = AccentColor;
				CODE_SIGN_STYLE = Automatic;
				CURRENT_PROJECT_VERSION = 1;
				DEVELOPMENT_ASSET_PATHS = "\"Sports-Almanach/Preview Content\"";
				ENABLE_PREVIEWS = YES;
				ENABLE_USER_SCRIPT_SANDBOXING = NO;
				GENERATE_INFOPLIST_FILE = YES;
				INFOPLIST_KEY_UIApplicationSceneManifest_Generation = YES;
				INFOPLIST_KEY_UIApplicationSupportsIndirectInputEvents = YES;
				INFOPLIST_KEY_UILaunchScreen_Generation = YES;
				INFOPLIST_KEY_UISupportedInterfaceOrientations_iPad = "UIInterfaceOrientationPortrait UIInterfaceOrientationPortraitUpsideDown UIInterfaceOrientationLandscapeLeft UIInterfaceOrientationLandscapeRight";
				INFOPLIST_KEY_UISupportedInterfaceOrientations_iPhone = "UIInterfaceOrientationPortrait UIInterfaceOrientationLandscapeLeft UIInterfaceOrientationLandscapeRight";
				LD_RUNPATH_SEARCH_PATHS = (
					"$(inherited)",
					"@executable_path/Frameworks",
				);
				MARKETING_VERSION = 1.0;
				PRODUCT_BUNDLE_IDENTIFIER = "com.aidata.Sports-Almanach";
				PRODUCT_NAME = "$(TARGET_NAME)";
				SWIFT_EMIT_LOC_STRINGS = YES;
				SWIFT_VERSION = 5.0;
				TARGETED_DEVICE_FAMILY = "1,2";
			};
			name = Release;
		};
/* End XCBuildConfiguration section */

/* Begin XCConfigurationList section */
		F04628702C88A757008FB346 /* Build configuration list for PBXProject "Sports-Almanach" */ = {
			isa = XCConfigurationList;
			buildConfigurations = (
				F04628812C88A759008FB346 /* Debug */,
				F04628822C88A759008FB346 /* Release */,
			);
			defaultConfigurationIsVisible = 0;
			defaultConfigurationName = Release;
		};
		F04628832C88A759008FB346 /* Build configuration list for PBXNativeTarget "Sports-Almanach" */ = {
			isa = XCConfigurationList;
			buildConfigurations = (
				F04628842C88A759008FB346 /* Debug */,
				F04628852C88A759008FB346 /* Release */,
			);
			defaultConfigurationIsVisible = 0;
			defaultConfigurationName = Release;
		};
/* End XCConfigurationList section */

/* Begin XCRemoteSwiftPackageReference section */
		F081DC952CB54D9200116E7B /* XCRemoteSwiftPackageReference "firebase-ios-sdk" */ = {
			isa = XCRemoteSwiftPackageReference;
			repositoryURL = "https://github.com/firebase/firebase-ios-sdk.git";
			requirement = {
				kind = upToNextMajorVersion;
				minimumVersion = 11.3.0;
			};
		};
/* End XCRemoteSwiftPackageReference section */

/* Begin XCSwiftPackageProductDependency section */
		F063893A2CB7F34600746C98 /* FirebaseAnalytics */ = {
			isa = XCSwiftPackageProductDependency;
			package = F081DC952CB54D9200116E7B /* XCRemoteSwiftPackageReference "firebase-ios-sdk" */;
			productName = FirebaseAnalytics;
		};
		F063893C2CB7F34600746C98 /* FirebaseAnalyticsOnDeviceConversion */ = {
			isa = XCSwiftPackageProductDependency;
			package = F081DC952CB54D9200116E7B /* XCRemoteSwiftPackageReference "firebase-ios-sdk" */;
			productName = FirebaseAnalyticsOnDeviceConversion;
		};
		F063893E2CB7F34600746C98 /* FirebaseAnalyticsWithoutAdIdSupport */ = {
			isa = XCSwiftPackageProductDependency;
			package = F081DC952CB54D9200116E7B /* XCRemoteSwiftPackageReference "firebase-ios-sdk" */;
			productName = FirebaseAnalyticsWithoutAdIdSupport;
		};
		F06389402CB7F34600746C98 /* FirebaseAppCheck */ = {
			isa = XCSwiftPackageProductDependency;
			package = F081DC952CB54D9200116E7B /* XCRemoteSwiftPackageReference "firebase-ios-sdk" */;
			productName = FirebaseAppCheck;
		};
		F06389422CB7F34600746C98 /* FirebaseAppDistribution-Beta */ = {
			isa = XCSwiftPackageProductDependency;
			package = F081DC952CB54D9200116E7B /* XCRemoteSwiftPackageReference "firebase-ios-sdk" */;
			productName = "FirebaseAppDistribution-Beta";
		};
		F06389442CB7F34600746C98 /* FirebaseAuth */ = {
			isa = XCSwiftPackageProductDependency;
			package = F081DC952CB54D9200116E7B /* XCRemoteSwiftPackageReference "firebase-ios-sdk" */;
			productName = FirebaseAuth;
		};
		F06389462CB7F34600746C98 /* FirebaseAuthCombine-Community */ = {
			isa = XCSwiftPackageProductDependency;
			package = F081DC952CB54D9200116E7B /* XCRemoteSwiftPackageReference "firebase-ios-sdk" */;
			productName = "FirebaseAuthCombine-Community";
		};
		F06389482CB7F34600746C98 /* FirebaseCore */ = {
			isa = XCSwiftPackageProductDependency;
			package = F081DC952CB54D9200116E7B /* XCRemoteSwiftPackageReference "firebase-ios-sdk" */;
			productName = FirebaseCore;
		};
		F063894A2CB7F34600746C98 /* FirebaseCrashlytics */ = {
			isa = XCSwiftPackageProductDependency;
			package = F081DC952CB54D9200116E7B /* XCRemoteSwiftPackageReference "firebase-ios-sdk" */;
			productName = FirebaseCrashlytics;
		};
		F063894C2CB7F34600746C98 /* FirebaseDatabase */ = {
			isa = XCSwiftPackageProductDependency;
			package = F081DC952CB54D9200116E7B /* XCRemoteSwiftPackageReference "firebase-ios-sdk" */;
			productName = FirebaseDatabase;
		};
		F063894E2CB7F34600746C98 /* FirebaseDynamicLinks */ = {
			isa = XCSwiftPackageProductDependency;
			package = F081DC952CB54D9200116E7B /* XCRemoteSwiftPackageReference "firebase-ios-sdk" */;
			productName = FirebaseDynamicLinks;
		};
		F06389502CB7F34600746C98 /* FirebaseFirestore */ = {
			isa = XCSwiftPackageProductDependency;
			package = F081DC952CB54D9200116E7B /* XCRemoteSwiftPackageReference "firebase-ios-sdk" */;
			productName = FirebaseFirestore;
		};
		F06389522CB7F34600746C98 /* FirebaseFirestoreCombine-Community */ = {
			isa = XCSwiftPackageProductDependency;
			package = F081DC952CB54D9200116E7B /* XCRemoteSwiftPackageReference "firebase-ios-sdk" */;
			productName = "FirebaseFirestoreCombine-Community";
		};
		F06389542CB7F34600746C98 /* FirebaseFunctions */ = {
			isa = XCSwiftPackageProductDependency;
			package = F081DC952CB54D9200116E7B /* XCRemoteSwiftPackageReference "firebase-ios-sdk" */;
			productName = FirebaseFunctions;
		};
		F06389562CB7F34600746C98 /* FirebaseFunctionsCombine-Community */ = {
			isa = XCSwiftPackageProductDependency;
			package = F081DC952CB54D9200116E7B /* XCRemoteSwiftPackageReference "firebase-ios-sdk" */;
			productName = "FirebaseFunctionsCombine-Community";
		};
		F06389582CB7F34600746C98 /* FirebaseInAppMessaging-Beta */ = {
			isa = XCSwiftPackageProductDependency;
			package = F081DC952CB54D9200116E7B /* XCRemoteSwiftPackageReference "firebase-ios-sdk" */;
			productName = "FirebaseInAppMessaging-Beta";
		};
		F063895A2CB7F34600746C98 /* FirebaseInstallations */ = {
			isa = XCSwiftPackageProductDependency;
			package = F081DC952CB54D9200116E7B /* XCRemoteSwiftPackageReference "firebase-ios-sdk" */;
			productName = FirebaseInstallations;
		};
		F063895C2CB7F34600746C98 /* FirebaseMLModelDownloader */ = {
			isa = XCSwiftPackageProductDependency;
			package = F081DC952CB54D9200116E7B /* XCRemoteSwiftPackageReference "firebase-ios-sdk" */;
			productName = FirebaseMLModelDownloader;
		};
		F063895E2CB7F34600746C98 /* FirebaseMessaging */ = {
			isa = XCSwiftPackageProductDependency;
			package = F081DC952CB54D9200116E7B /* XCRemoteSwiftPackageReference "firebase-ios-sdk" */;
			productName = FirebaseMessaging;
		};
		F06389602CB7F34600746C98 /* FirebasePerformance */ = {
			isa = XCSwiftPackageProductDependency;
			package = F081DC952CB54D9200116E7B /* XCRemoteSwiftPackageReference "firebase-ios-sdk" */;
			productName = FirebasePerformance;
		};
		F06389622CB7F34600746C98 /* FirebaseRemoteConfig */ = {
			isa = XCSwiftPackageProductDependency;
			package = F081DC952CB54D9200116E7B /* XCRemoteSwiftPackageReference "firebase-ios-sdk" */;
			productName = FirebaseRemoteConfig;
		};
		F06389642CB7F34600746C98 /* FirebaseStorage */ = {
			isa = XCSwiftPackageProductDependency;
			package = F081DC952CB54D9200116E7B /* XCRemoteSwiftPackageReference "firebase-ios-sdk" */;
			productName = FirebaseStorage;
		};
		F06389662CB7F34600746C98 /* FirebaseStorageCombine-Community */ = {
			isa = XCSwiftPackageProductDependency;
			package = F081DC952CB54D9200116E7B /* XCRemoteSwiftPackageReference "firebase-ios-sdk" */;
			productName = "FirebaseStorageCombine-Community";
		};
		F06389682CB7F34600746C98 /* FirebaseVertexAI-Preview */ = {
			isa = XCSwiftPackageProductDependency;
			package = F081DC952CB54D9200116E7B /* XCRemoteSwiftPackageReference "firebase-ios-sdk" */;
			productName = "FirebaseVertexAI-Preview";
		};
		F081DC962CB54D9200116E7B /* FirebaseAuth */ = {
			isa = XCSwiftPackageProductDependency;
			package = F081DC952CB54D9200116E7B /* XCRemoteSwiftPackageReference "firebase-ios-sdk" */;
			productName = FirebaseAuth;
		};
		F081DC982CB54D9200116E7B /* FirebaseAuthCombine-Community */ = {
			isa = XCSwiftPackageProductDependency;
			package = F081DC952CB54D9200116E7B /* XCRemoteSwiftPackageReference "firebase-ios-sdk" */;
			productName = "FirebaseAuthCombine-Community";
		};
		F081DC9A2CB54D9200116E7B /* FirebaseCore */ = {
			isa = XCSwiftPackageProductDependency;
			package = F081DC952CB54D9200116E7B /* XCRemoteSwiftPackageReference "firebase-ios-sdk" */;
			productName = FirebaseCore;
		};
		F081DC9C2CB54D9200116E7B /* FirebaseCrashlytics */ = {
			isa = XCSwiftPackageProductDependency;
			package = F081DC952CB54D9200116E7B /* XCRemoteSwiftPackageReference "firebase-ios-sdk" */;
			productName = FirebaseCrashlytics;
		};
		F081DC9E2CB54D9200116E7B /* FirebaseFirestore */ = {
			isa = XCSwiftPackageProductDependency;
			package = F081DC952CB54D9200116E7B /* XCRemoteSwiftPackageReference "firebase-ios-sdk" */;
			productName = FirebaseFirestore;
		};
		F081DCA02CB54D9200116E7B /* FirebaseFirestoreCombine-Community */ = {
			isa = XCSwiftPackageProductDependency;
			package = F081DC952CB54D9200116E7B /* XCRemoteSwiftPackageReference "firebase-ios-sdk" */;
			productName = "FirebaseFirestoreCombine-Community";
		};
/* End XCSwiftPackageProductDependency section */
	};
	rootObject = F046286D2C88A757008FB346 /* Project object */;
}
