// !$*UTF8*$!
{
	archiveVersion = 1;
	classes = {
	};
	objectVersion = 56;
	objects = {

/* Begin PBXBuildFile section */
		F04628792C88A757008FB346 /* Sports_AlmanachApp.swift in Sources */ = {isa = PBXBuildFile; fileRef = F04628782C88A757008FB346 /* Sports_AlmanachApp.swift */; };
		F046287B2C88A757008FB346 /* ContentView.swift in Sources */ = {isa = PBXBuildFile; fileRef = F046287A2C88A757008FB346 /* ContentView.swift */; };
		F046287D2C88A758008FB346 /* Assets.xcassets in Resources */ = {isa = PBXBuildFile; fileRef = F046287C2C88A758008FB346 /* Assets.xcassets */; };
		F04628802C88A759008FB346 /* Preview Assets.xcassets in Resources */ = {isa = PBXBuildFile; fileRef = F046287F2C88A759008FB346 /* Preview Assets.xcassets */; };
		F095C8F92C8FAE97002C94FD /* EventStatus.swift in Sources */ = {isa = PBXBuildFile; fileRef = F095C8F82C8FAE97002C94FD /* EventStatus.swift */; };
		F095C8FB2C8FAEBC002C94FD /* Event.swift in Sources */ = {isa = PBXBuildFile; fileRef = F095C8FA2C8FAEBC002C94FD /* Event.swift */; };
		F095C8FD2C8FAEE2002C94FD /* User.swift in Sources */ = {isa = PBXBuildFile; fileRef = F095C8FC2C8FAEE2002C94FD /* User.swift */; };
		F095C8FF2C8FAF01002C94FD /* MockEvents.swift in Sources */ = {isa = PBXBuildFile; fileRef = F095C8FE2C8FAF01002C94FD /* MockEvents.swift */; };
		F095C9012C8FAF24002C94FD /* MockUser.swift in Sources */ = {isa = PBXBuildFile; fileRef = F095C9002C8FAF24002C94FD /* MockUser.swift */; };
		F095C9042C8FB084002C94FD /* EventRepository.swift in Sources */ = {isa = PBXBuildFile; fileRef = F095C9032C8FB084002C94FD /* EventRepository.swift */; };
		F095C9062C8FB0A0002C94FD /* UserRepository.swift in Sources */ = {isa = PBXBuildFile; fileRef = F095C9052C8FB0A0002C94FD /* UserRepository.swift */; };
		F095C9092C8FB0DE002C94FD /* EventViewModel.swift in Sources */ = {isa = PBXBuildFile; fileRef = F095C9082C8FB0DE002C94FD /* EventViewModel.swift */; };
		F095C90B2C8FB0F7002C94FD /* UserViewModel.swift in Sources */ = {isa = PBXBuildFile; fileRef = F095C90A2C8FB0F7002C94FD /* UserViewModel.swift */; };
/* End PBXBuildFile section */

/* Begin PBXFileReference section */
		F04628752C88A757008FB346 /* Sports-Almanach.app */ = {isa = PBXFileReference; explicitFileType = wrapper.application; includeInIndex = 0; path = "Sports-Almanach.app"; sourceTree = BUILT_PRODUCTS_DIR; };
		F04628782C88A757008FB346 /* Sports_AlmanachApp.swift */ = {isa = PBXFileReference; lastKnownFileType = sourcecode.swift; path = Sports_AlmanachApp.swift; sourceTree = "<group>"; };
		F046287A2C88A757008FB346 /* ContentView.swift */ = {isa = PBXFileReference; lastKnownFileType = sourcecode.swift; path = ContentView.swift; sourceTree = "<group>"; };
		F046287C2C88A758008FB346 /* Assets.xcassets */ = {isa = PBXFileReference; lastKnownFileType = folder.assetcatalog; path = Assets.xcassets; sourceTree = "<group>"; };
		F046287F2C88A759008FB346 /* Preview Assets.xcassets */ = {isa = PBXFileReference; lastKnownFileType = folder.assetcatalog; path = "Preview Assets.xcassets"; sourceTree = "<group>"; };
		F095C8F82C8FAE97002C94FD /* EventStatus.swift */ = {isa = PBXFileReference; lastKnownFileType = sourcecode.swift; path = EventStatus.swift; sourceTree = "<group>"; };
		F095C8FA2C8FAEBC002C94FD /* Event.swift */ = {isa = PBXFileReference; lastKnownFileType = sourcecode.swift; path = Event.swift; sourceTree = "<group>"; };
		F095C8FC2C8FAEE2002C94FD /* User.swift */ = {isa = PBXFileReference; lastKnownFileType = sourcecode.swift; path = User.swift; sourceTree = "<group>"; };
		F095C8FE2C8FAF01002C94FD /* MockEvents.swift */ = {isa = PBXFileReference; lastKnownFileType = sourcecode.swift; path = MockEvents.swift; sourceTree = "<group>"; };
		F095C9002C8FAF24002C94FD /* MockUser.swift */ = {isa = PBXFileReference; lastKnownFileType = sourcecode.swift; path = MockUser.swift; sourceTree = "<group>"; };
		F095C9032C8FB084002C94FD /* EventRepository.swift */ = {isa = PBXFileReference; lastKnownFileType = sourcecode.swift; path = EventRepository.swift; sourceTree = "<group>"; };
		F095C9052C8FB0A0002C94FD /* UserRepository.swift */ = {isa = PBXFileReference; lastKnownFileType = sourcecode.swift; path = UserRepository.swift; sourceTree = "<group>"; };
		F095C9082C8FB0DE002C94FD /* EventViewModel.swift */ = {isa = PBXFileReference; lastKnownFileType = sourcecode.swift; path = EventViewModel.swift; sourceTree = "<group>"; };
		F095C90A2C8FB0F7002C94FD /* UserViewModel.swift */ = {isa = PBXFileReference; lastKnownFileType = sourcecode.swift; path = UserViewModel.swift; sourceTree = "<group>"; };
/* End PBXFileReference section */

/* Begin PBXFrameworksBuildPhase section */
		F04628722C88A757008FB346 /* Frameworks */ = {
			isa = PBXFrameworksBuildPhase;
			buildActionMask = 2147483647;
			files = (
			);
			runOnlyForDeploymentPostprocessing = 0;
		};
/* End PBXFrameworksBuildPhase section */

/* Begin PBXGroup section */
		F046286C2C88A757008FB346 = {
			isa = PBXGroup;
			children = (
				F04628772C88A757008FB346 /* Sports-Almanach */,
				F04628762C88A757008FB346 /* Products */,
			);
			sourceTree = "<group>";
		};
		F04628762C88A757008FB346 /* Products */ = {
			isa = PBXGroup;
			children = (
				F04628752C88A757008FB346 /* Sports-Almanach.app */,
			);
			name = Products;
			sourceTree = "<group>";
		};
		F04628772C88A757008FB346 /* Sports-Almanach */ = {
			isa = PBXGroup;
			children = (
				F04628782C88A757008FB346 /* Sports_AlmanachApp.swift */,
				F095C8F32C89F71A002C94FD /* Enums */,
				F095C8F42C89F725002C94FD /* Data */,
				F095C9022C8FB06D002C94FD /* Repositories */,
				F095C9072C8FB0C2002C94FD /* ViewModels */,
				F095C8EC2C88AB1F002C94FD /* Views */,
				F046287C2C88A758008FB346 /* Assets.xcassets */,
				F046287E2C88A759008FB346 /* Preview Content */,
			);
			path = "Sports-Almanach";
			sourceTree = "<group>";
		};
		F046287E2C88A759008FB346 /* Preview Content */ = {
			isa = PBXGroup;
			children = (
				F046287F2C88A759008FB346 /* Preview Assets.xcassets */,
			);
			path = "Preview Content";
			sourceTree = "<group>";
		};
		F095C8EC2C88AB1F002C94FD /* Views */ = {
			isa = PBXGroup;
			children = (
				F046287A2C88A757008FB346 /* ContentView.swift */,
				F095C90C2C8FD5B5002C94FD /* Components */,
			);
			path = Views;
			sourceTree = "<group>";
		};
		F095C8F32C89F71A002C94FD /* Enums */ = {
			isa = PBXGroup;
			children = (
				F095C8F82C8FAE97002C94FD /* EventStatus.swift */,
			);
			path = Enums;
			sourceTree = "<group>";
		};
		F095C8F42C89F725002C94FD /* Data */ = {
			isa = PBXGroup;
			children = (
				F095C8F62C8FAE58002C94FD /* MockData */,
				F095C8F72C8FAE74002C94FD /* Models */,
			);
			path = Data;
			sourceTree = "<group>";
		};
		F095C8F62C8FAE58002C94FD /* MockData */ = {
			isa = PBXGroup;
			children = (
				F095C9002C8FAF24002C94FD /* MockUser.swift */,
				F095C8FE2C8FAF01002C94FD /* MockEvents.swift */,
			);
			path = MockData;
			sourceTree = "<group>";
		};
		F095C8F72C8FAE74002C94FD /* Models */ = {
			isa = PBXGroup;
			children = (
				F095C8FA2C8FAEBC002C94FD /* Event.swift */,
				F095C8FC2C8FAEE2002C94FD /* User.swift */,
			);
			path = Models;
			sourceTree = "<group>";
		};
		F095C9022C8FB06D002C94FD /* Repositories */ = {
			isa = PBXGroup;
			children = (
				F095C9032C8FB084002C94FD /* EventRepository.swift */,
				F095C9052C8FB0A0002C94FD /* UserRepository.swift */,
			);
			path = Repositories;
			sourceTree = "<group>";
		};
		F095C9072C8FB0C2002C94FD /* ViewModels */ = {
			isa = PBXGroup;
			children = (
				F095C9082C8FB0DE002C94FD /* EventViewModel.swift */,
				F095C90A2C8FB0F7002C94FD /* UserViewModel.swift */,
			);
			path = ViewModels;
			sourceTree = "<group>";
		};
		F095C90C2C8FD5B5002C94FD /* Components */ = {
			isa = PBXGroup;
			children = (
			);
			path = Components;
			sourceTree = "<group>";
		};
/* End PBXGroup section */

/* Begin PBXNativeTarget section */
		F04628742C88A757008FB346 /* Sports-Almanach */ = {
			isa = PBXNativeTarget;
			buildConfigurationList = F04628832C88A759008FB346 /* Build configuration list for PBXNativeTarget "Sports-Almanach" */;
			buildPhases = (
				F04628712C88A757008FB346 /* Sources */,
				F04628722C88A757008FB346 /* Frameworks */,
				F04628732C88A757008FB346 /* Resources */,
			);
			buildRules = (
			);
			dependencies = (
			);
			name = "Sports-Almanach";
			productName = "Sports-Almanach";
			productReference = F04628752C88A757008FB346 /* Sports-Almanach.app */;
			productType = "com.apple.product-type.application";
		};
/* End PBXNativeTarget section */

/* Begin PBXProject section */
		F046286D2C88A757008FB346 /* Project object */ = {
			isa = PBXProject;
			attributes = {
				BuildIndependentTargetsInParallel = 1;
				LastSwiftUpdateCheck = 1540;
				LastUpgradeCheck = 1540;
				TargetAttributes = {
					F04628742C88A757008FB346 = {
						CreatedOnToolsVersion = 15.4;
					};
				};
			};
			buildConfigurationList = F04628702C88A757008FB346 /* Build configuration list for PBXProject "Sports-Almanach" */;
			compatibilityVersion = "Xcode 14.0";
			developmentRegion = en;
			hasScannedForEncodings = 0;
			knownRegions = (
				en,
				Base,
			);
			mainGroup = F046286C2C88A757008FB346;
			productRefGroup = F04628762C88A757008FB346 /* Products */;
			projectDirPath = "";
			projectRoot = "";
			targets = (
				F04628742C88A757008FB346 /* Sports-Almanach */,
			);
		};
/* End PBXProject section */

/* Begin PBXResourcesBuildPhase section */
		F04628732C88A757008FB346 /* Resources */ = {
			isa = PBXResourcesBuildPhase;
			buildActionMask = 2147483647;
			files = (
				F04628802C88A759008FB346 /* Preview Assets.xcassets in Resources */,
				F046287D2C88A758008FB346 /* Assets.xcassets in Resources */,
			);
			runOnlyForDeploymentPostprocessing = 0;
		};
/* End PBXResourcesBuildPhase section */

/* Begin PBXSourcesBuildPhase section */
		F04628712C88A757008FB346 /* Sources */ = {
			isa = PBXSourcesBuildPhase;
			buildActionMask = 2147483647;
			files = (
				F095C8FB2C8FAEBC002C94FD /* Event.swift in Sources */,
				F095C90B2C8FB0F7002C94FD /* UserViewModel.swift in Sources */,
				F046287B2C88A757008FB346 /* ContentView.swift in Sources */,
				F095C9062C8FB0A0002C94FD /* UserRepository.swift in Sources */,
				F095C9092C8FB0DE002C94FD /* EventViewModel.swift in Sources */,
				F095C9042C8FB084002C94FD /* EventRepository.swift in Sources */,
				F04628792C88A757008FB346 /* Sports_AlmanachApp.swift in Sources */,
				F095C8FD2C8FAEE2002C94FD /* User.swift in Sources */,
				F095C8FF2C8FAF01002C94FD /* MockEvents.swift in Sources */,
				F095C9012C8FAF24002C94FD /* MockUser.swift in Sources */,
				F095C8F92C8FAE97002C94FD /* EventStatus.swift in Sources */,
			);
			runOnlyForDeploymentPostprocessing = 0;
		};
/* End PBXSourcesBuildPhase section */

/* Begin XCBuildConfiguration section */
		F04628812C88A759008FB346 /* Debug */ = {
			isa = XCBuildConfiguration;
			buildSettings = {
				ALWAYS_SEARCH_USER_PATHS = NO;
				ASSETCATALOG_COMPILER_GENERATE_SWIFT_ASSET_SYMBOL_EXTENSIONS = YES;
				CLANG_ANALYZER_NONNULL = YES;
				CLANG_ANALYZER_NUMBER_OBJECT_CONVERSION = YES_AGGRESSIVE;
				CLANG_CXX_LANGUAGE_STANDARD = "gnu++20";
				CLANG_ENABLE_MODULES = YES;
				CLANG_ENABLE_OBJC_ARC = YES;
				CLANG_ENABLE_OBJC_WEAK = YES;
				CLANG_WARN_BLOCK_CAPTURE_AUTORELEASING = YES;
				CLANG_WARN_BOOL_CONVERSION = YES;
				CLANG_WARN_COMMA = YES;
				CLANG_WARN_CONSTANT_CONVERSION = YES;
				CLANG_WARN_DEPRECATED_OBJC_IMPLEMENTATIONS = YES;
				CLANG_WARN_DIRECT_OBJC_ISA_USAGE = YES_ERROR;
				CLANG_WARN_DOCUMENTATION_COMMENTS = YES;
				CLANG_WARN_EMPTY_BODY = YES;
				CLANG_WARN_ENUM_CONVERSION = YES;
				CLANG_WARN_INFINITE_RECURSION = YES;
				CLANG_WARN_INT_CONVERSION = YES;
				CLANG_WARN_NON_LITERAL_NULL_CONVERSION = YES;
				CLANG_WARN_OBJC_IMPLICIT_RETAIN_SELF = YES;
				CLANG_WARN_OBJC_LITERAL_CONVERSION = YES;
				CLANG_WARN_OBJC_ROOT_CLASS = YES_ERROR;
				CLANG_WARN_QUOTED_INCLUDE_IN_FRAMEWORK_HEADER = YES;
				CLANG_WARN_RANGE_LOOP_ANALYSIS = YES;
				CLANG_WARN_STRICT_PROTOTYPES = YES;
				CLANG_WARN_SUSPICIOUS_MOVE = YES;
				CLANG_WARN_UNGUARDED_AVAILABILITY = YES_AGGRESSIVE;
				CLANG_WARN_UNREACHABLE_CODE = YES;
				CLANG_WARN__DUPLICATE_METHOD_MATCH = YES;
				COPY_PHASE_STRIP = NO;
				DEBUG_INFORMATION_FORMAT = dwarf;
				ENABLE_STRICT_OBJC_MSGSEND = YES;
				ENABLE_TESTABILITY = YES;
				ENABLE_USER_SCRIPT_SANDBOXING = YES;
				GCC_C_LANGUAGE_STANDARD = gnu17;
				GCC_DYNAMIC_NO_PIC = NO;
				GCC_NO_COMMON_BLOCKS = YES;
				GCC_OPTIMIZATION_LEVEL = 0;
				GCC_PREPROCESSOR_DEFINITIONS = (
					"DEBUG=1",
					"$(inherited)",
				);
				GCC_WARN_64_TO_32_BIT_CONVERSION = YES;
				GCC_WARN_ABOUT_RETURN_TYPE = YES_ERROR;
				GCC_WARN_UNDECLARED_SELECTOR = YES;
				GCC_WARN_UNINITIALIZED_AUTOS = YES_AGGRESSIVE;
				GCC_WARN_UNUSED_FUNCTION = YES;
				GCC_WARN_UNUSED_VARIABLE = YES;
				IPHONEOS_DEPLOYMENT_TARGET = 17.5;
				LOCALIZATION_PREFERS_STRING_CATALOGS = YES;
				MTL_ENABLE_DEBUG_INFO = INCLUDE_SOURCE;
				MTL_FAST_MATH = YES;
				ONLY_ACTIVE_ARCH = YES;
				SDKROOT = iphoneos;
				SWIFT_ACTIVE_COMPILATION_CONDITIONS = "DEBUG $(inherited)";
				SWIFT_OPTIMIZATION_LEVEL = "-Onone";
			};
			name = Debug;
		};
		F04628822C88A759008FB346 /* Release */ = {
			isa = XCBuildConfiguration;
			buildSettings = {
				ALWAYS_SEARCH_USER_PATHS = NO;
				ASSETCATALOG_COMPILER_GENERATE_SWIFT_ASSET_SYMBOL_EXTENSIONS = YES;
				CLANG_ANALYZER_NONNULL = YES;
				CLANG_ANALYZER_NUMBER_OBJECT_CONVERSION = YES_AGGRESSIVE;
				CLANG_CXX_LANGUAGE_STANDARD = "gnu++20";
				CLANG_ENABLE_MODULES = YES;
				CLANG_ENABLE_OBJC_ARC = YES;
				CLANG_ENABLE_OBJC_WEAK = YES;
				CLANG_WARN_BLOCK_CAPTURE_AUTORELEASING = YES;
				CLANG_WARN_BOOL_CONVERSION = YES;
				CLANG_WARN_COMMA = YES;
				CLANG_WARN_CONSTANT_CONVERSION = YES;
				CLANG_WARN_DEPRECATED_OBJC_IMPLEMENTATIONS = YES;
				CLANG_WARN_DIRECT_OBJC_ISA_USAGE = YES_ERROR;
				CLANG_WARN_DOCUMENTATION_COMMENTS = YES;
				CLANG_WARN_EMPTY_BODY = YES;
				CLANG_WARN_ENUM_CONVERSION = YES;
				CLANG_WARN_INFINITE_RECURSION = YES;
				CLANG_WARN_INT_CONVERSION = YES;
				CLANG_WARN_NON_LITERAL_NULL_CONVERSION = YES;
				CLANG_WARN_OBJC_IMPLICIT_RETAIN_SELF = YES;
				CLANG_WARN_OBJC_LITERAL_CONVERSION = YES;
				CLANG_WARN_OBJC_ROOT_CLASS = YES_ERROR;
				CLANG_WARN_QUOTED_INCLUDE_IN_FRAMEWORK_HEADER = YES;
				CLANG_WARN_RANGE_LOOP_ANALYSIS = YES;
				CLANG_WARN_STRICT_PROTOTYPES = YES;
				CLANG_WARN_SUSPICIOUS_MOVE = YES;
				CLANG_WARN_UNGUARDED_AVAILABILITY = YES_AGGRESSIVE;
				CLANG_WARN_UNREACHABLE_CODE = YES;
				CLANG_WARN__DUPLICATE_METHOD_MATCH = YES;
				COPY_PHASE_STRIP = NO;
				DEBUG_INFORMATION_FORMAT = "dwarf-with-dsym";
				ENABLE_NS_ASSERTIONS = NO;
				ENABLE_STRICT_OBJC_MSGSEND = YES;
				ENABLE_USER_SCRIPT_SANDBOXING = YES;
				GCC_C_LANGUAGE_STANDARD = gnu17;
				GCC_NO_COMMON_BLOCKS = YES;
				GCC_WARN_64_TO_32_BIT_CONVERSION = YES;
				GCC_WARN_ABOUT_RETURN_TYPE = YES_ERROR;
				GCC_WARN_UNDECLARED_SELECTOR = YES;
				GCC_WARN_UNINITIALIZED_AUTOS = YES_AGGRESSIVE;
				GCC_WARN_UNUSED_FUNCTION = YES;
				GCC_WARN_UNUSED_VARIABLE = YES;
				IPHONEOS_DEPLOYMENT_TARGET = 17.5;
				LOCALIZATION_PREFERS_STRING_CATALOGS = YES;
				MTL_ENABLE_DEBUG_INFO = NO;
				MTL_FAST_MATH = YES;
				SDKROOT = iphoneos;
				SWIFT_COMPILATION_MODE = wholemodule;
				VALIDATE_PRODUCT = YES;
			};
			name = Release;
		};
		F04628842C88A759008FB346 /* Debug */ = {
			isa = XCBuildConfiguration;
			buildSettings = {
				ASSETCATALOG_COMPILER_APPICON_NAME = AppIcon;
				ASSETCATALOG_COMPILER_GLOBAL_ACCENT_COLOR_NAME = AccentColor;
				CODE_SIGN_STYLE = Automatic;
				CURRENT_PROJECT_VERSION = 1;
				DEVELOPMENT_ASSET_PATHS = "\"Sports-Almanach/Preview Content\"";
				ENABLE_PREVIEWS = YES;
				GENERATE_INFOPLIST_FILE = YES;
				INFOPLIST_KEY_UIApplicationSceneManifest_Generation = YES;
				INFOPLIST_KEY_UIApplicationSupportsIndirectInputEvents = YES;
				INFOPLIST_KEY_UILaunchScreen_Generation = YES;
				INFOPLIST_KEY_UISupportedInterfaceOrientations_iPad = "UIInterfaceOrientationPortrait UIInterfaceOrientationPortraitUpsideDown UIInterfaceOrientationLandscapeLeft UIInterfaceOrientationLandscapeRight";
				INFOPLIST_KEY_UISupportedInterfaceOrientations_iPhone = "UIInterfaceOrientationPortrait UIInterfaceOrientationLandscapeLeft UIInterfaceOrientationLandscapeRight";
				LD_RUNPATH_SEARCH_PATHS = (
					"$(inherited)",
					"@executable_path/Frameworks",
				);
				MARKETING_VERSION = 1.0;
				PRODUCT_BUNDLE_IDENTIFIER = "com.aidata.Sports-Almanach";
				PRODUCT_NAME = "$(TARGET_NAME)";
				SWIFT_EMIT_LOC_STRINGS = YES;
				SWIFT_VERSION = 5.0;
				TARGETED_DEVICE_FAMILY = "1,2";
			};
			name = Debug;
		};
		F04628852C88A759008FB346 /* Release */ = {
			isa = XCBuildConfiguration;
			buildSettings = {
				ASSETCATALOG_COMPILER_APPICON_NAME = AppIcon;
				ASSETCATALOG_COMPILER_GLOBAL_ACCENT_COLOR_NAME = AccentColor;
				CODE_SIGN_STYLE = Automatic;
				CURRENT_PROJECT_VERSION = 1;
				DEVELOPMENT_ASSET_PATHS = "\"Sports-Almanach/Preview Content\"";
				ENABLE_PREVIEWS = YES;
				GENERATE_INFOPLIST_FILE = YES;
				INFOPLIST_KEY_UIApplicationSceneManifest_Generation = YES;
				INFOPLIST_KEY_UIApplicationSupportsIndirectInputEvents = YES;
				INFOPLIST_KEY_UILaunchScreen_Generation = YES;
				INFOPLIST_KEY_UISupportedInterfaceOrientations_iPad = "UIInterfaceOrientationPortrait UIInterfaceOrientationPortraitUpsideDown UIInterfaceOrientationLandscapeLeft UIInterfaceOrientationLandscapeRight";
				INFOPLIST_KEY_UISupportedInterfaceOrientations_iPhone = "UIInterfaceOrientationPortrait UIInterfaceOrientationLandscapeLeft UIInterfaceOrientationLandscapeRight";
				LD_RUNPATH_SEARCH_PATHS = (
					"$(inherited)",
					"@executable_path/Frameworks",
				);
				MARKETING_VERSION = 1.0;
				PRODUCT_BUNDLE_IDENTIFIER = "com.aidata.Sports-Almanach";
				PRODUCT_NAME = "$(TARGET_NAME)";
				SWIFT_EMIT_LOC_STRINGS = YES;
				SWIFT_VERSION = 5.0;
				TARGETED_DEVICE_FAMILY = "1,2";
			};
			name = Release;
		};
/* End XCBuildConfiguration section */

/* Begin XCConfigurationList section */
		F04628702C88A757008FB346 /* Build configuration list for PBXProject "Sports-Almanach" */ = {
			isa = XCConfigurationList;
			buildConfigurations = (
				F04628812C88A759008FB346 /* Debug */,
				F04628822C88A759008FB346 /* Release */,
			);
			defaultConfigurationIsVisible = 0;
			defaultConfigurationName = Release;
		};
		F04628832C88A759008FB346 /* Build configuration list for PBXNativeTarget "Sports-Almanach" */ = {
			isa = XCConfigurationList;
			buildConfigurations = (
				F04628842C88A759008FB346 /* Debug */,
				F04628852C88A759008FB346 /* Release */,
			);
			defaultConfigurationIsVisible = 0;
			defaultConfigurationName = Release;
		};
/* End XCConfigurationList section */
	};
	rootObject = F046286D2C88A757008FB346 /* Project object */;
}
